
Microsoft Visual Studio Solution File, Format Version 12.00
# Visual Studio 15
VisualStudioVersion = 15.0.26228.9
MinimumVisualStudioVersion = 10.0.40219.1
Project("{8BC9CEB8-8B4A-11D0-8D11-00A0C91BC942}") = "Plotter", "Plotter\Plotter.vcxproj", "{AB8D0B94-F0C2-4593-8509-E31E8132D1E1}"
	ProjectSection(ProjectDependencies) = postProject
		{65F3EA50-71B8-4573-8D35-786D97FDFA91} = {65F3EA50-71B8-4573-8D35-786D97FDFA91}
	EndProjectSection
EndProject
Project("{8BC9CEB8-8B4A-11D0-8D11-00A0C91BC942}") = "StepperOnly", "StepperOnly\MyStepperOnly.vcxproj", "{C930BEDB-0DC2-4794-B9E3-A4111CAC6E78}"
	ProjectSection(ProjectDependencies) = postProject
		{65F3EA50-71B8-4573-8D35-786D97FDFA91} = {65F3EA50-71B8-4573-8D35-786D97FDFA91}
	EndProjectSection
EndProject
Project("{8BC9CEB8-8B4A-11D0-8D11-00A0C91BC942}") = "ProxxonMF70", "ProxxonMF70\ProxxonMF70.vcxproj", "{0C24E926-E2FD-4349-8E0C-847B75167584}"
	ProjectSection(ProjectDependencies) = postProject
		{65F3EA50-71B8-4573-8D35-786D97FDFA91} = {65F3EA50-71B8-4573-8D35-786D97FDFA91}
	EndProjectSection
EndProject
Project("{8BC9CEB8-8B4A-11D0-8D11-00A0C91BC942}") = "StepperSystem", "StepperSystem\StepperSystem.vcxproj", "{65F3EA50-71B8-4573-8D35-786D97FDFA91}"
EndProject
Project("{8BC9CEB8-8B4A-11D0-8D11-00A0C91BC942}") = "MiniCNC", "MiniCNC\MiniCNC.vcxproj", "{EE249357-B4C2-4661-AAC8-E1B85C9F53A5}"
	ProjectSection(ProjectDependencies) = postProject
		{65F3EA50-71B8-4573-8D35-786D97FDFA91} = {65F3EA50-71B8-4573-8D35-786D97FDFA91}
	EndProjectSection
EndProject
Project("{8BC9CEB8-8B4A-11D0-8D11-00A0C91BC942}") = "KK1000S", "KK1000S\KK1000S.vcxproj", "{D675EE33-54A4-4F2E-99DA-E3950355E5D3}"
	ProjectSection(ProjectDependencies) = postProject
		{65F3EA50-71B8-4573-8D35-786D97FDFA91} = {65F3EA50-71B8-4573-8D35-786D97FDFA91}
	EndProjectSection
EndProject
Project("{8BC9CEB8-8B4A-11D0-8D11-00A0C91BC942}") = "iRobot", "iRobot\iRobot.vcxproj", "{EF7D9999-7307-4B61-BD62-47D22359D45F}"
	ProjectSection(ProjectDependencies) = postProject
		{65F3EA50-71B8-4573-8D35-786D97FDFA91} = {65F3EA50-71B8-4573-8D35-786D97FDFA91}
	EndProjectSection
EndProject
Project("{8BC9CEB8-8B4A-11D0-8D11-00A0C91BC942}") = "iRobotTest", "iRobotTest\iRobotTest.vcxproj", "{755B74E6-6405-4BA4-AF8E-3C0439E011F0}"
	ProjectSection(ProjectDependencies) = postProject
		{65F3EA50-71B8-4573-8D35-786D97FDFA91} = {65F3EA50-71B8-4573-8D35-786D97FDFA91}
	EndProjectSection
EndProject
Project("{8BC9CEB8-8B4A-11D0-8D11-00A0C91BC942}") = "Laser", "Laser\Laser.vcxproj", "{355BE445-AFED-4EC0-8934-11196FA8F795}"
	ProjectSection(ProjectDependencies) = postProject
		{65F3EA50-71B8-4573-8D35-786D97FDFA91} = {65F3EA50-71B8-4573-8D35-786D97FDFA91}
	EndProjectSection
EndProject
Project("{8BC9CEB8-8B4A-11D0-8D11-00A0C91BC942}") = "DCK40Laser", "DCK40Laser\DCK40Laser.vcxproj", "{D587A148-D321-46F5-8AD4-88D3208A7469}"
	ProjectSection(ProjectDependencies) = postProject
		{65F3EA50-71B8-4573-8D35-786D97FDFA91} = {65F3EA50-71B8-4573-8D35-786D97FDFA91}
	EndProjectSection
EndProject
Project("{8BC9CEB8-8B4A-11D0-8D11-00A0C91BC942}") = "MiniLaser", "MiniLaser\MiniLaser.vcxproj", "{2DD9D50F-98A1-4191-B32F-A2D06ABAD5A1}"
	ProjectSection(ProjectDependencies) = postProject
		{65F3EA50-71B8-4573-8D35-786D97FDFA91} = {65F3EA50-71B8-4573-8D35-786D97FDFA91}
	EndProjectSection
EndProject
Project("{8BC9CEB8-8B4A-11D0-8D11-00A0C91BC942}") = "DCK40LaserWatchDog", "DCK40LaserWatchDog\DCK40LaserWatchDog.vcxproj", "{DE09D7D5-1431-4CF4-A638-C46D81F4AD36}"
	ProjectSection(ProjectDependencies) = postProject
		{65F3EA50-71B8-4573-8D35-786D97FDFA91} = {65F3EA50-71B8-4573-8D35-786D97FDFA91}
	EndProjectSection
EndProject
Project("{8BC9CEB8-8B4A-11D0-8D11-00A0C91BC942}") = "StepperSystem.Test", "StepperSystem.Test\StepperSystem.Test.vcxproj", "{7E085396-CAAC-458E-B04C-0DBF14811025}"
	ProjectSection(ProjectDependencies) = postProject
		{65F3EA50-71B8-4573-8D35-786D97FDFA91} = {65F3EA50-71B8-4573-8D35-786D97FDFA91}
	EndProjectSection
EndProject
Global
	GlobalSection(SolutionConfigurationPlatforms) = preSolution
		Debug|Win32 = Debug|Win32
		Debug|x64 = Debug|x64
		Release|Win32 = Release|Win32
		Release|x64 = Release|x64
	EndGlobalSection
	GlobalSection(ProjectConfigurationPlatforms) = postSolution
		{AB8D0B94-F0C2-4593-8509-E31E8132D1E1}.Debug|Win32.ActiveCfg = Debug|Win32
		{AB8D0B94-F0C2-4593-8509-E31E8132D1E1}.Debug|Win32.Build.0 = Debug|Win32
		{AB8D0B94-F0C2-4593-8509-E31E8132D1E1}.Debug|x64.ActiveCfg = Debug|Win32
		{AB8D0B94-F0C2-4593-8509-E31E8132D1E1}.Release|Win32.ActiveCfg = Release|Win32
		{AB8D0B94-F0C2-4593-8509-E31E8132D1E1}.Release|Win32.Build.0 = Release|Win32
		{AB8D0B94-F0C2-4593-8509-E31E8132D1E1}.Release|x64.ActiveCfg = Release|Win32
		{C930BEDB-0DC2-4794-B9E3-A4111CAC6E78}.Debug|Win32.ActiveCfg = Debug|Win32
		{C930BEDB-0DC2-4794-B9E3-A4111CAC6E78}.Debug|Win32.Build.0 = Debug|Win32
		{C930BEDB-0DC2-4794-B9E3-A4111CAC6E78}.Debug|x64.ActiveCfg = Debug|Win32
		{C930BEDB-0DC2-4794-B9E3-A4111CAC6E78}.Release|Win32.ActiveCfg = Release|Win32
		{C930BEDB-0DC2-4794-B9E3-A4111CAC6E78}.Release|Win32.Build.0 = Release|Win32
		{C930BEDB-0DC2-4794-B9E3-A4111CAC6E78}.Release|x64.ActiveCfg = Release|Win32
		{0C24E926-E2FD-4349-8E0C-847B75167584}.Debug|Win32.ActiveCfg = Debug|Win32
		{0C24E926-E2FD-4349-8E0C-847B75167584}.Debug|Win32.Build.0 = Debug|Win32
		{0C24E926-E2FD-4349-8E0C-847B75167584}.Debug|x64.ActiveCfg = Debug|Win32
		{0C24E926-E2FD-4349-8E0C-847B75167584}.Release|Win32.ActiveCfg = Release|Win32
		{0C24E926-E2FD-4349-8E0C-847B75167584}.Release|Win32.Build.0 = Release|Win32
		{0C24E926-E2FD-4349-8E0C-847B75167584}.Release|x64.ActiveCfg = Release|Win32
		{65F3EA50-71B8-4573-8D35-786D97FDFA91}.Debug|Win32.ActiveCfg = Debug|Win32
		{65F3EA50-71B8-4573-8D35-786D97FDFA91}.Debug|Win32.Build.0 = Debug|Win32
		{65F3EA50-71B8-4573-8D35-786D97FDFA91}.Debug|x64.ActiveCfg = Debug|Win32
		{65F3EA50-71B8-4573-8D35-786D97FDFA91}.Release|Win32.ActiveCfg = Release|Win32
		{65F3EA50-71B8-4573-8D35-786D97FDFA91}.Release|Win32.Build.0 = Release|Win32
		{65F3EA50-71B8-4573-8D35-786D97FDFA91}.Release|x64.ActiveCfg = Release|Win32
		{EE249357-B4C2-4661-AAC8-E1B85C9F53A5}.Debug|Win32.ActiveCfg = Debug|Win32
		{EE249357-B4C2-4661-AAC8-E1B85C9F53A5}.Debug|Win32.Build.0 = Debug|Win32
		{EE249357-B4C2-4661-AAC8-E1B85C9F53A5}.Debug|x64.ActiveCfg = Debug|Win32
		{EE249357-B4C2-4661-AAC8-E1B85C9F53A5}.Release|Win32.ActiveCfg = Release|Win32
		{EE249357-B4C2-4661-AAC8-E1B85C9F53A5}.Release|Win32.Build.0 = Release|Win32
		{EE249357-B4C2-4661-AAC8-E1B85C9F53A5}.Release|x64.ActiveCfg = Release|Win32
		{D675EE33-54A4-4F2E-99DA-E3950355E5D3}.Debug|Win32.ActiveCfg = Debug|Win32
		{D675EE33-54A4-4F2E-99DA-E3950355E5D3}.Debug|Win32.Build.0 = Debug|Win32
		{D675EE33-54A4-4F2E-99DA-E3950355E5D3}.Debug|x64.ActiveCfg = Debug|Win32
		{D675EE33-54A4-4F2E-99DA-E3950355E5D3}.Release|Win32.ActiveCfg = Release|Win32
		{D675EE33-54A4-4F2E-99DA-E3950355E5D3}.Release|Win32.Build.0 = Release|Win32
		{D675EE33-54A4-4F2E-99DA-E3950355E5D3}.Release|x64.ActiveCfg = Release|Win32
		{EF7D9999-7307-4B61-BD62-47D22359D45F}.Debug|Win32.ActiveCfg = Debug|Win32
		{EF7D9999-7307-4B61-BD62-47D22359D45F}.Debug|Win32.Build.0 = Debug|Win32
		{EF7D9999-7307-4B61-BD62-47D22359D45F}.Debug|x64.ActiveCfg = Debug|Win32
		{EF7D9999-7307-4B61-BD62-47D22359D45F}.Release|Win32.ActiveCfg = Release|Win32
		{EF7D9999-7307-4B61-BD62-47D22359D45F}.Release|Win32.Build.0 = Release|Win32
		{EF7D9999-7307-4B61-BD62-47D22359D45F}.Release|x64.ActiveCfg = Release|Win32
		{755B74E6-6405-4BA4-AF8E-3C0439E011F0}.Debug|Win32.ActiveCfg = Debug|Win32
		{755B74E6-6405-4BA4-AF8E-3C0439E011F0}.Debug|Win32.Build.0 = Debug|Win32
		{755B74E6-6405-4BA4-AF8E-3C0439E011F0}.Debug|x64.ActiveCfg = Debug|Win32
		{755B74E6-6405-4BA4-AF8E-3C0439E011F0}.Release|Win32.ActiveCfg = Release|Win32
		{755B74E6-6405-4BA4-AF8E-3C0439E011F0}.Release|Win32.Build.0 = Release|Win32
		{755B74E6-6405-4BA4-AF8E-3C0439E011F0}.Release|x64.ActiveCfg = Release|Win32
		{355BE445-AFED-4EC0-8934-11196FA8F795}.Debug|Win32.ActiveCfg = Debug|Win32
		{355BE445-AFED-4EC0-8934-11196FA8F795}.Debug|Win32.Build.0 = Debug|Win32
		{355BE445-AFED-4EC0-8934-11196FA8F795}.Debug|x64.ActiveCfg = Debug|Win32
		{355BE445-AFED-4EC0-8934-11196FA8F795}.Release|Win32.ActiveCfg = Release|Win32
		{355BE445-AFED-4EC0-8934-11196FA8F795}.Release|Win32.Build.0 = Release|Win32
		{355BE445-AFED-4EC0-8934-11196FA8F795}.Release|x64.ActiveCfg = Release|Win32
		{D587A148-D321-46F5-8AD4-88D3208A7469}.Debug|Win32.ActiveCfg = Debug|Win32
		{D587A148-D321-46F5-8AD4-88D3208A7469}.Debug|Win32.Build.0 = Debug|Win32
		{D587A148-D321-46F5-8AD4-88D3208A7469}.Debug|x64.ActiveCfg = Debug|Win32
		{D587A148-D321-46F5-8AD4-88D3208A7469}.Release|Win32.ActiveCfg = Release|Win32
		{D587A148-D321-46F5-8AD4-88D3208A7469}.Release|Win32.Build.0 = Release|Win32
		{D587A148-D321-46F5-8AD4-88D3208A7469}.Release|x64.ActiveCfg = Release|Win32
		{2DD9D50F-98A1-4191-B32F-A2D06ABAD5A1}.Debug|Win32.ActiveCfg = Debug|Win32
		{2DD9D50F-98A1-4191-B32F-A2D06ABAD5A1}.Debug|Win32.Build.0 = Debug|Win32
		{2DD9D50F-98A1-4191-B32F-A2D06ABAD5A1}.Debug|x64.ActiveCfg = Debug|Win32
		{2DD9D50F-98A1-4191-B32F-A2D06ABAD5A1}.Release|Win32.ActiveCfg = Release|Win32
		{2DD9D50F-98A1-4191-B32F-A2D06ABAD5A1}.Release|Win32.Build.0 = Release|Win32
		{2DD9D50F-98A1-4191-B32F-A2D06ABAD5A1}.Release|x64.ActiveCfg = Release|Win32
		{DE09D7D5-1431-4CF4-A638-C46D81F4AD36}.Debug|Win32.ActiveCfg = Debug|Win32
		{DE09D7D5-1431-4CF4-A638-C46D81F4AD36}.Debug|Win32.Build.0 = Debug|Win32
		{DE09D7D5-1431-4CF4-A638-C46D81F4AD36}.Debug|x64.ActiveCfg = Debug|Win32
		{DE09D7D5-1431-4CF4-A638-C46D81F4AD36}.Release|Win32.ActiveCfg = Release|Win32
		{DE09D7D5-1431-4CF4-A638-C46D81F4AD36}.Release|Win32.Build.0 = Release|Win32
		{DE09D7D5-1431-4CF4-A638-C46D81F4AD36}.Release|x64.ActiveCfg = Release|Win32
		{7E085396-CAAC-458E-B04C-0DBF14811025}.Debug|Win32.ActiveCfg = Debug|Win32
		{7E085396-CAAC-458E-B04C-0DBF14811025}.Debug|Win32.Build.0 = Debug|Win32
		{7E085396-CAAC-458E-B04C-0DBF14811025}.Debug|x64.ActiveCfg = Debug|x64
		{7E085396-CAAC-458E-B04C-0DBF14811025}.Debug|x64.Build.0 = Debug|x64
		{7E085396-CAAC-458E-B04C-0DBF14811025}.Release|Win32.ActiveCfg = Release|Win32
		{7E085396-CAAC-458E-B04C-0DBF14811025}.Release|Win32.Build.0 = Release|Win32
		{7E085396-CAAC-458E-B04C-0DBF14811025}.Release|x64.ActiveCfg = Release|x64
		{7E085396-CAAC-458E-B04C-0DBF14811025}.Release|x64.Build.0 = Release|x64
	EndGlobalSection
	GlobalSection(SolutionProperties) = preSolution
		HideSolutionNode = FALSE
	EndGlobalSection
EndGlobal
