
Microsoft Visual Studio Solution File, Format Version 12.00
# Visual Studio 14
VisualStudioVersion = 14.0.25123.0
MinimumVisualStudioVersion = 10.0.40219.1
Project("{FAE04EC0-301F-11D3-BF4B-00C04F79EFBC}") = "CNCLib.Logic", "CNCLib.Logic\CNCLib.Logic.csproj", "{36B9838B-493F-4BAC-A8D3-35298C4FFDC7}"
EndProject
Project("{FAE04EC0-301F-11D3-BF4B-00C04F79EFBC}") = "Framework.Logic", "..\Framework\Framework.Logic\Framework.Logic.csproj", "{081814DA-ADC7-4B65-AE16-856C1B3D3CE8}"
EndProject
Project("{FAE04EC0-301F-11D3-BF4B-00C04F79EFBC}") = "Framework.Tools", "..\Framework\Framework.Tools\Framework.Tools.csproj", "{580E882D-3267-43F2-8A73-6737CAC731C2}"
EndProject
Project("{FAE04EC0-301F-11D3-BF4B-00C04F79EFBC}") = "Framework.Wpf", "..\Framework\Framework.Wpf\Framework.Wpf.csproj", "{8568383E-054D-4882-8D6A-B956684CFAAE}"
EndProject
Project("{FAE04EC0-301F-11D3-BF4B-00C04F79EFBC}") = "CNCLib.Wpf", "CNCLib.Wpf\CNCLib.Wpf.csproj", "{60555245-D32E-4A94-AB0E-CB2A6693A9BA}"
EndProject
Project("{FAE04EC0-301F-11D3-BF4B-00C04F79EFBC}") = "CNCLib.GCode", "CNCLib.GCode\CNCLib.GCode.csproj", "{F9C446F4-6365-4189-95C5-009EF0160882}"
EndProject
Project("{FAE04EC0-301F-11D3-BF4B-00C04F79EFBC}") = "CNCLib.GUI", "CNCLib.GUI\CNCLib.GUI.csproj", "{55108499-FAC2-4F19-B88E-9E240CCCBD60}"
EndProject
Project("{FAE04EC0-301F-11D3-BF4B-00C04F79EFBC}") = "CNCLib.Repository", "CNCLib.Repository\CNCLib.Repository.csproj", "{D689CD99-A022-4F38-8AE1-A269C82A729C}"
EndProject
Project("{FAE04EC0-301F-11D3-BF4B-00C04F79EFBC}") = "CNCLib.Tests", "CNCLib.Tests\CNCLib.Tests.csproj", "{E73BAF77-EAF6-41F0-BF6A-FF6F5BC71062}"
EndProject
Project("{FAE04EC0-301F-11D3-BF4B-00C04F79EFBC}") = "Framework.EF", "..\Framework\Framework.EF\Framework.EF.csproj", "{E768F2ED-C63D-401E-A090-1C0465A84DF5}"
EndProject
Project("{FAE04EC0-301F-11D3-BF4B-00C04F79EFBC}") = "CNCLib.Wpf.Start", "CNCLib.Wpf.Start\CNCLib.Wpf.Start.csproj", "{D6077813-9EAF-4807-B4AA-EF00BCCE9827}"
EndProject
Project("{FAE04EC0-301F-11D3-BF4B-00C04F79EFBC}") = "Framework.Arduino", "..\Framework\Framework.Arduino\Framework.Arduino.csproj", "{77F5A48D-E908-4A95-A09E-771E8BE8817B}"
EndProject
Project("{2150E333-8FDC-42A3-9474-1A3956D46DE8}") = "Solution Items", "Solution Items", "{0942B8A6-0C1A-47A0-B67F-C98979BA830C}"
	ProjectSection(SolutionItems) = preProject
		CNCLibAssemblyInfo.cs = CNCLibAssemblyInfo.cs
		..\Framework\FrameworkAssemblyInfo.cs = ..\Framework\FrameworkAssemblyInfo.cs
	EndProjectSection
EndProject
Project("{FAE04EC0-301F-11D3-BF4B-00C04F79EFBC}") = "CNCLib.Repository.Contracts", "CNCLib.Repository.Contracts\CNCLib.Repository.Contracts.csproj", "{0ECC8284-505B-43CC-9DF9-AC5D5EEF786A}"
EndProject
Project("{FAE04EC0-301F-11D3-BF4B-00C04F79EFBC}") = "CNCLib.Logic.Contracts", "CNCLib.Logic.Contracts\CNCLib.Logic.Contracts.csproj", "{08D4C722-AD44-4BA4-BFF6-D5F00B2BE561}"
EndProject
Project("{FAE04EC0-301F-11D3-BF4B-00C04F79EFBC}") = "Framework.Test", "..\Framework\Framework.Test\Framework.Test.csproj", "{BBECB408-5426-4CE7-B7B6-970BDE436486}"
EndProject
Project("{FAE04EC0-301F-11D3-BF4B-00C04F79EFBC}") = "CNCLib.WebAPI", "CNCLib.WebAPI\CNCLib.WebAPI.csproj", "{DA845EDE-FADC-455C-AEF7-D1844B258784}"
EndProject
Project("{FAE04EC0-301F-11D3-BF4B-00C04F79EFBC}") = "CNCLib.WebAPI.Tests", "CNCLib.WebAPI.Tests\CNCLib.WebAPI.Tests.csproj", "{6D3326B2-794C-48FD-B351-483D721BD0F9}"
EndProject
Project("{2150E333-8FDC-42A3-9474-1A3956D46DE8}") = "PublishScripts", "PublishScripts", "{CEB14D54-F5E6-4001-BDB3-4FBA632A7778}"
EndProject
Project("{2150E333-8FDC-42A3-9474-1A3956D46DE8}") = "Scripts", "Scripts", "{A7A23498-5B70-4D17-A723-0CE3E0FB2096}"
	ProjectSection(SolutionItems) = preProject
		PublishScripts\Scripts\Deploy-AzureResourceGroup.ps1 = PublishScripts\Scripts\Deploy-AzureResourceGroup.ps1
	EndProjectSection
EndProject
Project("{2150E333-8FDC-42A3-9474-1A3956D46DE8}") = "Templates", "Templates", "{6FD6A784-F8DD-4B9A-B91C-4D1E767F0B65}"
	ProjectSection(SolutionItems) = preProject
		PublishScripts\Templates\CNCLibWeb.json = PublishScripts\Templates\CNCLibWeb.json
		PublishScripts\Templates\CNCLibWeb.param.dev.json = PublishScripts\Templates\CNCLibWeb.param.dev.json
	EndProjectSection
EndProject
Project("{FAE04EC0-301F-11D3-BF4B-00C04F79EFBC}") = "CNCLib.Web.MVC", "CNCLib.Web.MVC\CNCLib.Web.MVC.csproj", "{8A68676C-1E3D-4644-8415-43A7BE56DD9C}"
EndProject
Project("{FAE04EC0-301F-11D3-BF4B-00C04F79EFBC}") = "CNCLib.Web.MVC.Tests", "CNCLib.Web.MVC.Tests\CNCLib.Web.MVC.Tests.csproj", "{E4D8BE07-B098-4D9E-9636-1DAFF529D322}"
EndProject
Project("{FAE04EC0-301F-11D3-BF4B-00C04F79EFBC}") = "Framework.Web", "..\Framework\Framework.Web\Framework.Web.csproj", "{2E4BAA13-7562-4336-91A4-B8211816D936}"
EndProject
Global
	GlobalSection(SolutionConfigurationPlatforms) = preSolution
		Debug|Any CPU = Debug|Any CPU
		Release|Any CPU = Release|Any CPU
	EndGlobalSection
	GlobalSection(ProjectConfigurationPlatforms) = postSolution
		{36B9838B-493F-4BAC-A8D3-35298C4FFDC7}.Debug|Any CPU.ActiveCfg = Debug|Any CPU
		{36B9838B-493F-4BAC-A8D3-35298C4FFDC7}.Debug|Any CPU.Build.0 = Debug|Any CPU
		{36B9838B-493F-4BAC-A8D3-35298C4FFDC7}.Release|Any CPU.ActiveCfg = Release|Any CPU
		{36B9838B-493F-4BAC-A8D3-35298C4FFDC7}.Release|Any CPU.Build.0 = Release|Any CPU
		{081814DA-ADC7-4B65-AE16-856C1B3D3CE8}.Debug|Any CPU.ActiveCfg = Debug|Any CPU
		{081814DA-ADC7-4B65-AE16-856C1B3D3CE8}.Debug|Any CPU.Build.0 = Debug|Any CPU
		{081814DA-ADC7-4B65-AE16-856C1B3D3CE8}.Release|Any CPU.ActiveCfg = Release|Any CPU
		{081814DA-ADC7-4B65-AE16-856C1B3D3CE8}.Release|Any CPU.Build.0 = Release|Any CPU
		{580E882D-3267-43F2-8A73-6737CAC731C2}.Debug|Any CPU.ActiveCfg = Debug|Any CPU
		{580E882D-3267-43F2-8A73-6737CAC731C2}.Debug|Any CPU.Build.0 = Debug|Any CPU
		{580E882D-3267-43F2-8A73-6737CAC731C2}.Release|Any CPU.ActiveCfg = Release|Any CPU
		{580E882D-3267-43F2-8A73-6737CAC731C2}.Release|Any CPU.Build.0 = Release|Any CPU
		{8568383E-054D-4882-8D6A-B956684CFAAE}.Debug|Any CPU.ActiveCfg = Debug|Any CPU
		{8568383E-054D-4882-8D6A-B956684CFAAE}.Debug|Any CPU.Build.0 = Debug|Any CPU
		{8568383E-054D-4882-8D6A-B956684CFAAE}.Release|Any CPU.ActiveCfg = Release|Any CPU
		{8568383E-054D-4882-8D6A-B956684CFAAE}.Release|Any CPU.Build.0 = Release|Any CPU
		{60555245-D32E-4A94-AB0E-CB2A6693A9BA}.Debug|Any CPU.ActiveCfg = Debug|Any CPU
		{60555245-D32E-4A94-AB0E-CB2A6693A9BA}.Debug|Any CPU.Build.0 = Debug|Any CPU
		{60555245-D32E-4A94-AB0E-CB2A6693A9BA}.Release|Any CPU.ActiveCfg = Release|Any CPU
		{60555245-D32E-4A94-AB0E-CB2A6693A9BA}.Release|Any CPU.Build.0 = Release|Any CPU
		{F9C446F4-6365-4189-95C5-009EF0160882}.Debug|Any CPU.ActiveCfg = Debug|Any CPU
		{F9C446F4-6365-4189-95C5-009EF0160882}.Debug|Any CPU.Build.0 = Debug|Any CPU
		{F9C446F4-6365-4189-95C5-009EF0160882}.Release|Any CPU.ActiveCfg = Release|Any CPU
		{F9C446F4-6365-4189-95C5-009EF0160882}.Release|Any CPU.Build.0 = Release|Any CPU
		{55108499-FAC2-4F19-B88E-9E240CCCBD60}.Debug|Any CPU.ActiveCfg = Debug|Any CPU
		{55108499-FAC2-4F19-B88E-9E240CCCBD60}.Debug|Any CPU.Build.0 = Debug|Any CPU
		{55108499-FAC2-4F19-B88E-9E240CCCBD60}.Release|Any CPU.ActiveCfg = Release|Any CPU
		{55108499-FAC2-4F19-B88E-9E240CCCBD60}.Release|Any CPU.Build.0 = Release|Any CPU
		{D689CD99-A022-4F38-8AE1-A269C82A729C}.Debug|Any CPU.ActiveCfg = Debug|Any CPU
		{D689CD99-A022-4F38-8AE1-A269C82A729C}.Debug|Any CPU.Build.0 = Debug|Any CPU
		{D689CD99-A022-4F38-8AE1-A269C82A729C}.Release|Any CPU.ActiveCfg = Release|Any CPU
		{D689CD99-A022-4F38-8AE1-A269C82A729C}.Release|Any CPU.Build.0 = Release|Any CPU
		{E73BAF77-EAF6-41F0-BF6A-FF6F5BC71062}.Debug|Any CPU.ActiveCfg = Debug|Any CPU
		{E73BAF77-EAF6-41F0-BF6A-FF6F5BC71062}.Debug|Any CPU.Build.0 = Debug|Any CPU
		{E73BAF77-EAF6-41F0-BF6A-FF6F5BC71062}.Release|Any CPU.ActiveCfg = Release|Any CPU
		{E73BAF77-EAF6-41F0-BF6A-FF6F5BC71062}.Release|Any CPU.Build.0 = Release|Any CPU
		{E768F2ED-C63D-401E-A090-1C0465A84DF5}.Debug|Any CPU.ActiveCfg = Debug|Any CPU
		{E768F2ED-C63D-401E-A090-1C0465A84DF5}.Debug|Any CPU.Build.0 = Debug|Any CPU
		{E768F2ED-C63D-401E-A090-1C0465A84DF5}.Release|Any CPU.ActiveCfg = Release|Any CPU
		{E768F2ED-C63D-401E-A090-1C0465A84DF5}.Release|Any CPU.Build.0 = Release|Any CPU
		{D6077813-9EAF-4807-B4AA-EF00BCCE9827}.Debug|Any CPU.ActiveCfg = Debug|Any CPU
		{D6077813-9EAF-4807-B4AA-EF00BCCE9827}.Debug|Any CPU.Build.0 = Debug|Any CPU
		{D6077813-9EAF-4807-B4AA-EF00BCCE9827}.Release|Any CPU.ActiveCfg = Release|Any CPU
		{D6077813-9EAF-4807-B4AA-EF00BCCE9827}.Release|Any CPU.Build.0 = Release|Any CPU
		{77F5A48D-E908-4A95-A09E-771E8BE8817B}.Debug|Any CPU.ActiveCfg = Debug|Any CPU
		{77F5A48D-E908-4A95-A09E-771E8BE8817B}.Debug|Any CPU.Build.0 = Debug|Any CPU
		{77F5A48D-E908-4A95-A09E-771E8BE8817B}.Release|Any CPU.ActiveCfg = Release|Any CPU
		{77F5A48D-E908-4A95-A09E-771E8BE8817B}.Release|Any CPU.Build.0 = Release|Any CPU
		{0ECC8284-505B-43CC-9DF9-AC5D5EEF786A}.Debug|Any CPU.ActiveCfg = Debug|Any CPU
		{0ECC8284-505B-43CC-9DF9-AC5D5EEF786A}.Debug|Any CPU.Build.0 = Debug|Any CPU
		{0ECC8284-505B-43CC-9DF9-AC5D5EEF786A}.Release|Any CPU.ActiveCfg = Release|Any CPU
		{0ECC8284-505B-43CC-9DF9-AC5D5EEF786A}.Release|Any CPU.Build.0 = Release|Any CPU
		{08D4C722-AD44-4BA4-BFF6-D5F00B2BE561}.Debug|Any CPU.ActiveCfg = Debug|Any CPU
		{08D4C722-AD44-4BA4-BFF6-D5F00B2BE561}.Debug|Any CPU.Build.0 = Debug|Any CPU
		{08D4C722-AD44-4BA4-BFF6-D5F00B2BE561}.Release|Any CPU.ActiveCfg = Release|Any CPU
		{08D4C722-AD44-4BA4-BFF6-D5F00B2BE561}.Release|Any CPU.Build.0 = Release|Any CPU
		{BBECB408-5426-4CE7-B7B6-970BDE436486}.Debug|Any CPU.ActiveCfg = Debug|Any CPU
		{BBECB408-5426-4CE7-B7B6-970BDE436486}.Debug|Any CPU.Build.0 = Debug|Any CPU
		{BBECB408-5426-4CE7-B7B6-970BDE436486}.Release|Any CPU.ActiveCfg = Release|Any CPU
		{BBECB408-5426-4CE7-B7B6-970BDE436486}.Release|Any CPU.Build.0 = Release|Any CPU
		{DA845EDE-FADC-455C-AEF7-D1844B258784}.Debug|Any CPU.ActiveCfg = Debug|Any CPU
		{DA845EDE-FADC-455C-AEF7-D1844B258784}.Debug|Any CPU.Build.0 = Debug|Any CPU
		{DA845EDE-FADC-455C-AEF7-D1844B258784}.Release|Any CPU.ActiveCfg = Release|Any CPU
		{DA845EDE-FADC-455C-AEF7-D1844B258784}.Release|Any CPU.Build.0 = Release|Any CPU
		{6D3326B2-794C-48FD-B351-483D721BD0F9}.Debug|Any CPU.ActiveCfg = Debug|Any CPU
		{6D3326B2-794C-48FD-B351-483D721BD0F9}.Debug|Any CPU.Build.0 = Debug|Any CPU
		{6D3326B2-794C-48FD-B351-483D721BD0F9}.Release|Any CPU.ActiveCfg = Release|Any CPU
		{6D3326B2-794C-48FD-B351-483D721BD0F9}.Release|Any CPU.Build.0 = Release|Any CPU
		{8A68676C-1E3D-4644-8415-43A7BE56DD9C}.Debug|Any CPU.ActiveCfg = Debug|Any CPU
		{8A68676C-1E3D-4644-8415-43A7BE56DD9C}.Debug|Any CPU.Build.0 = Debug|Any CPU
		{8A68676C-1E3D-4644-8415-43A7BE56DD9C}.Release|Any CPU.ActiveCfg = Release|Any CPU
		{8A68676C-1E3D-4644-8415-43A7BE56DD9C}.Release|Any CPU.Build.0 = Release|Any CPU
		{E4D8BE07-B098-4D9E-9636-1DAFF529D322}.Debug|Any CPU.ActiveCfg = Debug|Any CPU
		{E4D8BE07-B098-4D9E-9636-1DAFF529D322}.Debug|Any CPU.Build.0 = Debug|Any CPU
		{E4D8BE07-B098-4D9E-9636-1DAFF529D322}.Release|Any CPU.ActiveCfg = Release|Any CPU
		{E4D8BE07-B098-4D9E-9636-1DAFF529D322}.Release|Any CPU.Build.0 = Release|Any CPU
		{2E4BAA13-7562-4336-91A4-B8211816D936}.Debug|Any CPU.ActiveCfg = Debug|Any CPU
		{2E4BAA13-7562-4336-91A4-B8211816D936}.Debug|Any CPU.Build.0 = Debug|Any CPU
		{2E4BAA13-7562-4336-91A4-B8211816D936}.Release|Any CPU.ActiveCfg = Release|Any CPU
		{2E4BAA13-7562-4336-91A4-B8211816D936}.Release|Any CPU.Build.0 = Release|Any CPU
	EndGlobalSection
	GlobalSection(SolutionProperties) = preSolution
		HideSolutionNode = FALSE
	EndGlobalSection
	GlobalSection(NestedProjects) = preSolution
		{A7A23498-5B70-4D17-A723-0CE3E0FB2096} = {CEB14D54-F5E6-4001-BDB3-4FBA632A7778}
		{6FD6A784-F8DD-4B9A-B91C-4D1E767F0B65} = {CEB14D54-F5E6-4001-BDB3-4FBA632A7778}
	EndGlobalSection
EndGlobal
