<?xml version="1.0" encoding="utf-8"?>
<Project ToolsVersion="4.0" xmlns="http://schemas.microsoft.com/developer/msbuild/2003">
  <ItemGroup>
    <Filter Include="Source Files">
      <UniqueIdentifier>{4FC737F1-C7A5-4376-A066-2A32D752A2FF}</UniqueIdentifier>
      <Extensions>cpp;c;cc;cxx;def;odl;idl;hpj;bat;asm;asmx</Extensions>
    </Filter>
    <Filter Include="Tests">
      <UniqueIdentifier>{0c089c38-967e-4429-8b8f-02f255eff955}</UniqueIdentifier>
    </Filter>
  </ItemGroup>
  <ItemGroup>
    <ClInclude Include="stdafx.h">
      <Filter>Source Files</Filter>
    </ClInclude>
    <ClInclude Include="targetver.h">
      <Filter>Source Files</Filter>
    </ClInclude>
    <ClInclude Include="Matrix4x4Test.h">
      <Filter>Tests</Filter>
    </ClInclude>
    <ClInclude Include="RingBufferTest.h">
      <Filter>Tests</Filter>
    </ClInclude>
    <ClInclude Include="StepperTest.h">
      <Filter>Tests</Filter>
    </ClInclude>
    <ClInclude Include="TestClass.h">
      <Filter>Tests</Filter>
    </ClInclude>
    <ClInclude Include="ToStringTest.h">
      <Filter>Tests</Filter>
    </ClInclude>
    <ClInclude Include="LinearLookupTest.h">
      <Filter>Tests</Filter>
    </ClInclude>
  </ItemGroup>
  <ItemGroup>
    <ClCompile Include="stdafx.cpp">
      <Filter>Source Files</Filter>
    </ClCompile>
    <ClCompile Include="StepperTestMain.cpp">
      <Filter>Source Files</Filter>
    </ClCompile>
    <ClCompile Include="Matrix4x4Test.cpp">
      <Filter>Tests</Filter>
    </ClCompile>
    <ClCompile Include="RingBufferTest.cpp">
      <Filter>Tests</Filter>
    </ClCompile>
    <ClCompile Include="StepperTest.cpp">
      <Filter>Tests</Filter>
    </ClCompile>
    <ClCompile Include="TestClass.cpp">
      <Filter>Tests</Filter>
    </ClCompile>
    <ClCompile Include="ToStringTest.cpp">
      <Filter>Tests</Filter>
    </ClCompile>
    <ClCompile Include="LinearLookupTest.cpp">
      <Filter>Tests</Filter>
    </ClCompile>
  </ItemGroup>
</Project>