
Microsoft Visual Studio Solution File, Format Version 12.00
# Visual Studio 15
VisualStudioVersion = 15.0.27130.2027
MinimumVisualStudioVersion = 10.0.40219.1
Project("{9A19103F-16F7-4668-BE54-9A1E7A4F7556}") = "CNCLib.Logic", "CNCLib.Logic\CNCLib.Logic.csproj", "{36B9838B-493F-4BAC-A8D3-35298C4FFDC7}"
EndProject
Project("{9A19103F-16F7-4668-BE54-9A1E7A4F7556}") = "Framework.Logic", "..\Framework\Framework.Logic\Framework.Logic.csproj", "{081814DA-ADC7-4B65-AE16-856C1B3D3CE8}"
EndProject
Project("{9A19103F-16F7-4668-BE54-9A1E7A4F7556}") = "Framework.Tools", "..\Framework\Framework.Tools\Framework.Tools.csproj", "{580E882D-3267-43F2-8A73-6737CAC731C2}"
EndProject
Project("{9A19103F-16F7-4668-BE54-9A1E7A4F7556}") = "Framework.Wpf", "..\Framework\Framework.Wpf\Framework.Wpf.csproj", "{8568383E-054D-4882-8D6A-B956684CFAAE}"
EndProject
Project("{FAE04EC0-301F-11D3-BF4B-00C04F79EFBC}") = "CNCLib.Wpf", "CNCLib.Wpf\CNCLib.Wpf.csproj", "{60555245-D32E-4A94-AB0E-CB2A6693A9BA}"
EndProject
Project("{9A19103F-16F7-4668-BE54-9A1E7A4F7556}") = "CNCLib.GCode", "CNCLib.GCode\CNCLib.GCode.csproj", "{F9C446F4-6365-4189-95C5-009EF0160882}"
EndProject
Project("{FAE04EC0-301F-11D3-BF4B-00C04F79EFBC}") = "CNCLib.GCode.GUI", "CNCLib.GCode.GUI\CNCLib.GCode.GUI.csproj", "{55108499-FAC2-4F19-B88E-9E240CCCBD60}"
EndProject
Project("{9A19103F-16F7-4668-BE54-9A1E7A4F7556}") = "CNCLib.Repository", "CNCLib.Repository\CNCLib.Repository.csproj", "{D689CD99-A022-4F38-8AE1-A269C82A729C}"
EndProject
Project("{FAE04EC0-301F-11D3-BF4B-00C04F79EFBC}") = "CNCLib.Tests", "CNCLib.Tests\CNCLib.Tests.csproj", "{E73BAF77-EAF6-41F0-BF6A-FF6F5BC71062}"
EndProject
Project("{9A19103F-16F7-4668-BE54-9A1E7A4F7556}") = "Framework.EF", "..\Framework\Framework.EF\Framework.EF.csproj", "{E768F2ED-C63D-401E-A090-1C0465A84DF5}"
EndProject
Project("{FAE04EC0-301F-11D3-BF4B-00C04F79EFBC}") = "CNCLib.Wpf.Start", "CNCLib.Wpf.Start\CNCLib.Wpf.Start.csproj", "{D6077813-9EAF-4807-B4AA-EF00BCCE9827}"
EndProject
Project("{9A19103F-16F7-4668-BE54-9A1E7A4F7556}") = "Framework.Arduino", "..\Framework\Framework.Arduino\Framework.Arduino.csproj", "{77F5A48D-E908-4A95-A09E-771E8BE8817B}"
EndProject
Project("{2150E333-8FDC-42A3-9474-1A3956D46DE8}") = "Solution Items", "Solution Items", "{0942B8A6-0C1A-47A0-B67F-C98979BA830C}"
	ProjectSection(SolutionItems) = preProject
		CNCLib.targets = CNCLib.targets
		CNCLibPublic.snk = CNCLibPublic.snk
		CNCLibSolutionInfo.cs = CNCLibSolutionInfo.cs
		CNCLibSolutionInfoVersion.cs = CNCLibSolutionInfoVersion.cs
		..\Framework\FrameworkSolutionInfo.cs = ..\Framework\FrameworkSolutionInfo.cs
		..\Framework\FrameworkSolutionInfoVersion.cs = ..\Framework\FrameworkSolutionInfoVersion.cs
	EndProjectSection
EndProject
Project("{9A19103F-16F7-4668-BE54-9A1E7A4F7556}") = "CNCLib.Repository.Contracts", "CNCLib.Repository.Contracts\CNCLib.Repository.Contracts.csproj", "{0ECC8284-505B-43CC-9DF9-AC5D5EEF786A}"
EndProject
Project("{9A19103F-16F7-4668-BE54-9A1E7A4F7556}") = "CNCLib.Logic.Contracts", "CNCLib.Logic.Contracts\CNCLib.Logic.Contracts.csproj", "{08D4C722-AD44-4BA4-BFF6-D5F00B2BE561}"
EndProject
Project("{FAE04EC0-301F-11D3-BF4B-00C04F79EFBC}") = "Framework.Test", "..\Framework\Framework.Test\Framework.Test.csproj", "{BBECB408-5426-4CE7-B7B6-970BDE436486}"
EndProject
Project("{9A19103F-16F7-4668-BE54-9A1E7A4F7556}") = "CNCLib.WebAPI", "CNCLib.WebAPI\CNCLib.WebAPI.csproj", "{DA845EDE-FADC-455C-AEF7-D1844B258784}"
EndProject
Project("{9A19103F-16F7-4668-BE54-9A1E7A4F7556}") = "CNCLib.WebAPI.Tests", "CNCLib.WebAPI.Tests\CNCLib.WebAPI.Tests.csproj", "{6D3326B2-794C-48FD-B351-483D721BD0F9}"
EndProject
Project("{2150E333-8FDC-42A3-9474-1A3956D46DE8}") = "PublishScripts", "PublishScripts", "{CEB14D54-F5E6-4001-BDB3-4FBA632A7778}"
EndProject
Project("{2150E333-8FDC-42A3-9474-1A3956D46DE8}") = "Scripts", "Scripts", "{A7A23498-5B70-4D17-A723-0CE3E0FB2096}"
	ProjectSection(SolutionItems) = preProject
		PublishScripts\Scripts\Deploy-AzureResourceGroup.ps1 = PublishScripts\Scripts\Deploy-AzureResourceGroup.ps1
	EndProjectSection
EndProject
Project("{2150E333-8FDC-42A3-9474-1A3956D46DE8}") = "Templates", "Templates", "{6FD6A784-F8DD-4B9A-B91C-4D1E767F0B65}"
	ProjectSection(SolutionItems) = preProject
		PublishScripts\Templates\CNCLibWeb.json = PublishScripts\Templates\CNCLibWeb.json
		PublishScripts\Templates\CNCLibWeb.param.dev.json = PublishScripts\Templates\CNCLibWeb.param.dev.json
	EndProjectSection
EndProject
Project("{9A19103F-16F7-4668-BE54-9A1E7A4F7556}") = "Framework.Web", "..\Framework\Framework.Web\Framework.Web.csproj", "{2E4BAA13-7562-4336-91A4-B8211816D936}"
EndProject
Project("{9A19103F-16F7-4668-BE54-9A1E7A4F7556}") = "Framework.Contracts", "..\Framework\Framework.Contracts\Framework.Contracts.csproj", "{E598AAA4-FE51-46BD-B852-4A9EEB21A5C5}"
EndProject
Project("{9A19103F-16F7-4668-BE54-9A1E7A4F7556}") = "CNCLib.Logic.Contracts.DTO", "CNCLib.Logic.Contracts.DTO\CNCLib.Logic.Contracts.DTO.csproj", "{53FDF483-4A15-4069-8B21-E553D58BA742}"
EndProject
Project("{9A19103F-16F7-4668-BE54-9A1E7A4F7556}") = "CNCLib.ServiceProxy", "CNCLib.ServiceProxy\CNCLib.ServiceProxy.csproj", "{F4C854C1-3154-4E73-85B0-2C9FCBC9AD17}"
EndProject
Project("{9A19103F-16F7-4668-BE54-9A1E7A4F7556}") = "CNCLib.ServiceProxy.Logic", "CNCLib.ServiceProxy.Logic\CNCLib.ServiceProxy.Logic.csproj", "{F6696F23-9DCC-4D9A-9418-E7D1FED7EABD}"
EndProject
Project("{9A19103F-16F7-4668-BE54-9A1E7A4F7556}") = "CNCLib.ServiceProxy.WebAPI", "CNCLib.ServiceProxy.WebAPI\CNCLib.ServiceProxy.WebAPI.csproj", "{6487301A-6889-412C-92EC-899AAD61A9A5}"
EndProject
Project("{FAE04EC0-301F-11D3-BF4B-00C04F79EFBC}") = "CNCLib.Wpf.Sql.Start", "CNCLib.Wpf.Sql.Start\CNCLib.Wpf.Sql.Start.csproj", "{E8405B39-EDAD-40C7-BF32-79553A130E34}"
EndProject
Project("{FAE04EC0-301F-11D3-BF4B-00C04F79EFBC}") = "CNCLib.Wpf.WebAPI.Start", "CNCLib.Wpf.WebAPI.Start\CNCLib.Wpf.WebAPI.Start.csproj", "{6D85A506-EEE3-4C6D-9316-AB3A10CBE76F}"
EndProject
Project("{9A19103F-16F7-4668-BE54-9A1E7A4F7556}") = "CNCLib.Logic.Client", "CNCLib.Logic.Client\CNCLib.Logic.Client.csproj", "{D7277BF7-35E8-47C7-8E4A-448E2224F559}"
EndProject
Project("{2150E333-8FDC-42A3-9474-1A3956D46DE8}") = "Framework", "Framework", "{96217F41-39D9-4FCF-AACF-7EAEB4E4479C}"
	ProjectSection(SolutionItems) = preProject
		..\Framework\Framework.targets = ..\Framework\Framework.targets
	EndProjectSection
EndProject
Project("{9A19103F-16F7-4668-BE54-9A1E7A4F7556}") = "CNCLib.Repository.Migrations.Startup", "CNCLib.Repository.Migrations.Startup\CNCLib.Repository.Migrations.Startup.csproj", "{77F7D0C8-DEE4-4CA6-ABAD-B7602C55BDB5}"
EndProject
Project("{9A19103F-16F7-4668-BE54-9A1E7A4F7556}") = "CNCLib.Repository.SqlServer", "CNCLib.Repository.SqlServer\CNCLib.Repository.SqlServer.csproj", "{BD772F21-D4E2-4577-9AF3-FBE59BB72C03}"
EndProject
Project("{9A19103F-16F7-4668-BE54-9A1E7A4F7556}") = "CNCLib.Repository.SqLite", "CNCLib.Repository.SqLite\CNCLib.Repository.SqLite.csproj", "{972C43C8-8BF9-41FA-BA3C-299AC44A6938}"
EndProject
Project("{9A19103F-16F7-4668-BE54-9A1E7A4F7556}") = "CNCLib.Serial.Server", "CNCLib.Serial.Server\CNCLib.Serial.Server.csproj", "{39FD3420-6140-4A24-82D3-2E9FB14B096E}"
EndProject
Project("{9A19103F-16F7-4668-BE54-9A1E7A4F7556}") = "CNCLib.Serial.Client", "CNCLib.Serial.Client\CNCLib.Serial.Client.csproj", "{0EF35DCE-594A-4EF2-8B82-52D97E4C3016}"
EndProject
Project("{9A19103F-16F7-4668-BE54-9A1E7A4F7556}") = "CNCLib.Serial.Shared", "CNCLib.Serial.Shared\CNCLib.Serial.Shared.csproj", "{8715E92C-ACA6-4B39-8A31-69CFB8357224}"
EndProject
Project("{9A19103F-16F7-4668-BE54-9A1E7A4F7556}") = "Framework.Arduino.Linux", "..\Framework\Framework.Arduino.Linux\Framework.Arduino.Linux.csproj", "{172CF0A8-7CF4-4E61-A6CE-6743273F6952}"
EndProject
Project("{9A19103F-16F7-4668-BE54-9A1E7A4F7556}") = "Framework.Service", "..\Framework\Framework.Service\Framework.Service.csproj", "{46095778-4ABF-472E-A7BB-3C339E7CB9C3}"
EndProject
Global
	GlobalSection(SolutionConfigurationPlatforms) = preSolution
		Debug|Any CPU = Debug|Any CPU
		Release|Any CPU = Release|Any CPU
	EndGlobalSection
	GlobalSection(ProjectConfigurationPlatforms) = postSolution
		{36B9838B-493F-4BAC-A8D3-35298C4FFDC7}.Debug|Any CPU.ActiveCfg = Debug|Any CPU
		{36B9838B-493F-4BAC-A8D3-35298C4FFDC7}.Debug|Any CPU.Build.0 = Debug|Any CPU
		{36B9838B-493F-4BAC-A8D3-35298C4FFDC7}.Release|Any CPU.ActiveCfg = Release|Any CPU
		{36B9838B-493F-4BAC-A8D3-35298C4FFDC7}.Release|Any CPU.Build.0 = Release|Any CPU
		{081814DA-ADC7-4B65-AE16-856C1B3D3CE8}.Debug|Any CPU.ActiveCfg = Debug|Any CPU
		{081814DA-ADC7-4B65-AE16-856C1B3D3CE8}.Debug|Any CPU.Build.0 = Debug|Any CPU
		{081814DA-ADC7-4B65-AE16-856C1B3D3CE8}.Release|Any CPU.ActiveCfg = Release|Any CPU
		{081814DA-ADC7-4B65-AE16-856C1B3D3CE8}.Release|Any CPU.Build.0 = Release|Any CPU
		{580E882D-3267-43F2-8A73-6737CAC731C2}.Debug|Any CPU.ActiveCfg = Debug|Any CPU
		{580E882D-3267-43F2-8A73-6737CAC731C2}.Debug|Any CPU.Build.0 = Debug|Any CPU
		{580E882D-3267-43F2-8A73-6737CAC731C2}.Release|Any CPU.ActiveCfg = Release|Any CPU
		{580E882D-3267-43F2-8A73-6737CAC731C2}.Release|Any CPU.Build.0 = Release|Any CPU
		{8568383E-054D-4882-8D6A-B956684CFAAE}.Debug|Any CPU.ActiveCfg = Debug|Any CPU
		{8568383E-054D-4882-8D6A-B956684CFAAE}.Debug|Any CPU.Build.0 = Debug|Any CPU
		{8568383E-054D-4882-8D6A-B956684CFAAE}.Release|Any CPU.ActiveCfg = Release|Any CPU
		{8568383E-054D-4882-8D6A-B956684CFAAE}.Release|Any CPU.Build.0 = Release|Any CPU
		{60555245-D32E-4A94-AB0E-CB2A6693A9BA}.Debug|Any CPU.ActiveCfg = Debug|Any CPU
		{60555245-D32E-4A94-AB0E-CB2A6693A9BA}.Debug|Any CPU.Build.0 = Debug|Any CPU
		{60555245-D32E-4A94-AB0E-CB2A6693A9BA}.Release|Any CPU.ActiveCfg = Release|Any CPU
		{60555245-D32E-4A94-AB0E-CB2A6693A9BA}.Release|Any CPU.Build.0 = Release|Any CPU
		{F9C446F4-6365-4189-95C5-009EF0160882}.Debug|Any CPU.ActiveCfg = Debug|Any CPU
		{F9C446F4-6365-4189-95C5-009EF0160882}.Debug|Any CPU.Build.0 = Debug|Any CPU
		{F9C446F4-6365-4189-95C5-009EF0160882}.Release|Any CPU.ActiveCfg = Release|Any CPU
		{F9C446F4-6365-4189-95C5-009EF0160882}.Release|Any CPU.Build.0 = Release|Any CPU
		{55108499-FAC2-4F19-B88E-9E240CCCBD60}.Debug|Any CPU.ActiveCfg = Debug|Any CPU
		{55108499-FAC2-4F19-B88E-9E240CCCBD60}.Debug|Any CPU.Build.0 = Debug|Any CPU
		{55108499-FAC2-4F19-B88E-9E240CCCBD60}.Release|Any CPU.ActiveCfg = Release|Any CPU
		{55108499-FAC2-4F19-B88E-9E240CCCBD60}.Release|Any CPU.Build.0 = Release|Any CPU
		{D689CD99-A022-4F38-8AE1-A269C82A729C}.Debug|Any CPU.ActiveCfg = Debug|Any CPU
		{D689CD99-A022-4F38-8AE1-A269C82A729C}.Debug|Any CPU.Build.0 = Debug|Any CPU
		{D689CD99-A022-4F38-8AE1-A269C82A729C}.Release|Any CPU.ActiveCfg = Release|Any CPU
		{D689CD99-A022-4F38-8AE1-A269C82A729C}.Release|Any CPU.Build.0 = Release|Any CPU
		{E73BAF77-EAF6-41F0-BF6A-FF6F5BC71062}.Debug|Any CPU.ActiveCfg = Debug|Any CPU
		{E73BAF77-EAF6-41F0-BF6A-FF6F5BC71062}.Debug|Any CPU.Build.0 = Debug|Any CPU
		{E73BAF77-EAF6-41F0-BF6A-FF6F5BC71062}.Release|Any CPU.ActiveCfg = Release|Any CPU
		{E73BAF77-EAF6-41F0-BF6A-FF6F5BC71062}.Release|Any CPU.Build.0 = Release|Any CPU
		{E768F2ED-C63D-401E-A090-1C0465A84DF5}.Debug|Any CPU.ActiveCfg = Debug|Any CPU
		{E768F2ED-C63D-401E-A090-1C0465A84DF5}.Debug|Any CPU.Build.0 = Debug|Any CPU
		{E768F2ED-C63D-401E-A090-1C0465A84DF5}.Release|Any CPU.ActiveCfg = Release|Any CPU
		{E768F2ED-C63D-401E-A090-1C0465A84DF5}.Release|Any CPU.Build.0 = Release|Any CPU
		{D6077813-9EAF-4807-B4AA-EF00BCCE9827}.Debug|Any CPU.ActiveCfg = Debug|Any CPU
		{D6077813-9EAF-4807-B4AA-EF00BCCE9827}.Debug|Any CPU.Build.0 = Debug|Any CPU
		{D6077813-9EAF-4807-B4AA-EF00BCCE9827}.Release|Any CPU.ActiveCfg = Release|Any CPU
		{D6077813-9EAF-4807-B4AA-EF00BCCE9827}.Release|Any CPU.Build.0 = Release|Any CPU
		{77F5A48D-E908-4A95-A09E-771E8BE8817B}.Debug|Any CPU.ActiveCfg = Debug|Any CPU
		{77F5A48D-E908-4A95-A09E-771E8BE8817B}.Debug|Any CPU.Build.0 = Debug|Any CPU
		{77F5A48D-E908-4A95-A09E-771E8BE8817B}.Release|Any CPU.ActiveCfg = Release|Any CPU
		{77F5A48D-E908-4A95-A09E-771E8BE8817B}.Release|Any CPU.Build.0 = Release|Any CPU
		{0ECC8284-505B-43CC-9DF9-AC5D5EEF786A}.Debug|Any CPU.ActiveCfg = Debug|Any CPU
		{0ECC8284-505B-43CC-9DF9-AC5D5EEF786A}.Debug|Any CPU.Build.0 = Debug|Any CPU
		{0ECC8284-505B-43CC-9DF9-AC5D5EEF786A}.Release|Any CPU.ActiveCfg = Release|Any CPU
		{0ECC8284-505B-43CC-9DF9-AC5D5EEF786A}.Release|Any CPU.Build.0 = Release|Any CPU
		{08D4C722-AD44-4BA4-BFF6-D5F00B2BE561}.Debug|Any CPU.ActiveCfg = Debug|Any CPU
		{08D4C722-AD44-4BA4-BFF6-D5F00B2BE561}.Debug|Any CPU.Build.0 = Debug|Any CPU
		{08D4C722-AD44-4BA4-BFF6-D5F00B2BE561}.Release|Any CPU.ActiveCfg = Release|Any CPU
		{08D4C722-AD44-4BA4-BFF6-D5F00B2BE561}.Release|Any CPU.Build.0 = Release|Any CPU
		{BBECB408-5426-4CE7-B7B6-970BDE436486}.Debug|Any CPU.ActiveCfg = Debug|Any CPU
		{BBECB408-5426-4CE7-B7B6-970BDE436486}.Debug|Any CPU.Build.0 = Debug|Any CPU
		{BBECB408-5426-4CE7-B7B6-970BDE436486}.Release|Any CPU.ActiveCfg = Release|Any CPU
		{BBECB408-5426-4CE7-B7B6-970BDE436486}.Release|Any CPU.Build.0 = Release|Any CPU
		{DA845EDE-FADC-455C-AEF7-D1844B258784}.Debug|Any CPU.ActiveCfg = Debug|Any CPU
		{DA845EDE-FADC-455C-AEF7-D1844B258784}.Debug|Any CPU.Build.0 = Debug|Any CPU
		{DA845EDE-FADC-455C-AEF7-D1844B258784}.Release|Any CPU.ActiveCfg = Release|Any CPU
		{DA845EDE-FADC-455C-AEF7-D1844B258784}.Release|Any CPU.Build.0 = Release|Any CPU
		{6D3326B2-794C-48FD-B351-483D721BD0F9}.Debug|Any CPU.ActiveCfg = Debug|Any CPU
		{6D3326B2-794C-48FD-B351-483D721BD0F9}.Debug|Any CPU.Build.0 = Debug|Any CPU
		{6D3326B2-794C-48FD-B351-483D721BD0F9}.Release|Any CPU.ActiveCfg = Release|Any CPU
		{6D3326B2-794C-48FD-B351-483D721BD0F9}.Release|Any CPU.Build.0 = Release|Any CPU
		{2E4BAA13-7562-4336-91A4-B8211816D936}.Debug|Any CPU.ActiveCfg = Debug|Any CPU
		{2E4BAA13-7562-4336-91A4-B8211816D936}.Debug|Any CPU.Build.0 = Debug|Any CPU
		{2E4BAA13-7562-4336-91A4-B8211816D936}.Release|Any CPU.ActiveCfg = Release|Any CPU
		{2E4BAA13-7562-4336-91A4-B8211816D936}.Release|Any CPU.Build.0 = Release|Any CPU
		{E598AAA4-FE51-46BD-B852-4A9EEB21A5C5}.Debug|Any CPU.ActiveCfg = Debug|Any CPU
		{E598AAA4-FE51-46BD-B852-4A9EEB21A5C5}.Debug|Any CPU.Build.0 = Debug|Any CPU
		{E598AAA4-FE51-46BD-B852-4A9EEB21A5C5}.Release|Any CPU.ActiveCfg = Release|Any CPU
		{E598AAA4-FE51-46BD-B852-4A9EEB21A5C5}.Release|Any CPU.Build.0 = Release|Any CPU
		{53FDF483-4A15-4069-8B21-E553D58BA742}.Debug|Any CPU.ActiveCfg = Debug|Any CPU
		{53FDF483-4A15-4069-8B21-E553D58BA742}.Debug|Any CPU.Build.0 = Debug|Any CPU
		{53FDF483-4A15-4069-8B21-E553D58BA742}.Release|Any CPU.ActiveCfg = Release|Any CPU
		{53FDF483-4A15-4069-8B21-E553D58BA742}.Release|Any CPU.Build.0 = Release|Any CPU
		{F4C854C1-3154-4E73-85B0-2C9FCBC9AD17}.Debug|Any CPU.ActiveCfg = Debug|Any CPU
		{F4C854C1-3154-4E73-85B0-2C9FCBC9AD17}.Debug|Any CPU.Build.0 = Debug|Any CPU
		{F4C854C1-3154-4E73-85B0-2C9FCBC9AD17}.Release|Any CPU.ActiveCfg = Release|Any CPU
		{F4C854C1-3154-4E73-85B0-2C9FCBC9AD17}.Release|Any CPU.Build.0 = Release|Any CPU
		{F6696F23-9DCC-4D9A-9418-E7D1FED7EABD}.Debug|Any CPU.ActiveCfg = Debug|Any CPU
		{F6696F23-9DCC-4D9A-9418-E7D1FED7EABD}.Debug|Any CPU.Build.0 = Debug|Any CPU
		{F6696F23-9DCC-4D9A-9418-E7D1FED7EABD}.Release|Any CPU.ActiveCfg = Release|Any CPU
		{F6696F23-9DCC-4D9A-9418-E7D1FED7EABD}.Release|Any CPU.Build.0 = Release|Any CPU
		{6487301A-6889-412C-92EC-899AAD61A9A5}.Debug|Any CPU.ActiveCfg = Debug|Any CPU
		{6487301A-6889-412C-92EC-899AAD61A9A5}.Debug|Any CPU.Build.0 = Debug|Any CPU
		{6487301A-6889-412C-92EC-899AAD61A9A5}.Release|Any CPU.ActiveCfg = Release|Any CPU
		{6487301A-6889-412C-92EC-899AAD61A9A5}.Release|Any CPU.Build.0 = Release|Any CPU
		{E8405B39-EDAD-40C7-BF32-79553A130E34}.Debug|Any CPU.ActiveCfg = Debug|Any CPU
		{E8405B39-EDAD-40C7-BF32-79553A130E34}.Debug|Any CPU.Build.0 = Debug|Any CPU
		{E8405B39-EDAD-40C7-BF32-79553A130E34}.Release|Any CPU.ActiveCfg = Release|Any CPU
		{E8405B39-EDAD-40C7-BF32-79553A130E34}.Release|Any CPU.Build.0 = Release|Any CPU
		{6D85A506-EEE3-4C6D-9316-AB3A10CBE76F}.Debug|Any CPU.ActiveCfg = Debug|Any CPU
		{6D85A506-EEE3-4C6D-9316-AB3A10CBE76F}.Debug|Any CPU.Build.0 = Debug|Any CPU
		{6D85A506-EEE3-4C6D-9316-AB3A10CBE76F}.Release|Any CPU.ActiveCfg = Release|Any CPU
		{6D85A506-EEE3-4C6D-9316-AB3A10CBE76F}.Release|Any CPU.Build.0 = Release|Any CPU
		{D7277BF7-35E8-47C7-8E4A-448E2224F559}.Debug|Any CPU.ActiveCfg = Debug|Any CPU
		{D7277BF7-35E8-47C7-8E4A-448E2224F559}.Debug|Any CPU.Build.0 = Debug|Any CPU
		{D7277BF7-35E8-47C7-8E4A-448E2224F559}.Release|Any CPU.ActiveCfg = Release|Any CPU
		{D7277BF7-35E8-47C7-8E4A-448E2224F559}.Release|Any CPU.Build.0 = Release|Any CPU
		{77F7D0C8-DEE4-4CA6-ABAD-B7602C55BDB5}.Debug|Any CPU.ActiveCfg = Debug|Any CPU
		{77F7D0C8-DEE4-4CA6-ABAD-B7602C55BDB5}.Debug|Any CPU.Build.0 = Debug|Any CPU
		{77F7D0C8-DEE4-4CA6-ABAD-B7602C55BDB5}.Release|Any CPU.ActiveCfg = Release|Any CPU
		{77F7D0C8-DEE4-4CA6-ABAD-B7602C55BDB5}.Release|Any CPU.Build.0 = Release|Any CPU
		{BD772F21-D4E2-4577-9AF3-FBE59BB72C03}.Debug|Any CPU.ActiveCfg = Debug|Any CPU
		{BD772F21-D4E2-4577-9AF3-FBE59BB72C03}.Debug|Any CPU.Build.0 = Debug|Any CPU
		{BD772F21-D4E2-4577-9AF3-FBE59BB72C03}.Release|Any CPU.ActiveCfg = Release|Any CPU
		{BD772F21-D4E2-4577-9AF3-FBE59BB72C03}.Release|Any CPU.Build.0 = Release|Any CPU
		{972C43C8-8BF9-41FA-BA3C-299AC44A6938}.Debug|Any CPU.ActiveCfg = Debug|Any CPU
		{972C43C8-8BF9-41FA-BA3C-299AC44A6938}.Debug|Any CPU.Build.0 = Debug|Any CPU
		{972C43C8-8BF9-41FA-BA3C-299AC44A6938}.Release|Any CPU.ActiveCfg = Release|Any CPU
		{972C43C8-8BF9-41FA-BA3C-299AC44A6938}.Release|Any CPU.Build.0 = Release|Any CPU
		{39FD3420-6140-4A24-82D3-2E9FB14B096E}.Debug|Any CPU.ActiveCfg = Debug|Any CPU
		{39FD3420-6140-4A24-82D3-2E9FB14B096E}.Debug|Any CPU.Build.0 = Debug|Any CPU
		{39FD3420-6140-4A24-82D3-2E9FB14B096E}.Release|Any CPU.ActiveCfg = Release|Any CPU
		{39FD3420-6140-4A24-82D3-2E9FB14B096E}.Release|Any CPU.Build.0 = Release|Any CPU
		{0EF35DCE-594A-4EF2-8B82-52D97E4C3016}.Debug|Any CPU.ActiveCfg = Debug|Any CPU
		{0EF35DCE-594A-4EF2-8B82-52D97E4C3016}.Debug|Any CPU.Build.0 = Debug|Any CPU
		{0EF35DCE-594A-4EF2-8B82-52D97E4C3016}.Release|Any CPU.ActiveCfg = Release|Any CPU
		{0EF35DCE-594A-4EF2-8B82-52D97E4C3016}.Release|Any CPU.Build.0 = Release|Any CPU
		{8715E92C-ACA6-4B39-8A31-69CFB8357224}.Debug|Any CPU.ActiveCfg = Debug|Any CPU
		{8715E92C-ACA6-4B39-8A31-69CFB8357224}.Debug|Any CPU.Build.0 = Debug|Any CPU
		{8715E92C-ACA6-4B39-8A31-69CFB8357224}.Release|Any CPU.ActiveCfg = Release|Any CPU
		{8715E92C-ACA6-4B39-8A31-69CFB8357224}.Release|Any CPU.Build.0 = Release|Any CPU
		{172CF0A8-7CF4-4E61-A6CE-6743273F6952}.Debug|Any CPU.ActiveCfg = Debug|Any CPU
		{172CF0A8-7CF4-4E61-A6CE-6743273F6952}.Debug|Any CPU.Build.0 = Debug|Any CPU
		{172CF0A8-7CF4-4E61-A6CE-6743273F6952}.Release|Any CPU.ActiveCfg = Release|Any CPU
		{172CF0A8-7CF4-4E61-A6CE-6743273F6952}.Release|Any CPU.Build.0 = Release|Any CPU
		{46095778-4ABF-472E-A7BB-3C339E7CB9C3}.Debug|Any CPU.ActiveCfg = Debug|Any CPU
		{46095778-4ABF-472E-A7BB-3C339E7CB9C3}.Debug|Any CPU.Build.0 = Debug|Any CPU
		{46095778-4ABF-472E-A7BB-3C339E7CB9C3}.Release|Any CPU.ActiveCfg = Release|Any CPU
		{46095778-4ABF-472E-A7BB-3C339E7CB9C3}.Release|Any CPU.Build.0 = Release|Any CPU
	EndGlobalSection
	GlobalSection(SolutionProperties) = preSolution
		HideSolutionNode = FALSE
	EndGlobalSection
	GlobalSection(NestedProjects) = preSolution
		{081814DA-ADC7-4B65-AE16-856C1B3D3CE8} = {96217F41-39D9-4FCF-AACF-7EAEB4E4479C}
		{580E882D-3267-43F2-8A73-6737CAC731C2} = {96217F41-39D9-4FCF-AACF-7EAEB4E4479C}
		{8568383E-054D-4882-8D6A-B956684CFAAE} = {96217F41-39D9-4FCF-AACF-7EAEB4E4479C}
		{E768F2ED-C63D-401E-A090-1C0465A84DF5} = {96217F41-39D9-4FCF-AACF-7EAEB4E4479C}
		{77F5A48D-E908-4A95-A09E-771E8BE8817B} = {96217F41-39D9-4FCF-AACF-7EAEB4E4479C}
		{BBECB408-5426-4CE7-B7B6-970BDE436486} = {96217F41-39D9-4FCF-AACF-7EAEB4E4479C}
		{2E4BAA13-7562-4336-91A4-B8211816D936} = {96217F41-39D9-4FCF-AACF-7EAEB4E4479C}
		{E598AAA4-FE51-46BD-B852-4A9EEB21A5C5} = {96217F41-39D9-4FCF-AACF-7EAEB4E4479C}
		{172CF0A8-7CF4-4E61-A6CE-6743273F6952} = {96217F41-39D9-4FCF-AACF-7EAEB4E4479C}
		{46095778-4ABF-472E-A7BB-3C339E7CB9C3} = {96217F41-39D9-4FCF-AACF-7EAEB4E4479C}
	EndGlobalSection
	GlobalSection(ExtensibilityGlobals) = postSolution
		SolutionGuid = {149E2CA7-C574-4FFF-8699-9678D9AFC1FA}
	EndGlobalSection
EndGlobal
