<?xml version="1.0" encoding="utf-8"?>
<Project ToolsVersion="14.0" xmlns="http://schemas.microsoft.com/developer/msbuild/2003">
  <ItemGroup>
    <Filter Include="Source Files">
      <UniqueIdentifier>{D587A148-D321-46F5-8AD4-88D3208A7469"}</UniqueIdentifier>
      <Extensions>cpp;c;cc;cxx;def;odl;idl;hpj;bat;asm;asmx</Extensions>
    </Filter>
    <Filter Include="MiniLaser">
      <UniqueIdentifier>{FD8AC229-EE3F-45FB-9CE0-95B874420237}</UniqueIdentifier>
    </Filter>
  </ItemGroup>
  <ItemGroup>
    <ClInclude Include="stdafx.h">
      <Filter>Source Files</Filter>
    </ClInclude>
    <ClInclude Include="targetver.h">
      <Filter>Source Files</Filter>
    </ClInclude>
    <ClInclude Include="..\..\..\Sketch\MiniLaser\MyControl.h">
      <Filter>MiniLaser</Filter>
    </ClInclude>
    <ClInclude Include="..\..\..\Sketch\MiniLaser\Configuration.h">
      <Filter>MiniLaser</Filter>
    </ClInclude>
    <ClInclude Include="..\..\..\Sketch\MiniLaser\Configuration_CNCShield.h">
      <Filter>MiniLaser</Filter>
    </ClInclude>
  </ItemGroup>
  <ItemGroup>
    <ClCompile Include="stdafx.cpp">
      <Filter>Source Files</Filter>
    </ClCompile>
    <ClCompile Include="MiniLaser.cpp">
      <Filter>Source Files</Filter>
    </ClCompile>
    <ClCompile Include="..\..\..\Sketch\MiniLaser\MyControl.cpp">
      <Filter>MiniLaser</Filter>
    </ClCompile>
  </ItemGroup>
  <ItemGroup>
    <None Include="..\..\..\Sketch\MiniLaser\MiniLaser.ino">
      <Filter>MiniLaser</Filter>
    </None>
  </ItemGroup>
</Project>