<?xml version="1.0" encoding="utf-8"?>
<Project ToolsVersion="12.0" xmlns="http://schemas.microsoft.com/developer/msbuild/2003">
  <ItemGroup>
    <Filter Include="MsvcExt">
      <UniqueIdentifier>{e5211211-62db-4da0-91fc-4b122e85d611}</UniqueIdentifier>
    </Filter>
    <Filter Include="MsvcStepper">
      <UniqueIdentifier>{76bc09d4-50a0-49d8-ae90-ea548336f57f}</UniqueIdentifier>
    </Filter>
    <Filter Include="StepperLib">
      <UniqueIdentifier>{68b0d30c-d356-44a8-b637-337fb170abed}</UniqueIdentifier>
    </Filter>
    <Filter Include="CNCLib">
      <UniqueIdentifier>{ff2fabaf-e798-42fe-8c95-5a53f0b32fe2}</UniqueIdentifier>
    </Filter>
    <Filter Include="CNCLibEx">
      <UniqueIdentifier>{6f3a3e8a-55d3-4191-953e-10e6daec1150}</UniqueIdentifier>
    </Filter>
  </ItemGroup>
  <ItemGroup>
    <ClInclude Include="..\Include\arduino.h">
      <Filter>MsvcExt</Filter>
    </ClInclude>
    <ClInclude Include="..\Include\HardwareSerial.h">
      <Filter>MsvcExt</Filter>
    </ClInclude>
    <ClInclude Include="..\Include\LiquidCrystal_I2C.h">
      <Filter>MsvcExt</Filter>
    </ClInclude>
    <ClInclude Include="..\Include\SD.h">
      <Filter>MsvcExt</Filter>
    </ClInclude>
    <ClInclude Include="..\Include\SPI.h">
      <Filter>MsvcExt</Filter>
    </ClInclude>
    <ClInclude Include="..\Include\u8glib.h">
      <Filter>MsvcExt</Filter>
    </ClInclude>
    <ClInclude Include="..\MsvcStepper\MsvcStepper.h">
      <Filter>MsvcStepper</Filter>
    </ClInclude>
    <ClInclude Include="..\..\..\Sketch\libraries\StepperLib\src\ConfigurationStepperLib.h">
      <Filter>StepperLib</Filter>
    </ClInclude>
    <ClInclude Include="..\..\..\Sketch\libraries\StepperLib\src\fastio.h">
      <Filter>StepperLib</Filter>
    </ClInclude>
    <ClInclude Include="..\..\..\Sketch\libraries\StepperLib\src\HAL.h">
      <Filter>StepperLib</Filter>
    </ClInclude>
    <ClInclude Include="..\..\..\Sketch\libraries\StepperLib\src\MessageStepperLib.h">
      <Filter>StepperLib</Filter>
    </ClInclude>
    <ClInclude Include="..\..\..\Sketch\libraries\StepperLib\src\RingBuffer.h">
      <Filter>StepperLib</Filter>
    </ClInclude>
    <ClInclude Include="..\..\..\Sketch\libraries\StepperLib\src\Stepper.h">
      <Filter>StepperLib</Filter>
    </ClInclude>
    <ClInclude Include="..\..\..\Sketch\libraries\StepperLib\src\StepperLib.h">
      <Filter>StepperLib</Filter>
    </ClInclude>
    <ClInclude Include="..\..\..\Sketch\libraries\StepperLib\src\StepperRamps14.h">
      <Filter>StepperLib</Filter>
    </ClInclude>
    <ClInclude Include="..\..\..\Sketch\libraries\StepperLib\src\StepperRamps14_pins.h">
      <Filter>StepperLib</Filter>
    </ClInclude>
    <ClInclude Include="..\..\..\Sketch\libraries\StepperLib\src\StepperRampsFD.h">
      <Filter>StepperLib</Filter>
    </ClInclude>
    <ClInclude Include="..\..\..\Sketch\libraries\StepperLib\src\StepperRampsFD_pins.h">
      <Filter>StepperLib</Filter>
    </ClInclude>
    <ClInclude Include="..\..\..\Sketch\libraries\StepperLib\src\StepperSMC800.h">
      <Filter>StepperLib</Filter>
    </ClInclude>
    <ClInclude Include="..\..\..\Sketch\libraries\StepperLib\src\UtilitiesStepperLib.h">
      <Filter>StepperLib</Filter>
    </ClInclude>
    <ClInclude Include="..\..\..\Sketch\libraries\CNCLib\Src\CNCLib.h">
      <Filter>CNCLib</Filter>
    </ClInclude>
    <ClInclude Include="..\..\..\Sketch\libraries\CNCLib\Src\ConfigurationCNCLib.h">
      <Filter>CNCLib</Filter>
    </ClInclude>
    <ClInclude Include="..\..\..\Sketch\libraries\CNCLib\Src\Control.h">
      <Filter>CNCLib</Filter>
    </ClInclude>
    <ClInclude Include="..\..\..\Sketch\libraries\CNCLib\Src\ExpressionParser.h">
      <Filter>CNCLib</Filter>
    </ClInclude>
    <ClInclude Include="..\..\..\Sketch\libraries\CNCLib\Src\GCodeExpressionParser.h">
      <Filter>CNCLib</Filter>
    </ClInclude>
    <ClInclude Include="..\..\..\Sketch\libraries\CNCLib\Src\GCodeParser.h">
      <Filter>CNCLib</Filter>
    </ClInclude>
    <ClInclude Include="..\..\..\Sketch\libraries\CNCLib\Src\GCodeTools.h">
      <Filter>CNCLib</Filter>
    </ClInclude>
    <ClInclude Include="..\..\..\Sketch\libraries\CNCLib\Src\HelpParser.h">
      <Filter>CNCLib</Filter>
    </ClInclude>
    <ClInclude Include="..\..\..\Sketch\libraries\CNCLib\Src\LCD.h">
      <Filter>CNCLib</Filter>
    </ClInclude>
    <ClInclude Include="..\..\..\Sketch\libraries\CNCLib\Src\MessageCNCLib.h">
      <Filter>CNCLib</Filter>
    </ClInclude>
    <ClInclude Include="..\..\..\Sketch\libraries\CNCLib\Src\Parser.h">
      <Filter>CNCLib</Filter>
    </ClInclude>
    <ClInclude Include="..\..\..\Sketch\libraries\CNCLib\Src\RotaryButton.h">
      <Filter>CNCLib</Filter>
    </ClInclude>
    <ClInclude Include="..\..\..\Sketch\libraries\CNCLib\Src\StreamReader.h">
      <Filter>CNCLib</Filter>
    </ClInclude>
    <ClInclude Include="..\..\..\Sketch\libraries\CNCLib\Src\UtilitiesCNCLib.h">
      <Filter>CNCLib</Filter>
    </ClInclude>
    <ClInclude Include="..\..\..\Sketch\libraries\CNCLibEx\Src\CNCLibEx.h">
      <Filter>CNCLibEx</Filter>
    </ClInclude>
    <ClInclude Include="..\..\..\Sketch\libraries\CNCLibEx\Src\GCode3DParser.h">
      <Filter>CNCLibEx</Filter>
    </ClInclude>
    <ClInclude Include="..\..\..\Sketch\libraries\CNCLib\Src\OnOffIOControl.h">
      <Filter>CNCLib</Filter>
    </ClInclude>
    <ClInclude Include="..\..\..\Sketch\libraries\CNCLibEx\Src\ConfigurationCNCLibEx.h">
      <Filter>CNCLibEx</Filter>
    </ClInclude>
    <ClInclude Include="..\..\..\Sketch\libraries\StepperLib\src\StepperL298N.h">
      <Filter>StepperLib</Filter>
    </ClInclude>
    <ClInclude Include="..\..\..\Sketch\libraries\StepperLib\src\HAL_AVR.h">
      <Filter>StepperLib</Filter>
    </ClInclude>
    <ClInclude Include="..\..\..\Sketch\libraries\StepperLib\src\HAL_Msvc.h">
      <Filter>StepperLib</Filter>
    </ClInclude>
    <ClInclude Include="..\..\..\Sketch\libraries\StepperLib\src\HAL_Sam3x8e.h">
      <Filter>StepperLib</Filter>
    </ClInclude>
    <ClInclude Include="..\..\..\Sketch\libraries\StepperLib\src\LinearLookUp.h">
      <Filter>StepperLib</Filter>
    </ClInclude>
    <ClInclude Include="..\..\..\Sketch\libraries\StepperLib\src\StepperTB6560.h">
      <Filter>StepperLib</Filter>
    </ClInclude>
    <ClInclude Include="..\..\..\Sketch\libraries\StepperLib\src\StepperTB6560_pins.h">
      <Filter>StepperLib</Filter>
    </ClInclude>
    <ClInclude Include="..\..\..\Sketch\libraries\CNCLib\Src\GCodeParserBase.h">
      <Filter>CNCLib</Filter>
    </ClInclude>
    <ClInclude Include="..\..\..\Sketch\libraries\CNCLibEx\Src\Control3D.h">
      <Filter>CNCLibEx</Filter>
    </ClInclude>
    <ClInclude Include="..\..\..\Sketch\libraries\CNCLibEx\Src\MessageCNCLibEx.h">
      <Filter>CNCLibEx</Filter>
    </ClInclude>
    <ClInclude Include="..\..\..\Sketch\libraries\StepperLib\src\Singleton.h">
      <Filter>StepperLib</Filter>
    </ClInclude>
    <ClInclude Include="..\..\..\Sketch\libraries\StepperLib\src\PushValue.h">
      <Filter>StepperLib</Filter>
    </ClInclude>
    <ClInclude Include="..\..\..\Sketch\libraries\CNCLib\Src\MotionControlBase.h">
      <Filter>CNCLib</Filter>
    </ClInclude>
    <ClInclude Include="..\..\..\Sketch\libraries\CNCLib\Src\MotionControl.h">
      <Filter>CNCLib</Filter>
    </ClInclude>
    <ClInclude Include="..\..\..\Sketch\libraries\StepperLib\src\StepperMash6050S.h">
      <Filter>StepperLib</Filter>
    </ClInclude>
    <ClInclude Include="..\..\..\Sketch\libraries\StepperLib\src\StepperMash6050S_pins.h">
      <Filter>StepperLib</Filter>
    </ClInclude>
    <ClInclude Include="..\..\..\Sketch\libraries\CNCLib\Src\MenuBase.h">
      <Filter>CNCLib</Filter>
    </ClInclude>
    <ClInclude Include="..\..\..\Sketch\libraries\CNCLib\Src\Beep.h">
      <Filter>CNCLib</Filter>
    </ClInclude>
    <ClInclude Include="..\..\..\Sketch\libraries\CNCLib\Src\PushButton.h">
      <Filter>CNCLib</Filter>
    </ClInclude>
    <ClInclude Include="..\..\..\Sketch\libraries\CNCLibEx\Src\U8GLCD.h">
      <Filter>CNCLibEx</Filter>
    </ClInclude>
    <ClInclude Include="..\..\..\Sketch\libraries\CNCLib\Src\MenuBaseText.h">
      <Filter>CNCLib</Filter>
    </ClInclude>
    <ClInclude Include="..\..\..\Sketch\libraries\StepperLib\src\Analog8InvertIOControl.h">
      <Filter>StepperLib</Filter>
    </ClInclude>
    <ClInclude Include="..\..\..\Sketch\libraries\StepperLib\src\Analog8IOControl.h">
      <Filter>StepperLib</Filter>
    </ClInclude>
    <ClInclude Include="..\..\..\Sketch\libraries\StepperLib\src\ReadPinIOControl.h">
      <Filter>StepperLib</Filter>
    </ClInclude>
    <ClInclude Include="..\..\..\Sketch\libraries\StepperLib\src\ReadPinIOTriggerControl.h">
      <Filter>StepperLib</Filter>
    </ClInclude>
    <ClInclude Include="..\..\..\Sketch\libraries\CNCLib\Src\Matrix3x3.h">
      <Filter>CNCLib</Filter>
    </ClInclude>
    <ClInclude Include="..\..\..\Sketch\libraries\CNCLib\Src\Matrix4x4.h">
      <Filter>CNCLib</Filter>
    </ClInclude>
  </ItemGroup>
  <ItemGroup>
    <ClCompile Include="..\MsvcStepper\MsvcStepper.cpp">
      <Filter>MsvcStepper</Filter>
    </ClCompile>
    <ClCompile Include="..\..\..\Sketch\libraries\StepperLib\src\HAL.cpp">
      <Filter>StepperLib</Filter>
    </ClCompile>
    <ClCompile Include="..\..\..\Sketch\libraries\StepperLib\src\Stepper.cpp">
      <Filter>StepperLib</Filter>
    </ClCompile>
    <ClCompile Include="..\..\..\Sketch\libraries\StepperLib\src\StepperRamps14.cpp">
      <Filter>StepperLib</Filter>
    </ClCompile>
    <ClCompile Include="..\..\..\Sketch\libraries\StepperLib\src\StepperRampsFD.cpp">
      <Filter>StepperLib</Filter>
    </ClCompile>
    <ClCompile Include="..\..\..\Sketch\libraries\StepperLib\src\StepperSMC800.cpp">
      <Filter>StepperLib</Filter>
    </ClCompile>
    <ClCompile Include="..\..\..\Sketch\libraries\StepperLib\src\UtilitiesStepperLib.cpp">
      <Filter>StepperLib</Filter>
    </ClCompile>
    <ClCompile Include="..\..\..\Sketch\libraries\CNCLib\Src\Control.cpp">
      <Filter>CNCLib</Filter>
    </ClCompile>
    <ClCompile Include="..\..\..\Sketch\libraries\CNCLib\Src\ExpressionParser.cpp">
      <Filter>CNCLib</Filter>
    </ClCompile>
    <ClCompile Include="..\..\..\Sketch\libraries\CNCLib\Src\GCodeExpressionParser.cpp">
      <Filter>CNCLib</Filter>
    </ClCompile>
    <ClCompile Include="..\..\..\Sketch\libraries\CNCLib\Src\GCodeParser.cpp">
      <Filter>CNCLib</Filter>
    </ClCompile>
    <ClCompile Include="..\..\..\Sketch\libraries\CNCLib\Src\GCodeTools.cpp">
      <Filter>CNCLib</Filter>
    </ClCompile>
    <ClCompile Include="..\..\..\Sketch\libraries\CNCLib\Src\HelpParser.cpp">
      <Filter>CNCLib</Filter>
    </ClCompile>
    <ClCompile Include="..\..\..\Sketch\libraries\CNCLib\Src\LCD.cpp">
      <Filter>CNCLib</Filter>
    </ClCompile>
    <ClCompile Include="..\..\..\Sketch\libraries\CNCLib\Src\Parser.cpp">
      <Filter>CNCLib</Filter>
    </ClCompile>
    <ClCompile Include="..\..\..\Sketch\libraries\CNCLib\Src\StreamReader.cpp">
      <Filter>CNCLib</Filter>
    </ClCompile>
    <ClCompile Include="..\..\..\Sketch\libraries\CNCLib\Src\UtilitiesCNCLib.cpp">
      <Filter>CNCLib</Filter>
    </ClCompile>
    <ClCompile Include="..\..\..\Sketch\libraries\CNCLibEx\Src\GCode3DParser.cpp">
      <Filter>CNCLibEx</Filter>
    </ClCompile>
    <ClCompile Include="..\..\..\Sketch\libraries\StepperLib\src\StepperL298N.cpp">
      <Filter>StepperLib</Filter>
    </ClCompile>
    <ClCompile Include="..\..\..\Sketch\libraries\StepperLib\src\HAL_AVR.cpp">
      <Filter>StepperLib</Filter>
    </ClCompile>
    <ClCompile Include="..\..\..\Sketch\libraries\StepperLib\src\HAL_Sam3x8e.cpp">
      <Filter>StepperLib</Filter>
    </ClCompile>
    <ClCompile Include="..\..\..\Sketch\libraries\StepperLib\src\StepperTB6560.cpp">
      <Filter>StepperLib</Filter>
    </ClCompile>
    <ClCompile Include="..\..\..\Sketch\libraries\CNCLib\Src\GCodeParserBase.cpp">
      <Filter>CNCLib</Filter>
    </ClCompile>
    <ClCompile Include="..\..\..\Sketch\libraries\CNCLibEx\Src\Control3D.cpp">
      <Filter>CNCLibEx</Filter>
    </ClCompile>
    <ClCompile Include="..\..\..\Sketch\libraries\CNCLib\Src\MotionControlBase.cpp">
      <Filter>CNCLib</Filter>
    </ClCompile>
    <ClCompile Include="..\..\..\Sketch\libraries\CNCLib\Src\MotionControl.cpp">
      <Filter>CNCLib</Filter>
    </ClCompile>
    <ClCompile Include="..\..\..\Sketch\libraries\StepperLib\src\StepperMash6050S.cpp">
      <Filter>StepperLib</Filter>
    </ClCompile>
    <ClCompile Include="..\..\..\Sketch\libraries\CNCLib\Src\MenuBase.cpp">
      <Filter>CNCLib</Filter>
    </ClCompile>
    <ClCompile Include="..\..\..\Sketch\libraries\CNCLib\Src\Beep.cpp">
      <Filter>CNCLib</Filter>
    </ClCompile>
    <ClCompile Include="..\..\..\Sketch\libraries\CNCLibEx\Src\U8GLCD.cpp">
      <Filter>CNCLibEx</Filter>
    </ClCompile>
  </ItemGroup>
</Project>