<?xml version="1.0" encoding="utf-8"?>
<Project ToolsVersion="12.0" xmlns="http://schemas.microsoft.com/developer/msbuild/2003">
  <ItemGroup>
    <Filter Include="MsvcExt">
      <UniqueIdentifier>{e5211211-62db-4da0-91fc-4b122e85d611}</UniqueIdentifier>
    </Filter>
    <Filter Include="MsvcStepper">
      <UniqueIdentifier>{76bc09d4-50a0-49d8-ae90-ea548336f57f}</UniqueIdentifier>
    </Filter>
    <Filter Include="StepperSystem">
      <UniqueIdentifier>{68b0d30c-d356-44a8-b637-337fb170abed}</UniqueIdentifier>
    </Filter>
  </ItemGroup>
  <ItemGroup>
    <ClInclude Include="..\Include\arduino.h">
      <Filter>MsvcExt</Filter>
    </ClInclude>
    <ClInclude Include="..\Include\HardwareSerial.h">
      <Filter>MsvcExt</Filter>
    </ClInclude>
    <ClInclude Include="..\Include\LiquidCrystal_I2C.h">
      <Filter>MsvcExt</Filter>
    </ClInclude>
    <ClInclude Include="..\Include\SD.h">
      <Filter>MsvcExt</Filter>
    </ClInclude>
    <ClInclude Include="..\Include\SPI.h">
      <Filter>MsvcExt</Filter>
    </ClInclude>
    <ClInclude Include="..\Include\u8glib.h">
      <Filter>MsvcExt</Filter>
    </ClInclude>
    <ClInclude Include="..\MsvcStepper\MsvcStepper.h">
      <Filter>MsvcStepper</Filter>
    </ClInclude>
    <ClInclude Include="..\..\..\Sketch\libraries\StepperSystem\src\Configuration.h">
      <Filter>StepperSystem</Filter>
    </ClInclude>
    <ClInclude Include="..\..\..\Sketch\libraries\StepperSystem\src\Control.h">
      <Filter>StepperSystem</Filter>
    </ClInclude>
    <ClInclude Include="..\..\..\Sketch\libraries\StepperSystem\src\ExpressionParser.h">
      <Filter>StepperSystem</Filter>
    </ClInclude>
    <ClInclude Include="..\..\..\Sketch\libraries\StepperSystem\src\fastio.h">
      <Filter>StepperSystem</Filter>
    </ClInclude>
    <ClInclude Include="..\..\..\Sketch\libraries\StepperSystem\src\HAL.h">
      <Filter>StepperSystem</Filter>
    </ClInclude>
    <ClInclude Include="..\..\..\Sketch\libraries\StepperSystem\src\HelpParser.h">
      <Filter>StepperSystem</Filter>
    </ClInclude>
    <ClInclude Include="..\..\..\Sketch\libraries\StepperSystem\src\LCD.h">
      <Filter>StepperSystem</Filter>
    </ClInclude>
    <ClInclude Include="..\..\..\Sketch\libraries\StepperSystem\src\MotionControl.h">
      <Filter>StepperSystem</Filter>
    </ClInclude>
    <ClInclude Include="..\..\..\Sketch\libraries\StepperSystem\src\Parser.h">
      <Filter>StepperSystem</Filter>
    </ClInclude>
    <ClInclude Include="..\..\..\Sketch\libraries\StepperSystem\src\RingBuffer.h">
      <Filter>StepperSystem</Filter>
    </ClInclude>
    <ClInclude Include="..\..\..\Sketch\libraries\StepperSystem\src\Stepper.h">
      <Filter>StepperSystem</Filter>
    </ClInclude>
    <ClInclude Include="..\..\..\Sketch\libraries\StepperSystem\src\StepperSystem.h">
      <Filter>StepperSystem</Filter>
    </ClInclude>
    <ClInclude Include="..\..\..\Sketch\libraries\StepperSystem\src\StepperRamps14.h">
      <Filter>StepperSystem</Filter>
    </ClInclude>
    <ClInclude Include="..\..\..\Sketch\libraries\StepperSystem\src\StepperRamps14_pins.h">
      <Filter>StepperSystem</Filter>
    </ClInclude>
    <ClInclude Include="..\..\..\Sketch\libraries\StepperSystem\src\StepperRampsFD.h">
      <Filter>StepperSystem</Filter>
    </ClInclude>
    <ClInclude Include="..\..\..\Sketch\libraries\StepperSystem\src\StepperSMC800.h">
      <Filter>StepperSystem</Filter>
    </ClInclude>
    <ClInclude Include="..\..\..\Sketch\libraries\StepperSystem\src\StreamReader.h">
      <Filter>StepperSystem</Filter>
    </ClInclude>
    <ClInclude Include="..\..\..\Sketch\libraries\StepperSystem\src\Utilities.h">
      <Filter>StepperSystem</Filter>
    </ClInclude>
    <ClInclude Include="..\..\..\Sketch\libraries\StepperSystem\src\StepperRampsFD_pins.h">
      <Filter>StepperSystem</Filter>
    </ClInclude>
    <ClInclude Include="..\..\..\Sketch\libraries\StepperSystem\src\RotaryButton.h">
      <Filter>StepperSystem</Filter>
    </ClInclude>
    <ClInclude Include="..\..\..\Sketch\libraries\StepperSystem\src\GCodeExpressionParser.h">
      <Filter>StepperSystem</Filter>
    </ClInclude>
    <ClInclude Include="..\..\..\Sketch\libraries\StepperSystem\src\GCodeParser.h">
      <Filter>StepperSystem</Filter>
    </ClInclude>
    <ClInclude Include="..\..\..\Sketch\libraries\StepperSystem\src\GCodeTools.h">
      <Filter>StepperSystem</Filter>
    </ClInclude>
  </ItemGroup>
  <ItemGroup>
    <ClCompile Include="..\MsvcStepper\MsvcStepper.cpp">
      <Filter>MsvcStepper</Filter>
    </ClCompile>
    <ClCompile Include="..\..\..\Sketch\libraries\StepperSystem\src\Control.cpp">
      <Filter>StepperSystem</Filter>
    </ClCompile>
    <ClCompile Include="..\..\..\Sketch\libraries\StepperSystem\src\ExpressionParser.cpp">
      <Filter>StepperSystem</Filter>
    </ClCompile>
    <ClCompile Include="..\..\..\Sketch\libraries\StepperSystem\src\HAL.cpp">
      <Filter>StepperSystem</Filter>
    </ClCompile>
    <ClCompile Include="..\..\..\Sketch\libraries\StepperSystem\src\HelpParser.cpp">
      <Filter>StepperSystem</Filter>
    </ClCompile>
    <ClCompile Include="..\..\..\Sketch\libraries\StepperSystem\src\LCD.cpp">
      <Filter>StepperSystem</Filter>
    </ClCompile>
    <ClCompile Include="..\..\..\Sketch\libraries\StepperSystem\src\MotionControl.cpp">
      <Filter>StepperSystem</Filter>
    </ClCompile>
    <ClCompile Include="..\..\..\Sketch\libraries\StepperSystem\src\Parser.cpp">
      <Filter>StepperSystem</Filter>
    </ClCompile>
    <ClCompile Include="..\..\..\Sketch\libraries\StepperSystem\src\Stepper.cpp">
      <Filter>StepperSystem</Filter>
    </ClCompile>
    <ClCompile Include="..\..\..\Sketch\libraries\StepperSystem\src\StepperRamps14.cpp">
      <Filter>StepperSystem</Filter>
    </ClCompile>
    <ClCompile Include="..\..\..\Sketch\libraries\StepperSystem\src\StepperRampsFD.cpp">
      <Filter>StepperSystem</Filter>
    </ClCompile>
    <ClCompile Include="..\..\..\Sketch\libraries\StepperSystem\src\StepperSMC800.cpp">
      <Filter>StepperSystem</Filter>
    </ClCompile>
    <ClCompile Include="..\..\..\Sketch\libraries\StepperSystem\src\StreamReader.cpp">
      <Filter>StepperSystem</Filter>
    </ClCompile>
    <ClCompile Include="..\..\..\Sketch\libraries\StepperSystem\src\Utilities.cpp">
      <Filter>StepperSystem</Filter>
    </ClCompile>
    <ClCompile Include="..\..\..\Sketch\libraries\StepperSystem\src\GCodeExpressionParser.cpp">
      <Filter>StepperSystem</Filter>
    </ClCompile>
    <ClCompile Include="..\..\..\Sketch\libraries\StepperSystem\src\GCodeParser.cpp">
      <Filter>StepperSystem</Filter>
    </ClCompile>
    <ClCompile Include="..\..\..\Sketch\libraries\StepperSystem\src\GCodeTools.cpp">
      <Filter>StepperSystem</Filter>
    </ClCompile>
  </ItemGroup>
</Project>