
Microsoft Visual Studio Solution File, Format Version 12.00
# Visual Studio 14
VisualStudioVersion = 14.0.23107.0
MinimumVisualStudioVersion = 10.0.40219.1
Project("{FAE04EC0-301F-11D3-BF4B-00C04F79EFBC}") = "Proxxon.Logic", "Proxxon.Logic\Proxxon.Logic.csproj", "{36B9838B-493F-4BAC-A8D3-35298C4FFDC7}"
EndProject
Project("{FAE04EC0-301F-11D3-BF4B-00C04F79EFBC}") = "Framework.Logic", "..\Framework\Framework.Logic\Framework.Logic.csproj", "{081814DA-ADC7-4B65-AE16-856C1B3D3CE8}"
EndProject
Project("{FAE04EC0-301F-11D3-BF4B-00C04F79EFBC}") = "Framework.Tools", "..\Framework\Framework.Tools\Framework.Tools.csproj", "{580E882D-3267-43F2-8A73-6737CAC731C2}"
EndProject
Project("{FAE04EC0-301F-11D3-BF4B-00C04F79EFBC}") = "Framework.Wpf", "..\Framework\Framework.Wpf\Framework.Wpf.csproj", "{8568383E-054D-4882-8D6A-B956684CFAAE}"
EndProject
Project("{FAE04EC0-301F-11D3-BF4B-00C04F79EFBC}") = "Proxxon.Wpf", "Proxxon.Wpf\Proxxon.Wpf.csproj", "{60555245-D32E-4A94-AB0E-CB2A6693A9BA}"
EndProject
Project("{FAE04EC0-301F-11D3-BF4B-00C04F79EFBC}") = "Proxxon.GCode", "Proxxon.GCode\Proxxon.GCode.csproj", "{F9C446F4-6365-4189-95C5-009EF0160882}"
EndProject
Project("{FAE04EC0-301F-11D3-BF4B-00C04F79EFBC}") = "Proxxon.GUI", "Proxxon.GUI\Proxxon.GUI.csproj", "{55108499-FAC2-4F19-B88E-9E240CCCBD60}"
EndProject
Project("{FAE04EC0-301F-11D3-BF4B-00C04F79EFBC}") = "Proxxon.Repository", "Proxxon.Repository\Proxxon.Repository.csproj", "{D689CD99-A022-4F38-8AE1-A269C82A729C}"
EndProject
Project("{FAE04EC0-301F-11D3-BF4B-00C04F79EFBC}") = "Proxxon.Tests", "Proxxon.Tests\Proxxon.Tests.csproj", "{E73BAF77-EAF6-41F0-BF6A-FF6F5BC71062}"
EndProject
Project("{FAE04EC0-301F-11D3-BF4B-00C04F79EFBC}") = "Framework.EF", "..\Framework\Framework.EF\Framework.EF.csproj", "{E768F2ED-C63D-401E-A090-1C0465A84DF5}"
EndProject
Project("{FAE04EC0-301F-11D3-BF4B-00C04F79EFBC}") = "Proxxon.Wpf.Start", "Proxxon.Wpf.Start\Proxxon.Wpf.Start.csproj", "{D6077813-9EAF-4807-B4AA-EF00BCCE9827}"
EndProject
Global
	GlobalSection(SolutionConfigurationPlatforms) = preSolution
		Debug|Any CPU = Debug|Any CPU
		Debug|Mixed Platforms = Debug|Mixed Platforms
		Debug|x86 = Debug|x86
		Release|Any CPU = Release|Any CPU
		Release|Mixed Platforms = Release|Mixed Platforms
		Release|x86 = Release|x86
	EndGlobalSection
	GlobalSection(ProjectConfigurationPlatforms) = postSolution
		{36B9838B-493F-4BAC-A8D3-35298C4FFDC7}.Debug|Any CPU.ActiveCfg = Debug|Any CPU
		{36B9838B-493F-4BAC-A8D3-35298C4FFDC7}.Debug|Any CPU.Build.0 = Debug|Any CPU
		{36B9838B-493F-4BAC-A8D3-35298C4FFDC7}.Debug|Mixed Platforms.ActiveCfg = Debug|Any CPU
		{36B9838B-493F-4BAC-A8D3-35298C4FFDC7}.Debug|Mixed Platforms.Build.0 = Debug|Any CPU
		{36B9838B-493F-4BAC-A8D3-35298C4FFDC7}.Debug|x86.ActiveCfg = Debug|Any CPU
		{36B9838B-493F-4BAC-A8D3-35298C4FFDC7}.Release|Any CPU.ActiveCfg = Release|Any CPU
		{36B9838B-493F-4BAC-A8D3-35298C4FFDC7}.Release|Any CPU.Build.0 = Release|Any CPU
		{36B9838B-493F-4BAC-A8D3-35298C4FFDC7}.Release|Mixed Platforms.ActiveCfg = Release|Any CPU
		{36B9838B-493F-4BAC-A8D3-35298C4FFDC7}.Release|Mixed Platforms.Build.0 = Release|Any CPU
		{36B9838B-493F-4BAC-A8D3-35298C4FFDC7}.Release|x86.ActiveCfg = Release|Any CPU
		{081814DA-ADC7-4B65-AE16-856C1B3D3CE8}.Debug|Any CPU.ActiveCfg = Debug|Any CPU
		{081814DA-ADC7-4B65-AE16-856C1B3D3CE8}.Debug|Any CPU.Build.0 = Debug|Any CPU
		{081814DA-ADC7-4B65-AE16-856C1B3D3CE8}.Debug|Mixed Platforms.ActiveCfg = Debug|Any CPU
		{081814DA-ADC7-4B65-AE16-856C1B3D3CE8}.Debug|Mixed Platforms.Build.0 = Debug|Any CPU
		{081814DA-ADC7-4B65-AE16-856C1B3D3CE8}.Debug|x86.ActiveCfg = Debug|Any CPU
		{081814DA-ADC7-4B65-AE16-856C1B3D3CE8}.Release|Any CPU.ActiveCfg = Release|Any CPU
		{081814DA-ADC7-4B65-AE16-856C1B3D3CE8}.Release|Any CPU.Build.0 = Release|Any CPU
		{081814DA-ADC7-4B65-AE16-856C1B3D3CE8}.Release|Mixed Platforms.ActiveCfg = Release|Any CPU
		{081814DA-ADC7-4B65-AE16-856C1B3D3CE8}.Release|Mixed Platforms.Build.0 = Release|Any CPU
		{081814DA-ADC7-4B65-AE16-856C1B3D3CE8}.Release|x86.ActiveCfg = Release|Any CPU
		{580E882D-3267-43F2-8A73-6737CAC731C2}.Debug|Any CPU.ActiveCfg = Debug|Any CPU
		{580E882D-3267-43F2-8A73-6737CAC731C2}.Debug|Any CPU.Build.0 = Debug|Any CPU
		{580E882D-3267-43F2-8A73-6737CAC731C2}.Debug|Mixed Platforms.ActiveCfg = Debug|Any CPU
		{580E882D-3267-43F2-8A73-6737CAC731C2}.Debug|Mixed Platforms.Build.0 = Debug|Any CPU
		{580E882D-3267-43F2-8A73-6737CAC731C2}.Debug|x86.ActiveCfg = Debug|Any CPU
		{580E882D-3267-43F2-8A73-6737CAC731C2}.Release|Any CPU.ActiveCfg = Release|Any CPU
		{580E882D-3267-43F2-8A73-6737CAC731C2}.Release|Any CPU.Build.0 = Release|Any CPU
		{580E882D-3267-43F2-8A73-6737CAC731C2}.Release|Mixed Platforms.ActiveCfg = Release|Any CPU
		{580E882D-3267-43F2-8A73-6737CAC731C2}.Release|Mixed Platforms.Build.0 = Release|Any CPU
		{580E882D-3267-43F2-8A73-6737CAC731C2}.Release|x86.ActiveCfg = Release|Any CPU
		{8568383E-054D-4882-8D6A-B956684CFAAE}.Debug|Any CPU.ActiveCfg = Debug|Any CPU
		{8568383E-054D-4882-8D6A-B956684CFAAE}.Debug|Any CPU.Build.0 = Debug|Any CPU
		{8568383E-054D-4882-8D6A-B956684CFAAE}.Debug|Mixed Platforms.ActiveCfg = Debug|Any CPU
		{8568383E-054D-4882-8D6A-B956684CFAAE}.Debug|Mixed Platforms.Build.0 = Debug|Any CPU
		{8568383E-054D-4882-8D6A-B956684CFAAE}.Debug|x86.ActiveCfg = Debug|Any CPU
		{8568383E-054D-4882-8D6A-B956684CFAAE}.Release|Any CPU.ActiveCfg = Release|Any CPU
		{8568383E-054D-4882-8D6A-B956684CFAAE}.Release|Any CPU.Build.0 = Release|Any CPU
		{8568383E-054D-4882-8D6A-B956684CFAAE}.Release|Mixed Platforms.ActiveCfg = Release|Any CPU
		{8568383E-054D-4882-8D6A-B956684CFAAE}.Release|Mixed Platforms.Build.0 = Release|Any CPU
		{8568383E-054D-4882-8D6A-B956684CFAAE}.Release|x86.ActiveCfg = Release|Any CPU
		{60555245-D32E-4A94-AB0E-CB2A6693A9BA}.Debug|Any CPU.ActiveCfg = Debug|x86
		{60555245-D32E-4A94-AB0E-CB2A6693A9BA}.Debug|Mixed Platforms.ActiveCfg = Debug|x86
		{60555245-D32E-4A94-AB0E-CB2A6693A9BA}.Debug|Mixed Platforms.Build.0 = Debug|x86
		{60555245-D32E-4A94-AB0E-CB2A6693A9BA}.Debug|x86.ActiveCfg = Debug|x86
		{60555245-D32E-4A94-AB0E-CB2A6693A9BA}.Debug|x86.Build.0 = Debug|x86
		{60555245-D32E-4A94-AB0E-CB2A6693A9BA}.Release|Any CPU.ActiveCfg = Release|x86
		{60555245-D32E-4A94-AB0E-CB2A6693A9BA}.Release|Mixed Platforms.ActiveCfg = Release|x86
		{60555245-D32E-4A94-AB0E-CB2A6693A9BA}.Release|Mixed Platforms.Build.0 = Release|x86
		{60555245-D32E-4A94-AB0E-CB2A6693A9BA}.Release|x86.ActiveCfg = Release|x86
		{60555245-D32E-4A94-AB0E-CB2A6693A9BA}.Release|x86.Build.0 = Release|x86
		{F9C446F4-6365-4189-95C5-009EF0160882}.Debug|Any CPU.ActiveCfg = Debug|Any CPU
		{F9C446F4-6365-4189-95C5-009EF0160882}.Debug|Any CPU.Build.0 = Debug|Any CPU
		{F9C446F4-6365-4189-95C5-009EF0160882}.Debug|Mixed Platforms.ActiveCfg = Debug|Any CPU
		{F9C446F4-6365-4189-95C5-009EF0160882}.Debug|Mixed Platforms.Build.0 = Debug|Any CPU
		{F9C446F4-6365-4189-95C5-009EF0160882}.Debug|x86.ActiveCfg = Debug|Any CPU
		{F9C446F4-6365-4189-95C5-009EF0160882}.Release|Any CPU.ActiveCfg = Release|Any CPU
		{F9C446F4-6365-4189-95C5-009EF0160882}.Release|Any CPU.Build.0 = Release|Any CPU
		{F9C446F4-6365-4189-95C5-009EF0160882}.Release|Mixed Platforms.ActiveCfg = Release|Any CPU
		{F9C446F4-6365-4189-95C5-009EF0160882}.Release|Mixed Platforms.Build.0 = Release|Any CPU
		{F9C446F4-6365-4189-95C5-009EF0160882}.Release|x86.ActiveCfg = Release|Any CPU
		{55108499-FAC2-4F19-B88E-9E240CCCBD60}.Debug|Any CPU.ActiveCfg = Debug|x86
		{55108499-FAC2-4F19-B88E-9E240CCCBD60}.Debug|Mixed Platforms.ActiveCfg = Debug|x86
		{55108499-FAC2-4F19-B88E-9E240CCCBD60}.Debug|Mixed Platforms.Build.0 = Debug|x86
		{55108499-FAC2-4F19-B88E-9E240CCCBD60}.Debug|x86.ActiveCfg = Debug|x86
		{55108499-FAC2-4F19-B88E-9E240CCCBD60}.Debug|x86.Build.0 = Debug|x86
		{55108499-FAC2-4F19-B88E-9E240CCCBD60}.Release|Any CPU.ActiveCfg = Release|x86
		{55108499-FAC2-4F19-B88E-9E240CCCBD60}.Release|Mixed Platforms.ActiveCfg = Release|x86
		{55108499-FAC2-4F19-B88E-9E240CCCBD60}.Release|Mixed Platforms.Build.0 = Release|x86
		{55108499-FAC2-4F19-B88E-9E240CCCBD60}.Release|x86.ActiveCfg = Release|x86
		{55108499-FAC2-4F19-B88E-9E240CCCBD60}.Release|x86.Build.0 = Release|x86
		{D689CD99-A022-4F38-8AE1-A269C82A729C}.Debug|Any CPU.ActiveCfg = Debug|Any CPU
		{D689CD99-A022-4F38-8AE1-A269C82A729C}.Debug|Any CPU.Build.0 = Debug|Any CPU
		{D689CD99-A022-4F38-8AE1-A269C82A729C}.Debug|Mixed Platforms.ActiveCfg = Debug|Any CPU
		{D689CD99-A022-4F38-8AE1-A269C82A729C}.Debug|Mixed Platforms.Build.0 = Debug|Any CPU
		{D689CD99-A022-4F38-8AE1-A269C82A729C}.Debug|x86.ActiveCfg = Debug|Any CPU
		{D689CD99-A022-4F38-8AE1-A269C82A729C}.Release|Any CPU.ActiveCfg = Release|Any CPU
		{D689CD99-A022-4F38-8AE1-A269C82A729C}.Release|Any CPU.Build.0 = Release|Any CPU
		{D689CD99-A022-4F38-8AE1-A269C82A729C}.Release|Mixed Platforms.ActiveCfg = Release|Any CPU
		{D689CD99-A022-4F38-8AE1-A269C82A729C}.Release|Mixed Platforms.Build.0 = Release|Any CPU
		{D689CD99-A022-4F38-8AE1-A269C82A729C}.Release|x86.ActiveCfg = Release|Any CPU
		{E73BAF77-EAF6-41F0-BF6A-FF6F5BC71062}.Debug|Any CPU.ActiveCfg = Debug|Any CPU
		{E73BAF77-EAF6-41F0-BF6A-FF6F5BC71062}.Debug|Any CPU.Build.0 = Debug|Any CPU
		{E73BAF77-EAF6-41F0-BF6A-FF6F5BC71062}.Debug|Mixed Platforms.ActiveCfg = Debug|Any CPU
		{E73BAF77-EAF6-41F0-BF6A-FF6F5BC71062}.Debug|Mixed Platforms.Build.0 = Debug|Any CPU
		{E73BAF77-EAF6-41F0-BF6A-FF6F5BC71062}.Debug|x86.ActiveCfg = Debug|Any CPU
		{E73BAF77-EAF6-41F0-BF6A-FF6F5BC71062}.Release|Any CPU.ActiveCfg = Release|Any CPU
		{E73BAF77-EAF6-41F0-BF6A-FF6F5BC71062}.Release|Any CPU.Build.0 = Release|Any CPU
		{E73BAF77-EAF6-41F0-BF6A-FF6F5BC71062}.Release|Mixed Platforms.ActiveCfg = Release|Any CPU
		{E73BAF77-EAF6-41F0-BF6A-FF6F5BC71062}.Release|Mixed Platforms.Build.0 = Release|Any CPU
		{E73BAF77-EAF6-41F0-BF6A-FF6F5BC71062}.Release|x86.ActiveCfg = Release|Any CPU
		{E768F2ED-C63D-401E-A090-1C0465A84DF5}.Debug|Any CPU.ActiveCfg = Debug|Any CPU
		{E768F2ED-C63D-401E-A090-1C0465A84DF5}.Debug|Any CPU.Build.0 = Debug|Any CPU
		{E768F2ED-C63D-401E-A090-1C0465A84DF5}.Debug|Mixed Platforms.ActiveCfg = Debug|Any CPU
		{E768F2ED-C63D-401E-A090-1C0465A84DF5}.Debug|Mixed Platforms.Build.0 = Debug|Any CPU
		{E768F2ED-C63D-401E-A090-1C0465A84DF5}.Debug|x86.ActiveCfg = Debug|Any CPU
		{E768F2ED-C63D-401E-A090-1C0465A84DF5}.Release|Any CPU.ActiveCfg = Release|Any CPU
		{E768F2ED-C63D-401E-A090-1C0465A84DF5}.Release|Any CPU.Build.0 = Release|Any CPU
		{E768F2ED-C63D-401E-A090-1C0465A84DF5}.Release|Mixed Platforms.ActiveCfg = Release|Any CPU
		{E768F2ED-C63D-401E-A090-1C0465A84DF5}.Release|Mixed Platforms.Build.0 = Release|Any CPU
		{E768F2ED-C63D-401E-A090-1C0465A84DF5}.Release|x86.ActiveCfg = Release|Any CPU
		{D6077813-9EAF-4807-B4AA-EF00BCCE9827}.Debug|Any CPU.ActiveCfg = Debug|Any CPU
		{D6077813-9EAF-4807-B4AA-EF00BCCE9827}.Debug|Any CPU.Build.0 = Debug|Any CPU
		{D6077813-9EAF-4807-B4AA-EF00BCCE9827}.Debug|Mixed Platforms.ActiveCfg = Debug|Any CPU
		{D6077813-9EAF-4807-B4AA-EF00BCCE9827}.Debug|Mixed Platforms.Build.0 = Debug|Any CPU
		{D6077813-9EAF-4807-B4AA-EF00BCCE9827}.Debug|x86.ActiveCfg = Debug|Any CPU
		{D6077813-9EAF-4807-B4AA-EF00BCCE9827}.Release|Any CPU.ActiveCfg = Release|Any CPU
		{D6077813-9EAF-4807-B4AA-EF00BCCE9827}.Release|Any CPU.Build.0 = Release|Any CPU
		{D6077813-9EAF-4807-B4AA-EF00BCCE9827}.Release|Mixed Platforms.ActiveCfg = Release|Any CPU
		{D6077813-9EAF-4807-B4AA-EF00BCCE9827}.Release|Mixed Platforms.Build.0 = Release|Any CPU
		{D6077813-9EAF-4807-B4AA-EF00BCCE9827}.Release|x86.ActiveCfg = Release|Any CPU
	EndGlobalSection
	GlobalSection(SolutionProperties) = preSolution
		HideSolutionNode = FALSE
	EndGlobalSection
EndGlobal
