
Microsoft Visual Studio Solution File, Format Version 12.00
# Visual Studio 14
VisualStudioVersion = 14.0.25123.0
MinimumVisualStudioVersion = 10.0.40219.1
Project("{FAE04EC0-301F-11D3-BF4B-00C04F79EFBC}") = "CreateThermistorLookupBeta", "CreateThermistorLookupBeta\CreateThermistorLookupBeta.csproj", "{854DFACE-7D62-4543-81A4-E02986D5E282}"
EndProject
Global
	GlobalSection(SolutionConfigurationPlatforms) = preSolution
		Debug|Any CPU = Debug|Any CPU
		Release|Any CPU = Release|Any CPU
	EndGlobalSection
	GlobalSection(ProjectConfigurationPlatforms) = postSolution
		{854DFACE-7D62-4543-81A4-E02986D5E282}.Debug|Any CPU.ActiveCfg = Debug|Any CPU
		{854DFACE-7D62-4543-81A4-E02986D5E282}.Debug|Any CPU.Build.0 = Debug|Any CPU
		{854DFACE-7D62-4543-81A4-E02986D5E282}.Release|Any CPU.ActiveCfg = Release|Any CPU
		{854DFACE-7D62-4543-81A4-E02986D5E282}.Release|Any CPU.Build.0 = Release|Any CPU
	EndGlobalSection
	GlobalSection(SolutionProperties) = preSolution
		HideSolutionNode = FALSE
	EndGlobalSection
EndGlobal
