<?xml version="1.0" encoding="utf-8"?>
<Project ToolsVersion="14.0" xmlns="http://schemas.microsoft.com/developer/msbuild/2003">
  <ItemGroup>
    <Filter Include="Source Files">
      <UniqueIdentifier>{4FC737F1-C7A5-4376-A066-2A32D752A2FF}</UniqueIdentifier>
      <Extensions>cpp;c;cc;cxx;def;odl;idl;hpj;bat;asm;asmx</Extensions>
    </Filter>
    <Filter Include="MsvcStepper">
      <UniqueIdentifier>{695a2f60-28e6-4861-becb-202f3ecd02be}</UniqueIdentifier>
    </Filter>
    <Filter Include="Plotter">
      <UniqueIdentifier>{8bd08f54-b62d-4a9c-b0bd-4d7a50e5854c}</UniqueIdentifier>
    </Filter>
    <Filter Include="Plotter\LCD_12864_u8g">
      <UniqueIdentifier>{76bf99f1-191f-4345-95c6-8e6854d5b753}</UniqueIdentifier>
    </Filter>
  </ItemGroup>
  <ItemGroup>
    <ClInclude Include="..\MsvcStepper\MsvcStepper.h">
      <Filter>MsvcStepper</Filter>
    </ClInclude>
    <ClInclude Include="stdafx.h">
      <Filter>Source Files</Filter>
    </ClInclude>
    <ClInclude Include="targetver.h">
      <Filter>Source Files</Filter>
    </ClInclude>
    <ClInclude Include="..\Include\arduino.h">
      <Filter>Source Files</Filter>
    </ClInclude>
    <ClInclude Include="..\..\..\Sketch\Plotter\MyControl.h">
      <Filter>Plotter</Filter>
    </ClInclude>
    <ClInclude Include="..\..\..\Sketch\Plotter\MyLCD.h">
      <Filter>Plotter</Filter>
    </ClInclude>
    <ClInclude Include="..\..\..\Sketch\Plotter\HPGLParser.h">
      <Filter>Plotter</Filter>
    </ClInclude>
    <ClInclude Include="..\..\..\sketch\Plotter\PlotterControl.h">
      <Filter>Plotter</Filter>
    </ClInclude>
    <ClInclude Include="..\..\..\Sketch\Plotter\Configuration.h">
      <Filter>Plotter</Filter>
    </ClInclude>
    <ClInclude Include="..\..\..\Sketch\Plotter\Configuration_Ramps14.h">
      <Filter>Plotter</Filter>
    </ClInclude>
    <ClInclude Include="..\..\..\Sketch\Plotter\LCD_12864_u8g\MyLCD.h">
      <Filter>Plotter\LCD_12864_u8g</Filter>
    </ClInclude>
    <ClInclude Include="..\..\..\Sketch\Plotter\LCD_12864_u8g\MyMenu.h">
      <Filter>Plotter\LCD_12864_u8g</Filter>
    </ClInclude>
  </ItemGroup>
  <ItemGroup>
    <ClCompile Include="stdafx.cpp">
      <Filter>Source Files</Filter>
    </ClCompile>
    <ClCompile Include="..\MsvcStepper\MsvcStepper.cpp">
      <Filter>MsvcStepper</Filter>
    </ClCompile>
    <ClCompile Include="..\..\..\Sketch\Plotter\MyControl.cpp">
      <Filter>Plotter</Filter>
    </ClCompile>
    <ClCompile Include="..\..\..\Sketch\Plotter\MyLCD.cpp">
      <Filter>Plotter</Filter>
    </ClCompile>
    <ClCompile Include="..\..\..\Sketch\Plotter\HPGLParser.cpp">
      <Filter>Plotter</Filter>
    </ClCompile>
    <ClCompile Include="..\..\..\sketch\Plotter\PlotterControl.cpp">
      <Filter>Plotter</Filter>
    </ClCompile>
    <ClCompile Include="Plotter.cpp">
      <Filter>Source Files</Filter>
    </ClCompile>
    <ClCompile Include="..\..\..\Sketch\Plotter\LCD_12864_u8g\MyLCD.cpp">
      <Filter>Plotter\LCD_12864_u8g</Filter>
    </ClCompile>
    <ClCompile Include="..\..\..\Sketch\Plotter\LCD_12864_u8g\MyMenu.cpp">
      <Filter>Plotter\LCD_12864_u8g</Filter>
    </ClCompile>
  </ItemGroup>
  <ItemGroup>
    <None Include="..\..\..\sketch\Plotter\Plotter.ino">
      <Filter>Plotter</Filter>
    </None>
  </ItemGroup>
</Project>