
Microsoft Visual Studio Solution File, Format Version 12.00
# Visual Studio 2013
VisualStudioVersion = 12.0.31101.0
MinimumVisualStudioVersion = 10.0.40219.1
Project("{8BC9CEB8-8B4A-11D0-8D11-00A0C91BC942}") = "Plotter", "Plotter\Plotter.vcxproj", "{AB8D0B94-F0C2-4593-8509-E31E8132D1E1}"
	ProjectSection(ProjectDependencies) = postProject
		{65F3EA50-71B8-4573-8D35-786D97FDFA91} = {65F3EA50-71B8-4573-8D35-786D97FDFA91}
	EndProjectSection
EndProject
Project("{8BC9CEB8-8B4A-11D0-8D11-00A0C91BC942}") = "StepperOnly", "StepperOnly\MyStepperOnly.vcxproj", "{C930BEDB-0DC2-4794-B9E3-A4111CAC6E78}"
	ProjectSection(ProjectDependencies) = postProject
		{65F3EA50-71B8-4573-8D35-786D97FDFA91} = {65F3EA50-71B8-4573-8D35-786D97FDFA91}
	EndProjectSection
EndProject
Project("{8BC9CEB8-8B4A-11D0-8D11-00A0C91BC942}") = "ProxxonMF70", "ProxxonMF70\ProxxonMF70.vcxproj", "{0C24E926-E2FD-4349-8E0C-847B75167584}"
	ProjectSection(ProjectDependencies) = postProject
		{65F3EA50-71B8-4573-8D35-786D97FDFA91} = {65F3EA50-71B8-4573-8D35-786D97FDFA91}
	EndProjectSection
EndProject
Project("{8BC9CEB8-8B4A-11D0-8D11-00A0C91BC942}") = "StepperSystem", "StepperSystem\StepperSystem.vcxproj", "{65F3EA50-71B8-4573-8D35-786D97FDFA91}"
EndProject
Project("{8BC9CEB8-8B4A-11D0-8D11-00A0C91BC942}") = "StepperTest", "StepperTest\StepperTest.vcxproj", "{230E5EB6-29B4-4A3F-947E-F308CDCA88B6}"
	ProjectSection(ProjectDependencies) = postProject
		{65F3EA50-71B8-4573-8D35-786D97FDFA91} = {65F3EA50-71B8-4573-8D35-786D97FDFA91}
	EndProjectSection
EndProject
Project("{8BC9CEB8-8B4A-11D0-8D11-00A0C91BC942}") = "MiniCNC", "MiniCNC\MiniCNC.vcxproj", "{EE249357-B4C2-4661-AAC8-E1B85C9F53A5}"
	ProjectSection(ProjectDependencies) = postProject
		{65F3EA50-71B8-4573-8D35-786D97FDFA91} = {65F3EA50-71B8-4573-8D35-786D97FDFA91}
	EndProjectSection
EndProject
Project("{8BC9CEB8-8B4A-11D0-8D11-00A0C91BC942}") = "KK1000S", "KK1000S\KK1000S.vcxproj", "{D675EE33-54A4-4F2E-99DA-E3950355E5D3}"
	ProjectSection(ProjectDependencies) = postProject
		{65F3EA50-71B8-4573-8D35-786D97FDFA91} = {65F3EA50-71B8-4573-8D35-786D97FDFA91}
	EndProjectSection
EndProject
Project("{8BC9CEB8-8B4A-11D0-8D11-00A0C91BC942}") = "iRobot", "iRobot\iRobot.vcxproj", "{EF7D9999-7307-4B61-BD62-47D22359D45F}"
	ProjectSection(ProjectDependencies) = postProject
		{65F3EA50-71B8-4573-8D35-786D97FDFA91} = {65F3EA50-71B8-4573-8D35-786D97FDFA91}
	EndProjectSection
EndProject
Global
	GlobalSection(SolutionConfigurationPlatforms) = preSolution
		Debug|Any CPU = Debug|Any CPU
		Debug|ARM = Debug|ARM
		Debug|Mixed Platforms = Debug|Mixed Platforms
		Debug|Win32 = Debug|Win32
		Debug|x64 = Debug|x64
		Release|Any CPU = Release|Any CPU
		Release|ARM = Release|ARM
		Release|Mixed Platforms = Release|Mixed Platforms
		Release|Win32 = Release|Win32
		Release|x64 = Release|x64
	EndGlobalSection
	GlobalSection(ProjectConfigurationPlatforms) = postSolution
		{AB8D0B94-F0C2-4593-8509-E31E8132D1E1}.Debug|Any CPU.ActiveCfg = Debug|Win32
		{AB8D0B94-F0C2-4593-8509-E31E8132D1E1}.Debug|ARM.ActiveCfg = Debug|Win32
		{AB8D0B94-F0C2-4593-8509-E31E8132D1E1}.Debug|Mixed Platforms.ActiveCfg = Debug|Win32
		{AB8D0B94-F0C2-4593-8509-E31E8132D1E1}.Debug|Mixed Platforms.Build.0 = Debug|Win32
		{AB8D0B94-F0C2-4593-8509-E31E8132D1E1}.Debug|Win32.ActiveCfg = Debug|Win32
		{AB8D0B94-F0C2-4593-8509-E31E8132D1E1}.Debug|Win32.Build.0 = Debug|Win32
		{AB8D0B94-F0C2-4593-8509-E31E8132D1E1}.Debug|x64.ActiveCfg = Debug|Win32
		{AB8D0B94-F0C2-4593-8509-E31E8132D1E1}.Release|Any CPU.ActiveCfg = Release|Win32
		{AB8D0B94-F0C2-4593-8509-E31E8132D1E1}.Release|ARM.ActiveCfg = Release|Win32
		{AB8D0B94-F0C2-4593-8509-E31E8132D1E1}.Release|Mixed Platforms.ActiveCfg = Release|Win32
		{AB8D0B94-F0C2-4593-8509-E31E8132D1E1}.Release|Mixed Platforms.Build.0 = Release|Win32
		{AB8D0B94-F0C2-4593-8509-E31E8132D1E1}.Release|Win32.ActiveCfg = Release|Win32
		{AB8D0B94-F0C2-4593-8509-E31E8132D1E1}.Release|Win32.Build.0 = Release|Win32
		{AB8D0B94-F0C2-4593-8509-E31E8132D1E1}.Release|x64.ActiveCfg = Release|Win32
		{C930BEDB-0DC2-4794-B9E3-A4111CAC6E78}.Debug|Any CPU.ActiveCfg = Debug|Win32
		{C930BEDB-0DC2-4794-B9E3-A4111CAC6E78}.Debug|ARM.ActiveCfg = Debug|Win32
		{C930BEDB-0DC2-4794-B9E3-A4111CAC6E78}.Debug|Mixed Platforms.ActiveCfg = Debug|Win32
		{C930BEDB-0DC2-4794-B9E3-A4111CAC6E78}.Debug|Mixed Platforms.Build.0 = Debug|Win32
		{C930BEDB-0DC2-4794-B9E3-A4111CAC6E78}.Debug|Win32.ActiveCfg = Debug|Win32
		{C930BEDB-0DC2-4794-B9E3-A4111CAC6E78}.Debug|Win32.Build.0 = Debug|Win32
		{C930BEDB-0DC2-4794-B9E3-A4111CAC6E78}.Debug|x64.ActiveCfg = Debug|Win32
		{C930BEDB-0DC2-4794-B9E3-A4111CAC6E78}.Release|Any CPU.ActiveCfg = Release|Win32
		{C930BEDB-0DC2-4794-B9E3-A4111CAC6E78}.Release|ARM.ActiveCfg = Release|Win32
		{C930BEDB-0DC2-4794-B9E3-A4111CAC6E78}.Release|Mixed Platforms.ActiveCfg = Release|Win32
		{C930BEDB-0DC2-4794-B9E3-A4111CAC6E78}.Release|Mixed Platforms.Build.0 = Release|Win32
		{C930BEDB-0DC2-4794-B9E3-A4111CAC6E78}.Release|Win32.ActiveCfg = Release|Win32
		{C930BEDB-0DC2-4794-B9E3-A4111CAC6E78}.Release|Win32.Build.0 = Release|Win32
		{C930BEDB-0DC2-4794-B9E3-A4111CAC6E78}.Release|x64.ActiveCfg = Release|Win32
		{0C24E926-E2FD-4349-8E0C-847B75167584}.Debug|Any CPU.ActiveCfg = Debug|Win32
		{0C24E926-E2FD-4349-8E0C-847B75167584}.Debug|ARM.ActiveCfg = Debug|Win32
		{0C24E926-E2FD-4349-8E0C-847B75167584}.Debug|Mixed Platforms.ActiveCfg = Debug|Win32
		{0C24E926-E2FD-4349-8E0C-847B75167584}.Debug|Mixed Platforms.Build.0 = Debug|Win32
		{0C24E926-E2FD-4349-8E0C-847B75167584}.Debug|Win32.ActiveCfg = Debug|Win32
		{0C24E926-E2FD-4349-8E0C-847B75167584}.Debug|Win32.Build.0 = Debug|Win32
		{0C24E926-E2FD-4349-8E0C-847B75167584}.Debug|x64.ActiveCfg = Debug|Win32
		{0C24E926-E2FD-4349-8E0C-847B75167584}.Release|Any CPU.ActiveCfg = Release|Win32
		{0C24E926-E2FD-4349-8E0C-847B75167584}.Release|ARM.ActiveCfg = Release|Win32
		{0C24E926-E2FD-4349-8E0C-847B75167584}.Release|Mixed Platforms.ActiveCfg = Release|Win32
		{0C24E926-E2FD-4349-8E0C-847B75167584}.Release|Mixed Platforms.Build.0 = Release|Win32
		{0C24E926-E2FD-4349-8E0C-847B75167584}.Release|Win32.ActiveCfg = Release|Win32
		{0C24E926-E2FD-4349-8E0C-847B75167584}.Release|Win32.Build.0 = Release|Win32
		{0C24E926-E2FD-4349-8E0C-847B75167584}.Release|x64.ActiveCfg = Release|Win32
		{65F3EA50-71B8-4573-8D35-786D97FDFA91}.Debug|Any CPU.ActiveCfg = Debug|Win32
		{65F3EA50-71B8-4573-8D35-786D97FDFA91}.Debug|ARM.ActiveCfg = Debug|Win32
		{65F3EA50-71B8-4573-8D35-786D97FDFA91}.Debug|Mixed Platforms.ActiveCfg = Debug|Win32
		{65F3EA50-71B8-4573-8D35-786D97FDFA91}.Debug|Mixed Platforms.Build.0 = Debug|Win32
		{65F3EA50-71B8-4573-8D35-786D97FDFA91}.Debug|Win32.ActiveCfg = Debug|Win32
		{65F3EA50-71B8-4573-8D35-786D97FDFA91}.Debug|Win32.Build.0 = Debug|Win32
		{65F3EA50-71B8-4573-8D35-786D97FDFA91}.Debug|x64.ActiveCfg = Debug|Win32
		{65F3EA50-71B8-4573-8D35-786D97FDFA91}.Release|Any CPU.ActiveCfg = Release|Win32
		{65F3EA50-71B8-4573-8D35-786D97FDFA91}.Release|ARM.ActiveCfg = Release|Win32
		{65F3EA50-71B8-4573-8D35-786D97FDFA91}.Release|Mixed Platforms.ActiveCfg = Release|Win32
		{65F3EA50-71B8-4573-8D35-786D97FDFA91}.Release|Mixed Platforms.Build.0 = Release|Win32
		{65F3EA50-71B8-4573-8D35-786D97FDFA91}.Release|Win32.ActiveCfg = Release|Win32
		{65F3EA50-71B8-4573-8D35-786D97FDFA91}.Release|Win32.Build.0 = Release|Win32
		{65F3EA50-71B8-4573-8D35-786D97FDFA91}.Release|x64.ActiveCfg = Release|Win32
		{230E5EB6-29B4-4A3F-947E-F308CDCA88B6}.Debug|Any CPU.ActiveCfg = Debug|Win32
		{230E5EB6-29B4-4A3F-947E-F308CDCA88B6}.Debug|ARM.ActiveCfg = Debug|Win32
		{230E5EB6-29B4-4A3F-947E-F308CDCA88B6}.Debug|Mixed Platforms.ActiveCfg = Debug|Win32
		{230E5EB6-29B4-4A3F-947E-F308CDCA88B6}.Debug|Mixed Platforms.Build.0 = Debug|Win32
		{230E5EB6-29B4-4A3F-947E-F308CDCA88B6}.Debug|Win32.ActiveCfg = Debug|Win32
		{230E5EB6-29B4-4A3F-947E-F308CDCA88B6}.Debug|Win32.Build.0 = Debug|Win32
		{230E5EB6-29B4-4A3F-947E-F308CDCA88B6}.Debug|x64.ActiveCfg = Debug|Win32
		{230E5EB6-29B4-4A3F-947E-F308CDCA88B6}.Release|Any CPU.ActiveCfg = Release|Win32
		{230E5EB6-29B4-4A3F-947E-F308CDCA88B6}.Release|ARM.ActiveCfg = Release|Win32
		{230E5EB6-29B4-4A3F-947E-F308CDCA88B6}.Release|Mixed Platforms.ActiveCfg = Release|Win32
		{230E5EB6-29B4-4A3F-947E-F308CDCA88B6}.Release|Mixed Platforms.Build.0 = Release|Win32
		{230E5EB6-29B4-4A3F-947E-F308CDCA88B6}.Release|Win32.ActiveCfg = Release|Win32
		{230E5EB6-29B4-4A3F-947E-F308CDCA88B6}.Release|Win32.Build.0 = Release|Win32
		{230E5EB6-29B4-4A3F-947E-F308CDCA88B6}.Release|x64.ActiveCfg = Release|Win32
		{EE249357-B4C2-4661-AAC8-E1B85C9F53A5}.Debug|Any CPU.ActiveCfg = Debug|Win32
		{EE249357-B4C2-4661-AAC8-E1B85C9F53A5}.Debug|ARM.ActiveCfg = Debug|Win32
		{EE249357-B4C2-4661-AAC8-E1B85C9F53A5}.Debug|Mixed Platforms.ActiveCfg = Debug|Win32
		{EE249357-B4C2-4661-AAC8-E1B85C9F53A5}.Debug|Mixed Platforms.Build.0 = Debug|Win32
		{EE249357-B4C2-4661-AAC8-E1B85C9F53A5}.Debug|Win32.ActiveCfg = Debug|Win32
		{EE249357-B4C2-4661-AAC8-E1B85C9F53A5}.Debug|Win32.Build.0 = Debug|Win32
		{EE249357-B4C2-4661-AAC8-E1B85C9F53A5}.Debug|x64.ActiveCfg = Debug|Win32
		{EE249357-B4C2-4661-AAC8-E1B85C9F53A5}.Release|Any CPU.ActiveCfg = Release|Win32
		{EE249357-B4C2-4661-AAC8-E1B85C9F53A5}.Release|ARM.ActiveCfg = Release|Win32
		{EE249357-B4C2-4661-AAC8-E1B85C9F53A5}.Release|Mixed Platforms.ActiveCfg = Release|Win32
		{EE249357-B4C2-4661-AAC8-E1B85C9F53A5}.Release|Mixed Platforms.Build.0 = Release|Win32
		{EE249357-B4C2-4661-AAC8-E1B85C9F53A5}.Release|Win32.ActiveCfg = Release|Win32
		{EE249357-B4C2-4661-AAC8-E1B85C9F53A5}.Release|Win32.Build.0 = Release|Win32
		{EE249357-B4C2-4661-AAC8-E1B85C9F53A5}.Release|x64.ActiveCfg = Release|Win32
		{D675EE33-54A4-4F2E-99DA-E3950355E5D3}.Debug|Any CPU.ActiveCfg = Debug|Win32
		{D675EE33-54A4-4F2E-99DA-E3950355E5D3}.Debug|ARM.ActiveCfg = Debug|Win32
		{D675EE33-54A4-4F2E-99DA-E3950355E5D3}.Debug|Mixed Platforms.ActiveCfg = Debug|Win32
		{D675EE33-54A4-4F2E-99DA-E3950355E5D3}.Debug|Mixed Platforms.Build.0 = Debug|Win32
		{D675EE33-54A4-4F2E-99DA-E3950355E5D3}.Debug|Win32.ActiveCfg = Debug|Win32
		{D675EE33-54A4-4F2E-99DA-E3950355E5D3}.Debug|Win32.Build.0 = Debug|Win32
		{D675EE33-54A4-4F2E-99DA-E3950355E5D3}.Debug|x64.ActiveCfg = Debug|Win32
		{D675EE33-54A4-4F2E-99DA-E3950355E5D3}.Release|Any CPU.ActiveCfg = Release|Win32
		{D675EE33-54A4-4F2E-99DA-E3950355E5D3}.Release|ARM.ActiveCfg = Release|Win32
		{D675EE33-54A4-4F2E-99DA-E3950355E5D3}.Release|Mixed Platforms.ActiveCfg = Release|Win32
		{D675EE33-54A4-4F2E-99DA-E3950355E5D3}.Release|Mixed Platforms.Build.0 = Release|Win32
		{D675EE33-54A4-4F2E-99DA-E3950355E5D3}.Release|Win32.ActiveCfg = Release|Win32
		{D675EE33-54A4-4F2E-99DA-E3950355E5D3}.Release|Win32.Build.0 = Release|Win32
		{D675EE33-54A4-4F2E-99DA-E3950355E5D3}.Release|x64.ActiveCfg = Release|Win32
		{EF7D9999-7307-4B61-BD62-47D22359D45F}.Debug|Any CPU.ActiveCfg = Debug|Win32
		{EF7D9999-7307-4B61-BD62-47D22359D45F}.Debug|ARM.ActiveCfg = Debug|Win32
		{EF7D9999-7307-4B61-BD62-47D22359D45F}.Debug|Mixed Platforms.ActiveCfg = Debug|Win32
		{EF7D9999-7307-4B61-BD62-47D22359D45F}.Debug|Mixed Platforms.Build.0 = Debug|Win32
		{EF7D9999-7307-4B61-BD62-47D22359D45F}.Debug|Win32.ActiveCfg = Debug|Win32
		{EF7D9999-7307-4B61-BD62-47D22359D45F}.Debug|Win32.Build.0 = Debug|Win32
		{EF7D9999-7307-4B61-BD62-47D22359D45F}.Debug|x64.ActiveCfg = Debug|Win32
		{EF7D9999-7307-4B61-BD62-47D22359D45F}.Release|Any CPU.ActiveCfg = Release|Win32
		{EF7D9999-7307-4B61-BD62-47D22359D45F}.Release|ARM.ActiveCfg = Release|Win32
		{EF7D9999-7307-4B61-BD62-47D22359D45F}.Release|Mixed Platforms.ActiveCfg = Release|Win32
		{EF7D9999-7307-4B61-BD62-47D22359D45F}.Release|Mixed Platforms.Build.0 = Release|Win32
		{EF7D9999-7307-4B61-BD62-47D22359D45F}.Release|Win32.ActiveCfg = Release|Win32
		{EF7D9999-7307-4B61-BD62-47D22359D45F}.Release|Win32.Build.0 = Release|Win32
		{EF7D9999-7307-4B61-BD62-47D22359D45F}.Release|x64.ActiveCfg = Release|Win32
	EndGlobalSection
	GlobalSection(SolutionProperties) = preSolution
		HideSolutionNode = FALSE
	EndGlobalSection
EndGlobal
