<?xml version="1.0" encoding="utf-8"?>
<Project ToolsVersion="4.0" xmlns="http://schemas.microsoft.com/developer/msbuild/2003">
  <ItemGroup>
    <Filter Include="Source Files">
      <UniqueIdentifier>{4FC737F1-C7A5-4376-A066-2A32D752A2FF}</UniqueIdentifier>
      <Extensions>cpp;c;cc;cxx;def;odl;idl;hpj;bat;asm;asmx</Extensions>
    </Filter>
    <Filter Include="HAStepper">
      <UniqueIdentifier>{52084d81-ec65-4124-b080-d4243bd1c9c6}</UniqueIdentifier>
    </Filter>
    <Filter Include="MsvcStepper">
      <UniqueIdentifier>{695a2f60-28e6-4861-becb-202f3ecd02be}</UniqueIdentifier>
    </Filter>
    <Filter Include="HARoboter">
      <UniqueIdentifier>{8bd08f54-b62d-4a9c-b0bd-4d7a50e5854c}</UniqueIdentifier>
    </Filter>
  </ItemGroup>
  <ItemGroup>
    <ClInclude Include="..\MsvcStepper\MsvcStepper.h">
      <Filter>MsvcStepper</Filter>
    </ClInclude>
    <ClInclude Include="stdafx.h">
      <Filter>Source Files</Filter>
    </ClInclude>
    <ClInclude Include="targetver.h">
      <Filter>Source Files</Filter>
    </ClInclude>
    <ClInclude Include="..\Include\arduino.h">
      <Filter>Source Files</Filter>
    </ClInclude>
    <ClInclude Include="..\..\..\Sketch\libraries\StepperSystem\fastio.h">
      <Filter>HAStepper</Filter>
    </ClInclude>
    <ClInclude Include="..\..\..\Sketch\libraries\StepperSystem\StepperSystem.h">
      <Filter>HAStepper</Filter>
    </ClInclude>
    <ClInclude Include="..\..\..\Sketch\libraries\StepperSystem\RingBuffer.h">
      <Filter>HAStepper</Filter>
    </ClInclude>
    <ClInclude Include="..\..\..\Sketch\libraries\StepperSystem\StepperConfiguration.h">
      <Filter>HAStepper</Filter>
    </ClInclude>
    <ClInclude Include="..\..\..\Sketch\libraries\StepperSystem\StepperSMC800.h">
      <Filter>HAStepper</Filter>
    </ClInclude>
    <ClInclude Include="..\..\..\Sketch\libraries\StepperSystem\Utilities.h">
      <Filter>HAStepper</Filter>
    </ClInclude>
    <ClInclude Include="..\..\..\sketch\HARoboter\Global.h">
      <Filter>HARoboter</Filter>
    </ClInclude>
    <ClInclude Include="..\..\..\sketch\HARoboter\MyCommand.h">
      <Filter>HARoboter</Filter>
    </ClInclude>
    <ClInclude Include="..\..\..\sketch\HARoboter\Settings.h">
      <Filter>HARoboter</Filter>
    </ClInclude>
    <ClInclude Include="..\..\..\sketch\HARoboter\Tools.h">
      <Filter>HARoboter</Filter>
    </ClInclude>
    <ClInclude Include="..\..\..\sketch\HARoboter\CommandBase.h">
      <Filter>HARoboter</Filter>
    </ClInclude>
    <ClInclude Include="..\..\..\sketch\HARoboter\Control.h">
      <Filter>HARoboter</Filter>
    </ClInclude>
    <ClInclude Include="..\..\..\Sketch\libraries\StepperSystem\HAL.h">
      <Filter>HAStepper</Filter>
    </ClInclude>
    <ClInclude Include="..\..\..\Sketch\libraries\StepperSystem\Stepper.h">
      <Filter>HAStepper</Filter>
    </ClInclude>
    <ClInclude Include="..\..\..\Sketch\libraries\StepperSystem\StepperRamps14.h">
      <Filter>HAStepper</Filter>
    </ClInclude>
    <ClInclude Include="..\..\..\Sketch\libraries\StepperSystem\StepperRampsFD.h">
      <Filter>HAStepper</Filter>
    </ClInclude>
  </ItemGroup>
  <ItemGroup>
    <ClCompile Include="stdafx.cpp">
      <Filter>Source Files</Filter>
    </ClCompile>
    <ClCompile Include="..\MsvcStepper\MsvcStepper.cpp">
      <Filter>MsvcStepper</Filter>
    </ClCompile>
    <ClCompile Include="..\..\..\Sketch\libraries\StepperSystem\StepperSMC800.cpp">
      <Filter>HAStepper</Filter>
    </ClCompile>
    <ClCompile Include="..\..\..\Sketch\libraries\StepperSystem\Utilities.cpp">
      <Filter>HAStepper</Filter>
    </ClCompile>
    <ClCompile Include="HARoboter.cpp">
      <Filter>Source Files</Filter>
    </ClCompile>
    <ClCompile Include="..\..\..\sketch\HARoboter\MyCommand.cpp">
      <Filter>HARoboter</Filter>
    </ClCompile>
    <ClCompile Include="..\..\..\sketch\HARoboter\Settings.cpp">
      <Filter>HARoboter</Filter>
    </ClCompile>
    <ClCompile Include="..\..\..\sketch\HARoboter\Tools.cpp">
      <Filter>HARoboter</Filter>
    </ClCompile>
    <ClCompile Include="..\..\..\sketch\HARoboter\CommandBase.cpp">
      <Filter>HARoboter</Filter>
    </ClCompile>
    <ClCompile Include="..\..\..\sketch\HARoboter\Control.cpp">
      <Filter>HARoboter</Filter>
    </ClCompile>
    <ClCompile Include="..\..\..\Sketch\libraries\StepperSystem\HAL.cpp">
      <Filter>HAStepper</Filter>
    </ClCompile>
    <ClCompile Include="..\..\..\Sketch\libraries\StepperSystem\Stepper.cpp">
      <Filter>HAStepper</Filter>
    </ClCompile>
    <ClCompile Include="..\..\..\Sketch\libraries\StepperSystem\StepperRamps14.cpp">
      <Filter>HAStepper</Filter>
    </ClCompile>
    <ClCompile Include="..\..\..\Sketch\libraries\StepperSystem\StepperRampsFD.cpp">
      <Filter>HAStepper</Filter>
    </ClCompile>
  </ItemGroup>
</Project>