<?xml version="1.0" encoding="utf-8"?>
<Project ToolsVersion="4.0" xmlns="http://schemas.microsoft.com/developer/msbuild/2003">
  <ItemGroup>
    <Filter Include="Source Files">
      <UniqueIdentifier>{4FC737F1-C7A5-4376-A066-2A32D752A2FF}</UniqueIdentifier>
      <Extensions>cpp;c;cc;cxx;def;odl;idl;hpj;bat;asm;asmx</Extensions>
    </Filter>
    <Filter Include="Tests">
      <UniqueIdentifier>{87909e58-ee9a-46cd-936f-32b9fd5b0a5d}</UniqueIdentifier>
    </Filter>
    <Filter Include="TestResult">
      <UniqueIdentifier>{83e85d24-0c47-4654-96dd-bd0465ce5aaa}</UniqueIdentifier>
    </Filter>
  </ItemGroup>
  <ItemGroup>
    <ClInclude Include="stdafx.h">
      <Filter>Source Files</Filter>
    </ClInclude>
    <ClInclude Include="targetver.h">
      <Filter>Source Files</Filter>
    </ClInclude>
  </ItemGroup>
  <ItemGroup>
    <ClCompile Include="stdafx.cpp">
      <Filter>Source Files</Filter>
    </ClCompile>
    <ClCompile Include="LinearLookupTest.cpp">
      <Filter>Tests</Filter>
    </ClCompile>
    <ClCompile Include="IOControlTest.cpp">
      <Filter>Tests</Filter>
    </ClCompile>
    <ClCompile Include="ToStringTest.cpp">
      <Filter>Tests</Filter>
    </ClCompile>
    <ClCompile Include="RingBufferTest.cpp">
      <Filter>Tests</Filter>
    </ClCompile>
    <ClCompile Include="RotaryTest.cpp">
      <Filter>Tests</Filter>
    </ClCompile>
    <ClCompile Include="Matrix4x4Test.cpp">
      <Filter>Tests</Filter>
    </ClCompile>
    <ClCompile Include="MotionControlTest.cpp">
      <Filter>Tests</Filter>
    </ClCompile>
    <ClCompile Include="StepperSystemGlobal.cpp">
      <Filter>Source Files</Filter>
    </ClCompile>
    <ClCompile Include="StepperTest.cpp">
      <Filter>Tests</Filter>
    </ClCompile>
  </ItemGroup>
  <ItemGroup>
    <None Include="TestResult\Test_Acc1000Acc1500Dec800Dec.csv">
      <Filter>TestResult</Filter>
    </None>
    <None Include="TestResult\Test_Acc1000AccCutDec800.csv">
      <Filter>TestResult</Filter>
    </None>
    <None Include="TestResult\Test_Acc5000Dec.csv">
      <Filter>TestResult</Filter>
    </None>
    <None Include="TestResult\Test_Acc5000DecCutAcc4800Dec.csv">
      <Filter>TestResult</Filter>
    </None>
    <None Include="TestResult\Test_Acc25000Dec.csv">
      <Filter>TestResult</Filter>
    </None>
    <None Include="TestResult\Test_AccCutDec.csv">
      <Filter>TestResult</Filter>
    </None>
    <None Include="TestResult\Test_BreakDown.csv">
      <Filter>TestResult</Filter>
    </None>
    <None Include="TestResult\Test_BreakDownDelay.csv">
      <Filter>TestResult</Filter>
    </None>
    <None Include="TestResult\Test_BreakDownPause.csv">
      <Filter>TestResult</Filter>
    </None>
    <None Include="TestResult\Test_JerkSameDifferentDirection.csv">
      <Filter>TestResult</Filter>
    </None>
    <None Include="TestResult\Test_JerkSameDirection.csv">
      <Filter>TestResult</Filter>
    </None>
    <None Include="TestResult\Test_JunctionSpeedDifferentDirection.csv">
      <Filter>TestResult</Filter>
    </None>
    <None Include="TestResult\Test_JunctionSpeedSameDirection.csv">
      <Filter>TestResult</Filter>
    </None>
    <None Include="TestResult\Test_JunctionYLessSpeed.csv">
      <Filter>TestResult</Filter>
    </None>
    <None Include="TestResult\Test_LastMoveTo0.csv">
      <Filter>TestResult</Filter>
    </None>
    <None Include="TestResult\Test_LongSlow.csv">
      <Filter>TestResult</Filter>
    </None>
    <None Include="TestResult\Test_MergeRamp.csv">
      <Filter>TestResult</Filter>
    </None>
    <None Include="TestResult\Test_SetMaxAxixSpeed.csv">
      <Filter>TestResult</Filter>
    </None>
    <None Include="TestResult\Test_SpeedUp.csv">
      <Filter>TestResult</Filter>
    </None>
    <None Include="TestResult\Test_StepUp.csv">
      <Filter>TestResult</Filter>
    </None>
    <None Include="TestResult\Test_UpDown.csv">
      <Filter>TestResult</Filter>
    </None>
    <None Include="TestResult\Test_MergeRampWithIo.csv">
      <Filter>TestResult</Filter>
    </None>
  </ItemGroup>
</Project>