
Microsoft Visual Studio Solution File, Format Version 12.00
# Visual Studio 15
VisualStudioVersion = 15.0.28010.2036
MinimumVisualStudioVersion = 10.0.40219.1
Project("{2150E333-8FDC-42A3-9474-1A3956D46DE8}") = "SolutionItems", "SolutionItems", "{859C1F95-7A63-4571-81CA-5D838BB5AEDB}"
	ProjectSection(SolutionItems) = preProject
		Directory.Build.props = Directory.Build.props
	EndProjectSection
EndProject
Project("{9A19103F-16F7-4668-BE54-9A1E7A4F7556}") = "Framework.Dependency", "Dependency\Framework.Dependency.csproj", "{B1E0B6B7-B0E2-4CD3-9D5D-7B6B49D4C26E}"
EndProject
Project("{9A19103F-16F7-4668-BE54-9A1E7A4F7556}") = "Framework.Logging", "Logging\Framework.Logging.csproj", "{452F53C5-4783-4BE1-9EF1-2A58BCEB37B0}"
EndProject
Project("{9A19103F-16F7-4668-BE54-9A1E7A4F7556}") = "Framework.Logic", "Logic\Framework.Logic.csproj", "{06387B2B-D78D-4D6E-84D3-D4ADBC53ACF2}"
EndProject
Project("{9A19103F-16F7-4668-BE54-9A1E7A4F7556}") = "Framework.Logic.Abstraction", "Logic.Abstraction\Framework.Logic.Abstraction.csproj", "{0FDC2D92-2DB9-4B95-96AB-1A21F1F584AC}"
EndProject
Project("{9A19103F-16F7-4668-BE54-9A1E7A4F7556}") = "Framework.Mapper", "Mapper\Framework.Mapper.csproj", "{43A1133B-42CC-4724-8838-3B7C7646C6B0}"
EndProject
Project("{9A19103F-16F7-4668-BE54-9A1E7A4F7556}") = "Framework.Repository", "Repository\Framework.Repository.csproj", "{380D934B-3EE9-498B-9227-99CD5400E5F3}"
EndProject
Project("{9A19103F-16F7-4668-BE54-9A1E7A4F7556}") = "Framework.Repository.Abstraction", "Repository.Abstraction\Framework.Repository.Abstraction.csproj", "{A2F7D768-5BDD-4A67-BA24-053E1E22A4B8}"
EndProject
Project("{9A19103F-16F7-4668-BE54-9A1E7A4F7556}") = "Framework.Tools", "Tools\Framework.Tools.csproj", "{D4B4187D-156F-4DBA-8B9B-85203F0E3B42}"
EndProject
Project("{9A19103F-16F7-4668-BE54-9A1E7A4F7556}") = "Framework.UnitTest", "UnitTest\Framework.UnitTest.csproj", "{C91F961D-518D-42BF-A4A4-C1DB2A4E6F0C}"
EndProject
Project("{9A19103F-16F7-4668-BE54-9A1E7A4F7556}") = "Framework.WebAPI", "WebAPI\Framework.WebAPI.csproj", "{C1151D5E-A181-41FE-BDEF-DC5FF1AE760B}"
EndProject
Project("{9A19103F-16F7-4668-BE54-9A1E7A4F7556}") = "Framework.Arduino", "Arduino\Framework.Arduino.csproj", "{2C758A17-C4ED-4129-AD2D-DB40E1EC85B3}"
EndProject
Project("{9A19103F-16F7-4668-BE54-9A1E7A4F7556}") = "Framework.Arduino.Linux", "Arduino.Linux\Framework.Arduino.Linux.csproj", "{BD3D9AA0-CA08-43DA-B50F-4FC6A35A58FB}"
EndProject
Project("{9A19103F-16F7-4668-BE54-9A1E7A4F7556}") = "Framework.Parser", "Parser\Framework.Parser.csproj", "{8E2B0A73-1277-40E5-8D1B-777FDD240A03}"
EndProject
Project("{9A19103F-16F7-4668-BE54-9A1E7A4F7556}") = "Framework.Pattern", "Pattern\Framework.Pattern.csproj", "{B7658B73-259A-4C15-B88D-416A645B0846}"
EndProject
Project("{9A19103F-16F7-4668-BE54-9A1E7A4F7556}") = "Framework.Service", "Service\Framework.Service.csproj", "{6F18AC3A-52E0-43F4-A3C2-0E7F5B6B2181}"
EndProject
Project("{9A19103F-16F7-4668-BE54-9A1E7A4F7556}") = "Framework.Service.Abstraction", "Service.Abstraction\Framework.Service.Abstraction.csproj", "{796CEC23-9A6C-407F-839F-8A3828CED311}"
EndProject
Project("{9A19103F-16F7-4668-BE54-9A1E7A4F7556}") = "Framework.WinAPI", "WinAPI\Framework.WinAPI.csproj", "{898E8E51-C1EF-463F-A91A-50ED8BB31EF6}"
EndProject
Project("{9A19103F-16F7-4668-BE54-9A1E7A4F7556}") = "Framework.Wpf", "Wpf\Framework.Wpf.csproj", "{1E26978A-938E-4108-B90C-D0D4FF99E888}"
EndProject
Project("{9A19103F-16F7-4668-BE54-9A1E7A4F7556}") = "Framework.Drawing", "Drawing\Framework.Drawing.csproj", "{B0630DA0-BD36-4145-8F63-C4EBAF21E8CE}"
EndProject
Global
	GlobalSection(SolutionConfigurationPlatforms) = preSolution
		Debug|Any CPU = Debug|Any CPU
		Release|Any CPU = Release|Any CPU
	EndGlobalSection
	GlobalSection(ProjectConfigurationPlatforms) = postSolution
		{B1E0B6B7-B0E2-4CD3-9D5D-7B6B49D4C26E}.Debug|Any CPU.ActiveCfg = Debug|Any CPU
		{B1E0B6B7-B0E2-4CD3-9D5D-7B6B49D4C26E}.Debug|Any CPU.Build.0 = Debug|Any CPU
		{B1E0B6B7-B0E2-4CD3-9D5D-7B6B49D4C26E}.Release|Any CPU.ActiveCfg = Release|Any CPU
		{B1E0B6B7-B0E2-4CD3-9D5D-7B6B49D4C26E}.Release|Any CPU.Build.0 = Release|Any CPU
		{452F53C5-4783-4BE1-9EF1-2A58BCEB37B0}.Debug|Any CPU.ActiveCfg = Debug|Any CPU
		{452F53C5-4783-4BE1-9EF1-2A58BCEB37B0}.Debug|Any CPU.Build.0 = Debug|Any CPU
		{452F53C5-4783-4BE1-9EF1-2A58BCEB37B0}.Release|Any CPU.ActiveCfg = Release|Any CPU
		{452F53C5-4783-4BE1-9EF1-2A58BCEB37B0}.Release|Any CPU.Build.0 = Release|Any CPU
		{06387B2B-D78D-4D6E-84D3-D4ADBC53ACF2}.Debug|Any CPU.ActiveCfg = Debug|Any CPU
		{06387B2B-D78D-4D6E-84D3-D4ADBC53ACF2}.Debug|Any CPU.Build.0 = Debug|Any CPU
		{06387B2B-D78D-4D6E-84D3-D4ADBC53ACF2}.Release|Any CPU.ActiveCfg = Release|Any CPU
		{06387B2B-D78D-4D6E-84D3-D4ADBC53ACF2}.Release|Any CPU.Build.0 = Release|Any CPU
		{0FDC2D92-2DB9-4B95-96AB-1A21F1F584AC}.Debug|Any CPU.ActiveCfg = Debug|Any CPU
		{0FDC2D92-2DB9-4B95-96AB-1A21F1F584AC}.Debug|Any CPU.Build.0 = Debug|Any CPU
		{0FDC2D92-2DB9-4B95-96AB-1A21F1F584AC}.Release|Any CPU.ActiveCfg = Release|Any CPU
		{0FDC2D92-2DB9-4B95-96AB-1A21F1F584AC}.Release|Any CPU.Build.0 = Release|Any CPU
		{43A1133B-42CC-4724-8838-3B7C7646C6B0}.Debug|Any CPU.ActiveCfg = Debug|Any CPU
		{43A1133B-42CC-4724-8838-3B7C7646C6B0}.Debug|Any CPU.Build.0 = Debug|Any CPU
		{43A1133B-42CC-4724-8838-3B7C7646C6B0}.Release|Any CPU.ActiveCfg = Release|Any CPU
		{43A1133B-42CC-4724-8838-3B7C7646C6B0}.Release|Any CPU.Build.0 = Release|Any CPU
		{380D934B-3EE9-498B-9227-99CD5400E5F3}.Debug|Any CPU.ActiveCfg = Debug|Any CPU
		{380D934B-3EE9-498B-9227-99CD5400E5F3}.Debug|Any CPU.Build.0 = Debug|Any CPU
		{380D934B-3EE9-498B-9227-99CD5400E5F3}.Release|Any CPU.ActiveCfg = Release|Any CPU
		{380D934B-3EE9-498B-9227-99CD5400E5F3}.Release|Any CPU.Build.0 = Release|Any CPU
		{A2F7D768-5BDD-4A67-BA24-053E1E22A4B8}.Debug|Any CPU.ActiveCfg = Debug|Any CPU
		{A2F7D768-5BDD-4A67-BA24-053E1E22A4B8}.Debug|Any CPU.Build.0 = Debug|Any CPU
		{A2F7D768-5BDD-4A67-BA24-053E1E22A4B8}.Release|Any CPU.ActiveCfg = Release|Any CPU
		{A2F7D768-5BDD-4A67-BA24-053E1E22A4B8}.Release|Any CPU.Build.0 = Release|Any CPU
		{D4B4187D-156F-4DBA-8B9B-85203F0E3B42}.Debug|Any CPU.ActiveCfg = Debug|Any CPU
		{D4B4187D-156F-4DBA-8B9B-85203F0E3B42}.Debug|Any CPU.Build.0 = Debug|Any CPU
		{D4B4187D-156F-4DBA-8B9B-85203F0E3B42}.Release|Any CPU.ActiveCfg = Release|Any CPU
		{D4B4187D-156F-4DBA-8B9B-85203F0E3B42}.Release|Any CPU.Build.0 = Release|Any CPU
		{C91F961D-518D-42BF-A4A4-C1DB2A4E6F0C}.Debug|Any CPU.ActiveCfg = Debug|Any CPU
		{C91F961D-518D-42BF-A4A4-C1DB2A4E6F0C}.Debug|Any CPU.Build.0 = Debug|Any CPU
		{C91F961D-518D-42BF-A4A4-C1DB2A4E6F0C}.Release|Any CPU.ActiveCfg = Release|Any CPU
		{C91F961D-518D-42BF-A4A4-C1DB2A4E6F0C}.Release|Any CPU.Build.0 = Release|Any CPU
		{C1151D5E-A181-41FE-BDEF-DC5FF1AE760B}.Debug|Any CPU.ActiveCfg = Debug|Any CPU
		{C1151D5E-A181-41FE-BDEF-DC5FF1AE760B}.Debug|Any CPU.Build.0 = Debug|Any CPU
		{C1151D5E-A181-41FE-BDEF-DC5FF1AE760B}.Release|Any CPU.ActiveCfg = Release|Any CPU
		{C1151D5E-A181-41FE-BDEF-DC5FF1AE760B}.Release|Any CPU.Build.0 = Release|Any CPU
		{2C758A17-C4ED-4129-AD2D-DB40E1EC85B3}.Debug|Any CPU.ActiveCfg = Debug|Any CPU
		{2C758A17-C4ED-4129-AD2D-DB40E1EC85B3}.Debug|Any CPU.Build.0 = Debug|Any CPU
		{2C758A17-C4ED-4129-AD2D-DB40E1EC85B3}.Release|Any CPU.ActiveCfg = Release|Any CPU
		{2C758A17-C4ED-4129-AD2D-DB40E1EC85B3}.Release|Any CPU.Build.0 = Release|Any CPU
		{BD3D9AA0-CA08-43DA-B50F-4FC6A35A58FB}.Debug|Any CPU.ActiveCfg = Debug|Any CPU
		{BD3D9AA0-CA08-43DA-B50F-4FC6A35A58FB}.Debug|Any CPU.Build.0 = Debug|Any CPU
		{BD3D9AA0-CA08-43DA-B50F-4FC6A35A58FB}.Release|Any CPU.ActiveCfg = Release|Any CPU
		{BD3D9AA0-CA08-43DA-B50F-4FC6A35A58FB}.Release|Any CPU.Build.0 = Release|Any CPU
		{8E2B0A73-1277-40E5-8D1B-777FDD240A03}.Debug|Any CPU.ActiveCfg = Debug|Any CPU
		{8E2B0A73-1277-40E5-8D1B-777FDD240A03}.Debug|Any CPU.Build.0 = Debug|Any CPU
		{8E2B0A73-1277-40E5-8D1B-777FDD240A03}.Release|Any CPU.ActiveCfg = Release|Any CPU
		{8E2B0A73-1277-40E5-8D1B-777FDD240A03}.Release|Any CPU.Build.0 = Release|Any CPU
		{B7658B73-259A-4C15-B88D-416A645B0846}.Debug|Any CPU.ActiveCfg = Debug|Any CPU
		{B7658B73-259A-4C15-B88D-416A645B0846}.Debug|Any CPU.Build.0 = Debug|Any CPU
		{B7658B73-259A-4C15-B88D-416A645B0846}.Release|Any CPU.ActiveCfg = Release|Any CPU
		{B7658B73-259A-4C15-B88D-416A645B0846}.Release|Any CPU.Build.0 = Release|Any CPU
		{6F18AC3A-52E0-43F4-A3C2-0E7F5B6B2181}.Debug|Any CPU.ActiveCfg = Debug|Any CPU
		{6F18AC3A-52E0-43F4-A3C2-0E7F5B6B2181}.Debug|Any CPU.Build.0 = Debug|Any CPU
		{6F18AC3A-52E0-43F4-A3C2-0E7F5B6B2181}.Release|Any CPU.ActiveCfg = Release|Any CPU
		{6F18AC3A-52E0-43F4-A3C2-0E7F5B6B2181}.Release|Any CPU.Build.0 = Release|Any CPU
		{796CEC23-9A6C-407F-839F-8A3828CED311}.Debug|Any CPU.ActiveCfg = Debug|Any CPU
		{796CEC23-9A6C-407F-839F-8A3828CED311}.Debug|Any CPU.Build.0 = Debug|Any CPU
		{796CEC23-9A6C-407F-839F-8A3828CED311}.Release|Any CPU.ActiveCfg = Release|Any CPU
		{796CEC23-9A6C-407F-839F-8A3828CED311}.Release|Any CPU.Build.0 = Release|Any CPU
		{898E8E51-C1EF-463F-A91A-50ED8BB31EF6}.Debug|Any CPU.ActiveCfg = Debug|Any CPU
		{898E8E51-C1EF-463F-A91A-50ED8BB31EF6}.Debug|Any CPU.Build.0 = Debug|Any CPU
		{898E8E51-C1EF-463F-A91A-50ED8BB31EF6}.Release|Any CPU.ActiveCfg = Release|Any CPU
		{898E8E51-C1EF-463F-A91A-50ED8BB31EF6}.Release|Any CPU.Build.0 = Release|Any CPU
		{1E26978A-938E-4108-B90C-D0D4FF99E888}.Debug|Any CPU.ActiveCfg = Debug|Any CPU
		{1E26978A-938E-4108-B90C-D0D4FF99E888}.Debug|Any CPU.Build.0 = Debug|Any CPU
		{1E26978A-938E-4108-B90C-D0D4FF99E888}.Release|Any CPU.ActiveCfg = Release|Any CPU
		{1E26978A-938E-4108-B90C-D0D4FF99E888}.Release|Any CPU.Build.0 = Release|Any CPU
		{B0630DA0-BD36-4145-8F63-C4EBAF21E8CE}.Debug|Any CPU.ActiveCfg = Debug|Any CPU
		{B0630DA0-BD36-4145-8F63-C4EBAF21E8CE}.Debug|Any CPU.Build.0 = Debug|Any CPU
		{B0630DA0-BD36-4145-8F63-C4EBAF21E8CE}.Release|Any CPU.ActiveCfg = Release|Any CPU
		{B0630DA0-BD36-4145-8F63-C4EBAF21E8CE}.Release|Any CPU.Build.0 = Release|Any CPU
	EndGlobalSection
	GlobalSection(SolutionProperties) = preSolution
		HideSolutionNode = FALSE
	EndGlobalSection
	GlobalSection(ExtensibilityGlobals) = postSolution
		SolutionGuid = {748E5345-31F7-4BCE-A3B1-83CF9F0A7515}
	EndGlobalSection
EndGlobal
