
Microsoft Visual Studio Solution File, Format Version 12.00
# Visual Studio Version 16
VisualStudioVersion = 16.0.28803.202
MinimumVisualStudioVersion = 10.0.40219.1
Project("{9A19103F-16F7-4668-BE54-9A1E7A4F7556}") = "Logic", "Logic\Logic.csproj", "{36B9838B-493F-4BAC-A8D3-35298C4FFDC7}"
EndProject
Project("{9A19103F-16F7-4668-BE54-9A1E7A4F7556}") = "Logic", "Framework\Logic\Logic.csproj", "{081814DA-ADC7-4B65-AE16-856C1B3D3CE8}"
EndProject
Project("{9A19103F-16F7-4668-BE54-9A1E7A4F7556}") = "Tools", "Framework\Tools\Tools.csproj", "{580E882D-3267-43F2-8A73-6737CAC731C2}"
EndProject
Project("{9A19103F-16F7-4668-BE54-9A1E7A4F7556}") = "Wpf", "Framework\Wpf\Wpf.csproj", "{8568383E-054D-4882-8D6A-B956684CFAAE}"
EndProject
Project("{9A19103F-16F7-4668-BE54-9A1E7A4F7556}") = "WpfClient", "WpfClient\WpfClient.csproj", "{60555245-D32E-4A94-AB0E-CB2A6693A9BA}"
EndProject
Project("{9A19103F-16F7-4668-BE54-9A1E7A4F7556}") = "GCode", "GCode\GCode.csproj", "{F9C446F4-6365-4189-95C5-009EF0160882}"
EndProject
Project("{9A19103F-16F7-4668-BE54-9A1E7A4F7556}") = "GCode.GUI", "GCode.GUI\GCode.GUI.csproj", "{55108499-FAC2-4F19-B88E-9E240CCCBD60}"
EndProject
Project("{9A19103F-16F7-4668-BE54-9A1E7A4F7556}") = "Repository", "Repository\Repository.csproj", "{D689CD99-A022-4F38-8AE1-A269C82A729C}"
EndProject
Project("{9A19103F-16F7-4668-BE54-9A1E7A4F7556}") = "UnitTest", "UnitTest\UnitTest.csproj", "{E73BAF77-EAF6-41F0-BF6A-FF6F5BC71062}"
EndProject
Project("{9A19103F-16F7-4668-BE54-9A1E7A4F7556}") = "Repository", "Framework\Repository\Repository.csproj", "{E768F2ED-C63D-401E-A090-1C0465A84DF5}"
EndProject
Project("{9A19103F-16F7-4668-BE54-9A1E7A4F7556}") = "WpfClient.Start", "WpfClient.Start\WpfClient.Start.csproj", "{D6077813-9EAF-4807-B4AA-EF00BCCE9827}"
EndProject
Project("{9A19103F-16F7-4668-BE54-9A1E7A4F7556}") = "Arduino", "Framework\Arduino\Arduino.csproj", "{77F5A48D-E908-4A95-A09E-771E8BE8817B}"
EndProject
Project("{2150E333-8FDC-42A3-9474-1A3956D46DE8}") = "_SolutionItems", "_SolutionItems", "{0942B8A6-0C1A-47A0-B67F-C98979BA830C}"
	ProjectSection(SolutionItems) = preProject
		Directory.Build.props = Directory.Build.props
	EndProjectSection
EndProject
Project("{9A19103F-16F7-4668-BE54-9A1E7A4F7556}") = "Repository.Abstraction", "Repository.Abstraction\Repository.Abstraction.csproj", "{0ECC8284-505B-43CC-9DF9-AC5D5EEF786A}"
EndProject
Project("{9A19103F-16F7-4668-BE54-9A1E7A4F7556}") = "Logic.Abstraction", "Logic.Abstraction\Logic.Abstraction.csproj", "{08D4C722-AD44-4BA4-BFF6-D5F00B2BE561}"
EndProject
Project("{9A19103F-16F7-4668-BE54-9A1E7A4F7556}") = "UnitTest", "Framework\UnitTest\UnitTest.csproj", "{BBECB408-5426-4CE7-B7B6-970BDE436486}"
EndProject
Project("{9A19103F-16F7-4668-BE54-9A1E7A4F7556}") = "WebAPI", "WebAPI\WebAPI.csproj", "{DA845EDE-FADC-455C-AEF7-D1844B258784}"
EndProject
Project("{9A19103F-16F7-4668-BE54-9A1E7A4F7556}") = "WebAPI.Test", "WebAPI.Test\WebAPI.Test.csproj", "{6D3326B2-794C-48FD-B351-483D721BD0F9}"
EndProject
Project("{2150E333-8FDC-42A3-9474-1A3956D46DE8}") = "Scripts", "Scripts", "{A7A23498-5B70-4D17-A723-0CE3E0FB2096}"
	ProjectSection(SolutionItems) = preProject
		PublishScripts\Scripts\Deploy-AzureResourceGroup.ps1 = PublishScripts\Scripts\Deploy-AzureResourceGroup.ps1
	EndProjectSection
EndProject
Project("{9A19103F-16F7-4668-BE54-9A1E7A4F7556}") = "WebAPI", "Framework\WebAPI\WebAPI.csproj", "{2E4BAA13-7562-4336-91A4-B8211816D936}"
EndProject
Project("{9A19103F-16F7-4668-BE54-9A1E7A4F7556}") = "Logic.Abstraction.DTO", "Logic.Abstraction.DTO\Logic.Abstraction.DTO.csproj", "{53FDF483-4A15-4069-8B21-E553D58BA742}"
EndProject
Project("{9A19103F-16F7-4668-BE54-9A1E7A4F7556}") = "Service.Abstraction", "Service.Abstraction\Service.Abstraction.csproj", "{F4C854C1-3154-4E73-85B0-2C9FCBC9AD17}"
EndProject
Project("{9A19103F-16F7-4668-BE54-9A1E7A4F7556}") = "Service.Logic", "Service.Logic\Service.Logic.csproj", "{F6696F23-9DCC-4D9A-9418-E7D1FED7EABD}"
EndProject
Project("{9A19103F-16F7-4668-BE54-9A1E7A4F7556}") = "Service.WebAPI", "Service.WebAPI\Service.WebAPI.csproj", "{6487301A-6889-412C-92EC-899AAD61A9A5}"
EndProject
Project("{9A19103F-16F7-4668-BE54-9A1E7A4F7556}") = "WpfClient.Sql.Start", "WpfClient.Sql.Start\WpfClient.Sql.Start.csproj", "{E8405B39-EDAD-40C7-BF32-79553A130E34}"
EndProject
Project("{9A19103F-16F7-4668-BE54-9A1E7A4F7556}") = "WpfClient.WebAPI.Start", "WpfClient.WebAPI.Start\WpfClient.WebAPI.Start.csproj", "{6D85A506-EEE3-4C6D-9316-AB3A10CBE76F}"
EndProject
Project("{9A19103F-16F7-4668-BE54-9A1E7A4F7556}") = "Logic.Client", "Logic.Client\Logic.Client.csproj", "{D7277BF7-35E8-47C7-8E4A-448E2224F559}"
EndProject
Project("{2150E333-8FDC-42A3-9474-1A3956D46DE8}") = "Framework", "Framework", "{96217F41-39D9-4FCF-AACF-7EAEB4E4479C}"
EndProject
Project("{9A19103F-16F7-4668-BE54-9A1E7A4F7556}") = "Repository.Migrations.Startup", "Repository.Migrations.Startup\Repository.Migrations.Startup.csproj", "{77F7D0C8-DEE4-4CA6-ABAD-B7602C55BDB5}"
EndProject
Project("{9A19103F-16F7-4668-BE54-9A1E7A4F7556}") = "Repository.SqlServer", "Repository.SqlServer\Repository.SqlServer.csproj", "{BD772F21-D4E2-4577-9AF3-FBE59BB72C03}"
EndProject
Project("{9A19103F-16F7-4668-BE54-9A1E7A4F7556}") = "Repository.SqLite", "Repository.SqLite\Repository.SqLite.csproj", "{972C43C8-8BF9-41FA-BA3C-299AC44A6938}"
EndProject
Project("{9A19103F-16F7-4668-BE54-9A1E7A4F7556}") = "Serial.Server", "Serial.Server\Serial.Server.csproj", "{39FD3420-6140-4A24-82D3-2E9FB14B096E}"
EndProject
Project("{9A19103F-16F7-4668-BE54-9A1E7A4F7556}") = "Serial.Client", "Serial.Client\Serial.Client.csproj", "{0EF35DCE-594A-4EF2-8B82-52D97E4C3016}"
EndProject
Project("{9A19103F-16F7-4668-BE54-9A1E7A4F7556}") = "Serial.Shared", "Serial.Shared\Serial.Shared.csproj", "{8715E92C-ACA6-4B39-8A31-69CFB8357224}"
EndProject
Project("{9A19103F-16F7-4668-BE54-9A1E7A4F7556}") = "Arduino.Linux", "Framework\Arduino.Linux\Arduino.Linux.csproj", "{172CF0A8-7CF4-4E61-A6CE-6743273F6952}"
EndProject
Project("{9A19103F-16F7-4668-BE54-9A1E7A4F7556}") = "Shared", "Shared\Shared.csproj", "{296F367F-4620-429B-9A51-E17675912BCB}"
EndProject
Project("{9A19103F-16F7-4668-BE54-9A1E7A4F7556}") = "Dependency", "Framework\Dependency\Dependency.csproj", "{992EB691-DFE9-4B45-88F7-12D59A79FD03}"
EndProject
Project("{9A19103F-16F7-4668-BE54-9A1E7A4F7556}") = "Drawing", "Framework\Drawing\Drawing.csproj", "{E30BF689-6836-4464-8221-F0FEF41C09A9}"
EndProject
Project("{9A19103F-16F7-4668-BE54-9A1E7A4F7556}") = "Logging", "Framework\Logging\Logging.csproj", "{D1DC4BBD-4550-4C53-88E7-2ABA7C396F80}"
EndProject
Project("{2150E333-8FDC-42A3-9474-1A3956D46DE8}") = "SolutionItems", "SolutionItems", "{0E1AA4F8-C6E5-4372-BE9C-01C49A661EEE}"
	ProjectSection(SolutionItems) = preProject
		Framework\Directory.Build.props = Framework\Directory.Build.props
	EndProjectSection
EndProject
Project("{9A19103F-16F7-4668-BE54-9A1E7A4F7556}") = "WinAPI", "Framework\WinAPI\WinAPI.csproj", "{574CB94B-00EA-45A4-A70E-6DC4102911DB}"
EndProject
Project("{9A19103F-16F7-4668-BE54-9A1E7A4F7556}") = "Parser", "Framework\Parser\Parser.csproj", "{CED0B4BB-4FDA-4699-8560-A7F492EAD8B0}"
EndProject
Project("{9A19103F-16F7-4668-BE54-9A1E7A4F7556}") = "Pattern", "Framework\Pattern\Pattern.csproj", "{786E7311-AC37-40D0-B34F-813D6E988EBF}"
EndProject
Project("{2150E333-8FDC-42A3-9474-1A3956D46DE8}") = "Serial.Server", "Serial.Server", "{53BB936A-6E17-4F57-846B-661C629D2A47}"
EndProject
Project("{2150E333-8FDC-42A3-9474-1A3956D46DE8}") = "Wpf Client", "Wpf Client", "{B57E94D7-E04C-4F3E-8D3C-A530513EF584}"
EndProject
Project("{9A19103F-16F7-4668-BE54-9A1E7A4F7556}") = "Repository.Abstraction", "Framework\Repository.Abstraction\Repository.Abstraction.csproj", "{D99587A0-3EA3-43E3-A2C0-63C35CA85EB5}"
EndProject
Project("{9A19103F-16F7-4668-BE54-9A1E7A4F7556}") = "Logic.Abstraction", "Framework\Logic.Abstraction\Logic.Abstraction.csproj", "{DD31F3D8-18BA-4085-BF04-FED2DAFEB1AA}"
EndProject
Project("{9A19103F-16F7-4668-BE54-9A1E7A4F7556}") = "Service.Abstraction", "Framework\Service.Abstraction\Service.Abstraction.csproj", "{297AF6BE-0709-436F-A2E4-508481B2705B}"
EndProject
Project("{2150E333-8FDC-42A3-9474-1A3956D46DE8}") = "Repository", "Repository", "{80960867-5CB9-4F9F-B874-D1BD0A9BCA7C}"
EndProject
Project("{2150E333-8FDC-42A3-9474-1A3956D46DE8}") = "Logic", "Logic", "{35546D4A-5170-40A8-955E-897CDE119628}"
EndProject
Project("{2150E333-8FDC-42A3-9474-1A3956D46DE8}") = "Service", "Service", "{CE4764E5-B709-4A36-8C43-7AEC66062611}"
EndProject
Project("{2150E333-8FDC-42A3-9474-1A3956D46DE8}") = "WebAPI", "WebAPI", "{C6E28B0C-168B-418E-883D-EECECC6DA4AC}"
EndProject
Project("{2150E333-8FDC-42A3-9474-1A3956D46DE8}") = "Common", "Common", "{B8C8CCF8-D608-41B8-AD61-3D3FA2A4A30D}"
EndProject
Project("{9A19103F-16F7-4668-BE54-9A1E7A4F7556}") = "WpfClient.Test", "WpfClient.Test\WpfClient.Test.csproj", "{F5D02C98-BBD7-4EEE-8ED4-5F7462BE6826}"
EndProject
Project("{9A19103F-16F7-4668-BE54-9A1E7A4F7556}") = "Serial.WebAPI", "Serial.WebAPI\Serial.WebAPI.csproj", "{0AB25F60-3243-4478-83BE-F9B32D5EDFBA}"
EndProject
Project("{9A19103F-16F7-4668-BE54-9A1E7A4F7556}") = "Server", "Server\Server.csproj", "{D2B2F798-28FC-4515-966F-B92C3D11D3F2}"
EndProject
Project("{9A19103F-16F7-4668-BE54-9A1E7A4F7556}") = "Service.Logic", "Framework\Service.Logic\Service.Logic.csproj", "{8621895E-0AD9-44D4-B397-0938661E7B77}"
EndProject
Project("{9A19103F-16F7-4668-BE54-9A1E7A4F7556}") = "Service.WebAPI", "Framework\Service.WebAPI\Service.WebAPI.csproj", "{13D81F1F-E9FC-4E14-AC41-34DC5532FB0D}"
EndProject
Project("{9A19103F-16F7-4668-BE54-9A1E7A4F7556}") = "WebAPI.Host", "Framework\WebAPI.Host\WebAPI.Host.csproj", "{EC9F232D-A6D0-48D7-892A-3D670D2BF83B}"
EndProject
Global
	GlobalSection(SolutionConfigurationPlatforms) = preSolution
		Debug|Any CPU = Debug|Any CPU
		Release|Any CPU = Release|Any CPU
	EndGlobalSection
	GlobalSection(ProjectConfigurationPlatforms) = postSolution
		{36B9838B-493F-4BAC-A8D3-35298C4FFDC7}.Debug|Any CPU.ActiveCfg = Debug|Any CPU
		{36B9838B-493F-4BAC-A8D3-35298C4FFDC7}.Debug|Any CPU.Build.0 = Debug|Any CPU
		{36B9838B-493F-4BAC-A8D3-35298C4FFDC7}.Release|Any CPU.ActiveCfg = Release|Any CPU
		{36B9838B-493F-4BAC-A8D3-35298C4FFDC7}.Release|Any CPU.Build.0 = Release|Any CPU
		{081814DA-ADC7-4B65-AE16-856C1B3D3CE8}.Debug|Any CPU.ActiveCfg = Debug|Any CPU
		{081814DA-ADC7-4B65-AE16-856C1B3D3CE8}.Debug|Any CPU.Build.0 = Debug|Any CPU
		{081814DA-ADC7-4B65-AE16-856C1B3D3CE8}.Release|Any CPU.ActiveCfg = Release|Any CPU
		{081814DA-ADC7-4B65-AE16-856C1B3D3CE8}.Release|Any CPU.Build.0 = Release|Any CPU
		{580E882D-3267-43F2-8A73-6737CAC731C2}.Debug|Any CPU.ActiveCfg = Debug|Any CPU
		{580E882D-3267-43F2-8A73-6737CAC731C2}.Debug|Any CPU.Build.0 = Debug|Any CPU
		{580E882D-3267-43F2-8A73-6737CAC731C2}.Release|Any CPU.ActiveCfg = Release|Any CPU
		{580E882D-3267-43F2-8A73-6737CAC731C2}.Release|Any CPU.Build.0 = Release|Any CPU
		{8568383E-054D-4882-8D6A-B956684CFAAE}.Debug|Any CPU.ActiveCfg = Debug|Any CPU
		{8568383E-054D-4882-8D6A-B956684CFAAE}.Debug|Any CPU.Build.0 = Debug|Any CPU
		{8568383E-054D-4882-8D6A-B956684CFAAE}.Release|Any CPU.ActiveCfg = Release|Any CPU
		{8568383E-054D-4882-8D6A-B956684CFAAE}.Release|Any CPU.Build.0 = Release|Any CPU
		{60555245-D32E-4A94-AB0E-CB2A6693A9BA}.Debug|Any CPU.ActiveCfg = Debug|Any CPU
		{60555245-D32E-4A94-AB0E-CB2A6693A9BA}.Debug|Any CPU.Build.0 = Debug|Any CPU
		{60555245-D32E-4A94-AB0E-CB2A6693A9BA}.Release|Any CPU.ActiveCfg = Release|Any CPU
		{60555245-D32E-4A94-AB0E-CB2A6693A9BA}.Release|Any CPU.Build.0 = Release|Any CPU
		{F9C446F4-6365-4189-95C5-009EF0160882}.Debug|Any CPU.ActiveCfg = Debug|Any CPU
		{F9C446F4-6365-4189-95C5-009EF0160882}.Debug|Any CPU.Build.0 = Debug|Any CPU
		{F9C446F4-6365-4189-95C5-009EF0160882}.Release|Any CPU.ActiveCfg = Release|Any CPU
		{F9C446F4-6365-4189-95C5-009EF0160882}.Release|Any CPU.Build.0 = Release|Any CPU
		{55108499-FAC2-4F19-B88E-9E240CCCBD60}.Debug|Any CPU.ActiveCfg = Debug|Any CPU
		{55108499-FAC2-4F19-B88E-9E240CCCBD60}.Debug|Any CPU.Build.0 = Debug|Any CPU
		{55108499-FAC2-4F19-B88E-9E240CCCBD60}.Release|Any CPU.ActiveCfg = Release|Any CPU
		{55108499-FAC2-4F19-B88E-9E240CCCBD60}.Release|Any CPU.Build.0 = Release|Any CPU
		{D689CD99-A022-4F38-8AE1-A269C82A729C}.Debug|Any CPU.ActiveCfg = Debug|Any CPU
		{D689CD99-A022-4F38-8AE1-A269C82A729C}.Debug|Any CPU.Build.0 = Debug|Any CPU
		{D689CD99-A022-4F38-8AE1-A269C82A729C}.Release|Any CPU.ActiveCfg = Release|Any CPU
		{D689CD99-A022-4F38-8AE1-A269C82A729C}.Release|Any CPU.Build.0 = Release|Any CPU
		{E73BAF77-EAF6-41F0-BF6A-FF6F5BC71062}.Debug|Any CPU.ActiveCfg = Debug|Any CPU
		{E73BAF77-EAF6-41F0-BF6A-FF6F5BC71062}.Debug|Any CPU.Build.0 = Debug|Any CPU
		{E73BAF77-EAF6-41F0-BF6A-FF6F5BC71062}.Release|Any CPU.ActiveCfg = Release|Any CPU
		{E73BAF77-EAF6-41F0-BF6A-FF6F5BC71062}.Release|Any CPU.Build.0 = Release|Any CPU
		{E768F2ED-C63D-401E-A090-1C0465A84DF5}.Debug|Any CPU.ActiveCfg = Debug|Any CPU
		{E768F2ED-C63D-401E-A090-1C0465A84DF5}.Debug|Any CPU.Build.0 = Debug|Any CPU
		{E768F2ED-C63D-401E-A090-1C0465A84DF5}.Release|Any CPU.ActiveCfg = Release|Any CPU
		{E768F2ED-C63D-401E-A090-1C0465A84DF5}.Release|Any CPU.Build.0 = Release|Any CPU
		{D6077813-9EAF-4807-B4AA-EF00BCCE9827}.Debug|Any CPU.ActiveCfg = Debug|Any CPU
		{D6077813-9EAF-4807-B4AA-EF00BCCE9827}.Debug|Any CPU.Build.0 = Debug|Any CPU
		{D6077813-9EAF-4807-B4AA-EF00BCCE9827}.Release|Any CPU.ActiveCfg = Release|Any CPU
		{D6077813-9EAF-4807-B4AA-EF00BCCE9827}.Release|Any CPU.Build.0 = Release|Any CPU
		{77F5A48D-E908-4A95-A09E-771E8BE8817B}.Debug|Any CPU.ActiveCfg = Debug|Any CPU
		{77F5A48D-E908-4A95-A09E-771E8BE8817B}.Debug|Any CPU.Build.0 = Debug|Any CPU
		{77F5A48D-E908-4A95-A09E-771E8BE8817B}.Release|Any CPU.ActiveCfg = Release|Any CPU
		{77F5A48D-E908-4A95-A09E-771E8BE8817B}.Release|Any CPU.Build.0 = Release|Any CPU
		{0ECC8284-505B-43CC-9DF9-AC5D5EEF786A}.Debug|Any CPU.ActiveCfg = Debug|Any CPU
		{0ECC8284-505B-43CC-9DF9-AC5D5EEF786A}.Debug|Any CPU.Build.0 = Debug|Any CPU
		{0ECC8284-505B-43CC-9DF9-AC5D5EEF786A}.Release|Any CPU.ActiveCfg = Release|Any CPU
		{0ECC8284-505B-43CC-9DF9-AC5D5EEF786A}.Release|Any CPU.Build.0 = Release|Any CPU
		{08D4C722-AD44-4BA4-BFF6-D5F00B2BE561}.Debug|Any CPU.ActiveCfg = Debug|Any CPU
		{08D4C722-AD44-4BA4-BFF6-D5F00B2BE561}.Debug|Any CPU.Build.0 = Debug|Any CPU
		{08D4C722-AD44-4BA4-BFF6-D5F00B2BE561}.Release|Any CPU.ActiveCfg = Release|Any CPU
		{08D4C722-AD44-4BA4-BFF6-D5F00B2BE561}.Release|Any CPU.Build.0 = Release|Any CPU
		{BBECB408-5426-4CE7-B7B6-970BDE436486}.Debug|Any CPU.ActiveCfg = Debug|Any CPU
		{BBECB408-5426-4CE7-B7B6-970BDE436486}.Debug|Any CPU.Build.0 = Debug|Any CPU
		{BBECB408-5426-4CE7-B7B6-970BDE436486}.Release|Any CPU.ActiveCfg = Release|Any CPU
		{BBECB408-5426-4CE7-B7B6-970BDE436486}.Release|Any CPU.Build.0 = Release|Any CPU
		{DA845EDE-FADC-455C-AEF7-D1844B258784}.Debug|Any CPU.ActiveCfg = Debug|Any CPU
		{DA845EDE-FADC-455C-AEF7-D1844B258784}.Debug|Any CPU.Build.0 = Debug|Any CPU
		{DA845EDE-FADC-455C-AEF7-D1844B258784}.Release|Any CPU.ActiveCfg = Release|Any CPU
		{DA845EDE-FADC-455C-AEF7-D1844B258784}.Release|Any CPU.Build.0 = Release|Any CPU
		{6D3326B2-794C-48FD-B351-483D721BD0F9}.Debug|Any CPU.ActiveCfg = Debug|Any CPU
		{6D3326B2-794C-48FD-B351-483D721BD0F9}.Debug|Any CPU.Build.0 = Debug|Any CPU
		{6D3326B2-794C-48FD-B351-483D721BD0F9}.Release|Any CPU.ActiveCfg = Release|Any CPU
		{6D3326B2-794C-48FD-B351-483D721BD0F9}.Release|Any CPU.Build.0 = Release|Any CPU
		{2E4BAA13-7562-4336-91A4-B8211816D936}.Debug|Any CPU.ActiveCfg = Debug|Any CPU
		{2E4BAA13-7562-4336-91A4-B8211816D936}.Debug|Any CPU.Build.0 = Debug|Any CPU
		{2E4BAA13-7562-4336-91A4-B8211816D936}.Release|Any CPU.ActiveCfg = Release|Any CPU
		{2E4BAA13-7562-4336-91A4-B8211816D936}.Release|Any CPU.Build.0 = Release|Any CPU
		{53FDF483-4A15-4069-8B21-E553D58BA742}.Debug|Any CPU.ActiveCfg = Debug|Any CPU
		{53FDF483-4A15-4069-8B21-E553D58BA742}.Debug|Any CPU.Build.0 = Debug|Any CPU
		{53FDF483-4A15-4069-8B21-E553D58BA742}.Release|Any CPU.ActiveCfg = Release|Any CPU
		{53FDF483-4A15-4069-8B21-E553D58BA742}.Release|Any CPU.Build.0 = Release|Any CPU
		{F4C854C1-3154-4E73-85B0-2C9FCBC9AD17}.Debug|Any CPU.ActiveCfg = Debug|Any CPU
		{F4C854C1-3154-4E73-85B0-2C9FCBC9AD17}.Debug|Any CPU.Build.0 = Debug|Any CPU
		{F4C854C1-3154-4E73-85B0-2C9FCBC9AD17}.Release|Any CPU.ActiveCfg = Release|Any CPU
		{F4C854C1-3154-4E73-85B0-2C9FCBC9AD17}.Release|Any CPU.Build.0 = Release|Any CPU
		{F6696F23-9DCC-4D9A-9418-E7D1FED7EABD}.Debug|Any CPU.ActiveCfg = Debug|Any CPU
		{F6696F23-9DCC-4D9A-9418-E7D1FED7EABD}.Debug|Any CPU.Build.0 = Debug|Any CPU
		{F6696F23-9DCC-4D9A-9418-E7D1FED7EABD}.Release|Any CPU.ActiveCfg = Release|Any CPU
		{F6696F23-9DCC-4D9A-9418-E7D1FED7EABD}.Release|Any CPU.Build.0 = Release|Any CPU
		{6487301A-6889-412C-92EC-899AAD61A9A5}.Debug|Any CPU.ActiveCfg = Debug|Any CPU
		{6487301A-6889-412C-92EC-899AAD61A9A5}.Debug|Any CPU.Build.0 = Debug|Any CPU
		{6487301A-6889-412C-92EC-899AAD61A9A5}.Release|Any CPU.ActiveCfg = Release|Any CPU
		{6487301A-6889-412C-92EC-899AAD61A9A5}.Release|Any CPU.Build.0 = Release|Any CPU
		{E8405B39-EDAD-40C7-BF32-79553A130E34}.Debug|Any CPU.ActiveCfg = Debug|Any CPU
		{E8405B39-EDAD-40C7-BF32-79553A130E34}.Debug|Any CPU.Build.0 = Debug|Any CPU
		{E8405B39-EDAD-40C7-BF32-79553A130E34}.Release|Any CPU.ActiveCfg = Release|Any CPU
		{E8405B39-EDAD-40C7-BF32-79553A130E34}.Release|Any CPU.Build.0 = Release|Any CPU
		{6D85A506-EEE3-4C6D-9316-AB3A10CBE76F}.Debug|Any CPU.ActiveCfg = Debug|Any CPU
		{6D85A506-EEE3-4C6D-9316-AB3A10CBE76F}.Debug|Any CPU.Build.0 = Debug|Any CPU
		{6D85A506-EEE3-4C6D-9316-AB3A10CBE76F}.Release|Any CPU.ActiveCfg = Release|Any CPU
		{6D85A506-EEE3-4C6D-9316-AB3A10CBE76F}.Release|Any CPU.Build.0 = Release|Any CPU
		{D7277BF7-35E8-47C7-8E4A-448E2224F559}.Debug|Any CPU.ActiveCfg = Debug|Any CPU
		{D7277BF7-35E8-47C7-8E4A-448E2224F559}.Debug|Any CPU.Build.0 = Debug|Any CPU
		{D7277BF7-35E8-47C7-8E4A-448E2224F559}.Release|Any CPU.ActiveCfg = Release|Any CPU
		{D7277BF7-35E8-47C7-8E4A-448E2224F559}.Release|Any CPU.Build.0 = Release|Any CPU
		{77F7D0C8-DEE4-4CA6-ABAD-B7602C55BDB5}.Debug|Any CPU.ActiveCfg = Debug|Any CPU
		{77F7D0C8-DEE4-4CA6-ABAD-B7602C55BDB5}.Debug|Any CPU.Build.0 = Debug|Any CPU
		{77F7D0C8-DEE4-4CA6-ABAD-B7602C55BDB5}.Release|Any CPU.ActiveCfg = Release|Any CPU
		{77F7D0C8-DEE4-4CA6-ABAD-B7602C55BDB5}.Release|Any CPU.Build.0 = Release|Any CPU
		{BD772F21-D4E2-4577-9AF3-FBE59BB72C03}.Debug|Any CPU.ActiveCfg = Debug|Any CPU
		{BD772F21-D4E2-4577-9AF3-FBE59BB72C03}.Debug|Any CPU.Build.0 = Debug|Any CPU
		{BD772F21-D4E2-4577-9AF3-FBE59BB72C03}.Release|Any CPU.ActiveCfg = Release|Any CPU
		{BD772F21-D4E2-4577-9AF3-FBE59BB72C03}.Release|Any CPU.Build.0 = Release|Any CPU
		{972C43C8-8BF9-41FA-BA3C-299AC44A6938}.Debug|Any CPU.ActiveCfg = Debug|Any CPU
		{972C43C8-8BF9-41FA-BA3C-299AC44A6938}.Debug|Any CPU.Build.0 = Debug|Any CPU
		{972C43C8-8BF9-41FA-BA3C-299AC44A6938}.Release|Any CPU.ActiveCfg = Release|Any CPU
		{972C43C8-8BF9-41FA-BA3C-299AC44A6938}.Release|Any CPU.Build.0 = Release|Any CPU
		{39FD3420-6140-4A24-82D3-2E9FB14B096E}.Debug|Any CPU.ActiveCfg = Debug|Any CPU
		{39FD3420-6140-4A24-82D3-2E9FB14B096E}.Debug|Any CPU.Build.0 = Debug|Any CPU
		{39FD3420-6140-4A24-82D3-2E9FB14B096E}.Release|Any CPU.ActiveCfg = Release|Any CPU
		{39FD3420-6140-4A24-82D3-2E9FB14B096E}.Release|Any CPU.Build.0 = Release|Any CPU
		{0EF35DCE-594A-4EF2-8B82-52D97E4C3016}.Debug|Any CPU.ActiveCfg = Debug|Any CPU
		{0EF35DCE-594A-4EF2-8B82-52D97E4C3016}.Debug|Any CPU.Build.0 = Debug|Any CPU
		{0EF35DCE-594A-4EF2-8B82-52D97E4C3016}.Release|Any CPU.ActiveCfg = Release|Any CPU
		{0EF35DCE-594A-4EF2-8B82-52D97E4C3016}.Release|Any CPU.Build.0 = Release|Any CPU
		{8715E92C-ACA6-4B39-8A31-69CFB8357224}.Debug|Any CPU.ActiveCfg = Debug|Any CPU
		{8715E92C-ACA6-4B39-8A31-69CFB8357224}.Debug|Any CPU.Build.0 = Debug|Any CPU
		{8715E92C-ACA6-4B39-8A31-69CFB8357224}.Release|Any CPU.ActiveCfg = Release|Any CPU
		{8715E92C-ACA6-4B39-8A31-69CFB8357224}.Release|Any CPU.Build.0 = Release|Any CPU
		{172CF0A8-7CF4-4E61-A6CE-6743273F6952}.Debug|Any CPU.ActiveCfg = Debug|Any CPU
		{172CF0A8-7CF4-4E61-A6CE-6743273F6952}.Debug|Any CPU.Build.0 = Debug|Any CPU
		{172CF0A8-7CF4-4E61-A6CE-6743273F6952}.Release|Any CPU.ActiveCfg = Release|Any CPU
		{172CF0A8-7CF4-4E61-A6CE-6743273F6952}.Release|Any CPU.Build.0 = Release|Any CPU
		{296F367F-4620-429B-9A51-E17675912BCB}.Debug|Any CPU.ActiveCfg = Debug|Any CPU
		{296F367F-4620-429B-9A51-E17675912BCB}.Debug|Any CPU.Build.0 = Debug|Any CPU
		{296F367F-4620-429B-9A51-E17675912BCB}.Release|Any CPU.ActiveCfg = Release|Any CPU
		{296F367F-4620-429B-9A51-E17675912BCB}.Release|Any CPU.Build.0 = Release|Any CPU
		{992EB691-DFE9-4B45-88F7-12D59A79FD03}.Debug|Any CPU.ActiveCfg = Debug|Any CPU
		{992EB691-DFE9-4B45-88F7-12D59A79FD03}.Debug|Any CPU.Build.0 = Debug|Any CPU
		{992EB691-DFE9-4B45-88F7-12D59A79FD03}.Release|Any CPU.ActiveCfg = Release|Any CPU
		{992EB691-DFE9-4B45-88F7-12D59A79FD03}.Release|Any CPU.Build.0 = Release|Any CPU
		{E30BF689-6836-4464-8221-F0FEF41C09A9}.Debug|Any CPU.ActiveCfg = Debug|Any CPU
		{E30BF689-6836-4464-8221-F0FEF41C09A9}.Debug|Any CPU.Build.0 = Debug|Any CPU
		{E30BF689-6836-4464-8221-F0FEF41C09A9}.Release|Any CPU.ActiveCfg = Release|Any CPU
		{E30BF689-6836-4464-8221-F0FEF41C09A9}.Release|Any CPU.Build.0 = Release|Any CPU
		{D1DC4BBD-4550-4C53-88E7-2ABA7C396F80}.Debug|Any CPU.ActiveCfg = Debug|Any CPU
		{D1DC4BBD-4550-4C53-88E7-2ABA7C396F80}.Debug|Any CPU.Build.0 = Debug|Any CPU
		{D1DC4BBD-4550-4C53-88E7-2ABA7C396F80}.Release|Any CPU.ActiveCfg = Release|Any CPU
		{D1DC4BBD-4550-4C53-88E7-2ABA7C396F80}.Release|Any CPU.Build.0 = Release|Any CPU
		{574CB94B-00EA-45A4-A70E-6DC4102911DB}.Debug|Any CPU.ActiveCfg = Debug|Any CPU
		{574CB94B-00EA-45A4-A70E-6DC4102911DB}.Debug|Any CPU.Build.0 = Debug|Any CPU
		{574CB94B-00EA-45A4-A70E-6DC4102911DB}.Release|Any CPU.ActiveCfg = Release|Any CPU
		{574CB94B-00EA-45A4-A70E-6DC4102911DB}.Release|Any CPU.Build.0 = Release|Any CPU
		{CED0B4BB-4FDA-4699-8560-A7F492EAD8B0}.Debug|Any CPU.ActiveCfg = Debug|Any CPU
		{CED0B4BB-4FDA-4699-8560-A7F492EAD8B0}.Debug|Any CPU.Build.0 = Debug|Any CPU
		{CED0B4BB-4FDA-4699-8560-A7F492EAD8B0}.Release|Any CPU.ActiveCfg = Release|Any CPU
		{CED0B4BB-4FDA-4699-8560-A7F492EAD8B0}.Release|Any CPU.Build.0 = Release|Any CPU
		{786E7311-AC37-40D0-B34F-813D6E988EBF}.Debug|Any CPU.ActiveCfg = Debug|Any CPU
		{786E7311-AC37-40D0-B34F-813D6E988EBF}.Debug|Any CPU.Build.0 = Debug|Any CPU
		{786E7311-AC37-40D0-B34F-813D6E988EBF}.Release|Any CPU.ActiveCfg = Release|Any CPU
		{786E7311-AC37-40D0-B34F-813D6E988EBF}.Release|Any CPU.Build.0 = Release|Any CPU
		{D99587A0-3EA3-43E3-A2C0-63C35CA85EB5}.Debug|Any CPU.ActiveCfg = Debug|Any CPU
		{D99587A0-3EA3-43E3-A2C0-63C35CA85EB5}.Debug|Any CPU.Build.0 = Debug|Any CPU
		{D99587A0-3EA3-43E3-A2C0-63C35CA85EB5}.Release|Any CPU.ActiveCfg = Release|Any CPU
		{D99587A0-3EA3-43E3-A2C0-63C35CA85EB5}.Release|Any CPU.Build.0 = Release|Any CPU
		{DD31F3D8-18BA-4085-BF04-FED2DAFEB1AA}.Debug|Any CPU.ActiveCfg = Debug|Any CPU
		{DD31F3D8-18BA-4085-BF04-FED2DAFEB1AA}.Debug|Any CPU.Build.0 = Debug|Any CPU
		{DD31F3D8-18BA-4085-BF04-FED2DAFEB1AA}.Release|Any CPU.ActiveCfg = Release|Any CPU
		{DD31F3D8-18BA-4085-BF04-FED2DAFEB1AA}.Release|Any CPU.Build.0 = Release|Any CPU
		{297AF6BE-0709-436F-A2E4-508481B2705B}.Debug|Any CPU.ActiveCfg = Debug|Any CPU
		{297AF6BE-0709-436F-A2E4-508481B2705B}.Debug|Any CPU.Build.0 = Debug|Any CPU
		{297AF6BE-0709-436F-A2E4-508481B2705B}.Release|Any CPU.ActiveCfg = Release|Any CPU
		{297AF6BE-0709-436F-A2E4-508481B2705B}.Release|Any CPU.Build.0 = Release|Any CPU
		{F5D02C98-BBD7-4EEE-8ED4-5F7462BE6826}.Debug|Any CPU.ActiveCfg = Debug|Any CPU
		{F5D02C98-BBD7-4EEE-8ED4-5F7462BE6826}.Debug|Any CPU.Build.0 = Debug|Any CPU
		{F5D02C98-BBD7-4EEE-8ED4-5F7462BE6826}.Release|Any CPU.ActiveCfg = Release|Any CPU
		{F5D02C98-BBD7-4EEE-8ED4-5F7462BE6826}.Release|Any CPU.Build.0 = Release|Any CPU
		{0AB25F60-3243-4478-83BE-F9B32D5EDFBA}.Debug|Any CPU.ActiveCfg = Debug|Any CPU
		{0AB25F60-3243-4478-83BE-F9B32D5EDFBA}.Debug|Any CPU.Build.0 = Debug|Any CPU
		{0AB25F60-3243-4478-83BE-F9B32D5EDFBA}.Release|Any CPU.ActiveCfg = Release|Any CPU
		{0AB25F60-3243-4478-83BE-F9B32D5EDFBA}.Release|Any CPU.Build.0 = Release|Any CPU
		{D2B2F798-28FC-4515-966F-B92C3D11D3F2}.Debug|Any CPU.ActiveCfg = Debug|Any CPU
		{D2B2F798-28FC-4515-966F-B92C3D11D3F2}.Debug|Any CPU.Build.0 = Debug|Any CPU
		{D2B2F798-28FC-4515-966F-B92C3D11D3F2}.Release|Any CPU.ActiveCfg = Release|Any CPU
		{D2B2F798-28FC-4515-966F-B92C3D11D3F2}.Release|Any CPU.Build.0 = Release|Any CPU
		{8621895E-0AD9-44D4-B397-0938661E7B77}.Debug|Any CPU.ActiveCfg = Debug|Any CPU
		{8621895E-0AD9-44D4-B397-0938661E7B77}.Debug|Any CPU.Build.0 = Debug|Any CPU
		{8621895E-0AD9-44D4-B397-0938661E7B77}.Release|Any CPU.ActiveCfg = Release|Any CPU
		{8621895E-0AD9-44D4-B397-0938661E7B77}.Release|Any CPU.Build.0 = Release|Any CPU
		{13D81F1F-E9FC-4E14-AC41-34DC5532FB0D}.Debug|Any CPU.ActiveCfg = Debug|Any CPU
		{13D81F1F-E9FC-4E14-AC41-34DC5532FB0D}.Debug|Any CPU.Build.0 = Debug|Any CPU
		{13D81F1F-E9FC-4E14-AC41-34DC5532FB0D}.Release|Any CPU.ActiveCfg = Release|Any CPU
		{13D81F1F-E9FC-4E14-AC41-34DC5532FB0D}.Release|Any CPU.Build.0 = Release|Any CPU
		{EC9F232D-A6D0-48D7-892A-3D670D2BF83B}.Debug|Any CPU.ActiveCfg = Debug|Any CPU
		{EC9F232D-A6D0-48D7-892A-3D670D2BF83B}.Debug|Any CPU.Build.0 = Debug|Any CPU
		{EC9F232D-A6D0-48D7-892A-3D670D2BF83B}.Release|Any CPU.ActiveCfg = Release|Any CPU
		{EC9F232D-A6D0-48D7-892A-3D670D2BF83B}.Release|Any CPU.Build.0 = Release|Any CPU
	EndGlobalSection
	GlobalSection(SolutionProperties) = preSolution
		HideSolutionNode = FALSE
	EndGlobalSection
	GlobalSection(NestedProjects) = preSolution
		{36B9838B-493F-4BAC-A8D3-35298C4FFDC7} = {35546D4A-5170-40A8-955E-897CDE119628}
		{081814DA-ADC7-4B65-AE16-856C1B3D3CE8} = {96217F41-39D9-4FCF-AACF-7EAEB4E4479C}
		{580E882D-3267-43F2-8A73-6737CAC731C2} = {96217F41-39D9-4FCF-AACF-7EAEB4E4479C}
		{8568383E-054D-4882-8D6A-B956684CFAAE} = {96217F41-39D9-4FCF-AACF-7EAEB4E4479C}
		{60555245-D32E-4A94-AB0E-CB2A6693A9BA} = {B57E94D7-E04C-4F3E-8D3C-A530513EF584}
		{F9C446F4-6365-4189-95C5-009EF0160882} = {B8C8CCF8-D608-41B8-AD61-3D3FA2A4A30D}
		{55108499-FAC2-4F19-B88E-9E240CCCBD60} = {B57E94D7-E04C-4F3E-8D3C-A530513EF584}
		{D689CD99-A022-4F38-8AE1-A269C82A729C} = {80960867-5CB9-4F9F-B874-D1BD0A9BCA7C}
		{E73BAF77-EAF6-41F0-BF6A-FF6F5BC71062} = {B8C8CCF8-D608-41B8-AD61-3D3FA2A4A30D}
		{E768F2ED-C63D-401E-A090-1C0465A84DF5} = {96217F41-39D9-4FCF-AACF-7EAEB4E4479C}
		{D6077813-9EAF-4807-B4AA-EF00BCCE9827} = {B57E94D7-E04C-4F3E-8D3C-A530513EF584}
		{77F5A48D-E908-4A95-A09E-771E8BE8817B} = {96217F41-39D9-4FCF-AACF-7EAEB4E4479C}
		{0ECC8284-505B-43CC-9DF9-AC5D5EEF786A} = {80960867-5CB9-4F9F-B874-D1BD0A9BCA7C}
		{08D4C722-AD44-4BA4-BFF6-D5F00B2BE561} = {35546D4A-5170-40A8-955E-897CDE119628}
		{BBECB408-5426-4CE7-B7B6-970BDE436486} = {96217F41-39D9-4FCF-AACF-7EAEB4E4479C}
		{DA845EDE-FADC-455C-AEF7-D1844B258784} = {C6E28B0C-168B-418E-883D-EECECC6DA4AC}
		{6D3326B2-794C-48FD-B351-483D721BD0F9} = {C6E28B0C-168B-418E-883D-EECECC6DA4AC}
		{2E4BAA13-7562-4336-91A4-B8211816D936} = {96217F41-39D9-4FCF-AACF-7EAEB4E4479C}
		{53FDF483-4A15-4069-8B21-E553D58BA742} = {35546D4A-5170-40A8-955E-897CDE119628}
		{F4C854C1-3154-4E73-85B0-2C9FCBC9AD17} = {CE4764E5-B709-4A36-8C43-7AEC66062611}
		{F6696F23-9DCC-4D9A-9418-E7D1FED7EABD} = {CE4764E5-B709-4A36-8C43-7AEC66062611}
		{6487301A-6889-412C-92EC-899AAD61A9A5} = {CE4764E5-B709-4A36-8C43-7AEC66062611}
		{E8405B39-EDAD-40C7-BF32-79553A130E34} = {B57E94D7-E04C-4F3E-8D3C-A530513EF584}
		{6D85A506-EEE3-4C6D-9316-AB3A10CBE76F} = {B57E94D7-E04C-4F3E-8D3C-A530513EF584}
		{D7277BF7-35E8-47C7-8E4A-448E2224F559} = {35546D4A-5170-40A8-955E-897CDE119628}
		{77F7D0C8-DEE4-4CA6-ABAD-B7602C55BDB5} = {80960867-5CB9-4F9F-B874-D1BD0A9BCA7C}
		{BD772F21-D4E2-4577-9AF3-FBE59BB72C03} = {80960867-5CB9-4F9F-B874-D1BD0A9BCA7C}
		{972C43C8-8BF9-41FA-BA3C-299AC44A6938} = {80960867-5CB9-4F9F-B874-D1BD0A9BCA7C}
		{39FD3420-6140-4A24-82D3-2E9FB14B096E} = {53BB936A-6E17-4F57-846B-661C629D2A47}
		{0EF35DCE-594A-4EF2-8B82-52D97E4C3016} = {53BB936A-6E17-4F57-846B-661C629D2A47}
		{8715E92C-ACA6-4B39-8A31-69CFB8357224} = {53BB936A-6E17-4F57-846B-661C629D2A47}
		{172CF0A8-7CF4-4E61-A6CE-6743273F6952} = {96217F41-39D9-4FCF-AACF-7EAEB4E4479C}
		{296F367F-4620-429B-9A51-E17675912BCB} = {B8C8CCF8-D608-41B8-AD61-3D3FA2A4A30D}
		{992EB691-DFE9-4B45-88F7-12D59A79FD03} = {96217F41-39D9-4FCF-AACF-7EAEB4E4479C}
		{E30BF689-6836-4464-8221-F0FEF41C09A9} = {96217F41-39D9-4FCF-AACF-7EAEB4E4479C}
		{D1DC4BBD-4550-4C53-88E7-2ABA7C396F80} = {96217F41-39D9-4FCF-AACF-7EAEB4E4479C}
		{0E1AA4F8-C6E5-4372-BE9C-01C49A661EEE} = {96217F41-39D9-4FCF-AACF-7EAEB4E4479C}
		{574CB94B-00EA-45A4-A70E-6DC4102911DB} = {96217F41-39D9-4FCF-AACF-7EAEB4E4479C}
		{CED0B4BB-4FDA-4699-8560-A7F492EAD8B0} = {96217F41-39D9-4FCF-AACF-7EAEB4E4479C}
		{786E7311-AC37-40D0-B34F-813D6E988EBF} = {96217F41-39D9-4FCF-AACF-7EAEB4E4479C}
		{D99587A0-3EA3-43E3-A2C0-63C35CA85EB5} = {96217F41-39D9-4FCF-AACF-7EAEB4E4479C}
		{DD31F3D8-18BA-4085-BF04-FED2DAFEB1AA} = {96217F41-39D9-4FCF-AACF-7EAEB4E4479C}
		{297AF6BE-0709-436F-A2E4-508481B2705B} = {96217F41-39D9-4FCF-AACF-7EAEB4E4479C}
		{F5D02C98-BBD7-4EEE-8ED4-5F7462BE6826} = {B57E94D7-E04C-4F3E-8D3C-A530513EF584}
		{0AB25F60-3243-4478-83BE-F9B32D5EDFBA} = {53BB936A-6E17-4F57-846B-661C629D2A47}
		{D2B2F798-28FC-4515-966F-B92C3D11D3F2} = {C6E28B0C-168B-418E-883D-EECECC6DA4AC}
		{8621895E-0AD9-44D4-B397-0938661E7B77} = {96217F41-39D9-4FCF-AACF-7EAEB4E4479C}
		{13D81F1F-E9FC-4E14-AC41-34DC5532FB0D} = {96217F41-39D9-4FCF-AACF-7EAEB4E4479C}
		{EC9F232D-A6D0-48D7-892A-3D670D2BF83B} = {96217F41-39D9-4FCF-AACF-7EAEB4E4479C}
	EndGlobalSection
	GlobalSection(ExtensibilityGlobals) = postSolution
		SolutionGuid = {149E2CA7-C574-4FFF-8699-9678D9AFC1FA}
	EndGlobalSection
EndGlobal
