<?xml version="1.0" encoding="utf-8"?>
<Project ToolsVersion="14.0" xmlns="http://schemas.microsoft.com/developer/msbuild/2003">
  <ItemGroup>
    <Filter Include="Source Files">
      <UniqueIdentifier>{4FC737F1-C7A5-4376-A066-2A32D752A2FF}</UniqueIdentifier>
      <Extensions>cpp;c;cc;cxx;def;odl;idl;hpj;bat;asm;asmx</Extensions>
    </Filter>
    <Filter Include="ProxxonMF70">
      <UniqueIdentifier>{8bd08f54-b62d-4a9c-b0bd-4d7a50e5854c}</UniqueIdentifier>
    </Filter>
  </ItemGroup>
  <ItemGroup>
    <ClInclude Include="stdafx.h">
      <Filter>Source Files</Filter>
    </ClInclude>
    <ClInclude Include="targetver.h">
      <Filter>Source Files</Filter>
    </ClInclude>
    <ClInclude Include="..\..\..\Sketch\ProxxonMF70\MyControl.h">
      <Filter>ProxxonMF70</Filter>
    </ClInclude>
    <ClInclude Include="..\..\..\Sketch\ProxxonMF70\MyLCD.h">
      <Filter>ProxxonMF70</Filter>
    </ClInclude>
    <ClInclude Include="..\..\..\Sketch\ProxxonMF70\Configuration_ProxxonMF70.h">
      <Filter>ProxxonMF70</Filter>
    </ClInclude>
    <ClInclude Include="..\..\..\Sketch\ProxxonMF70\MyMenu.h">
      <Filter>ProxxonMF70</Filter>
    </ClInclude>
  </ItemGroup>
  <ItemGroup>
    <ClCompile Include="stdafx.cpp">
      <Filter>Source Files</Filter>
    </ClCompile>
    <ClCompile Include="ProxxonMF70.cpp">
      <Filter>Source Files</Filter>
    </ClCompile>
    <ClCompile Include="..\..\..\Sketch\ProxxonMF70\MyControl.cpp">
      <Filter>ProxxonMF70</Filter>
    </ClCompile>
    <ClCompile Include="..\..\..\Sketch\ProxxonMF70\MyLCD.cpp">
      <Filter>ProxxonMF70</Filter>
    </ClCompile>
    <ClCompile Include="..\..\..\Sketch\ProxxonMF70\MyMenu.cpp">
      <Filter>ProxxonMF70</Filter>
    </ClCompile>
  </ItemGroup>
  <ItemGroup>
    <None Include="..\..\..\Sketch\ProxxonMF70\ProxxonMF70.ino">
      <Filter>ProxxonMF70</Filter>
    </None>
    <None Include="test.nc" />
  </ItemGroup>
</Project>