
Microsoft Visual Studio Solution File, Format Version 12.00
# Visual Studio 2013
VisualStudioVersion = 12.0.21005.1
MinimumVisualStudioVersion = 10.0.40219.1
Project("{FAE04EC0-301F-11D3-BF4B-00C04F79EFBC}") = "Roboter.Logic", "Roboter.Logic\Roboter.Logic.csproj", "{36B9838B-493F-4BAC-A8D3-35298C4FFDC7}"
EndProject
Project("{FAE04EC0-301F-11D3-BF4B-00C04F79EFBC}") = "Framework.Logic", "..\Framework\Framework.Logic\Framework.Logic.csproj", "{081814DA-ADC7-4B65-AE16-856C1B3D3CE8}"
EndProject
Project("{FAE04EC0-301F-11D3-BF4B-00C04F79EFBC}") = "Framework.Tools", "..\Framework\Framework.Tools\Framework.Tools.csproj", "{580E882D-3267-43F2-8A73-6737CAC731C2}"
EndProject
Project("{FAE04EC0-301F-11D3-BF4B-00C04F79EFBC}") = "Framework.Wpf", "..\Framework\Framework.Wpf\Framework.Wpf.csproj", "{8568383E-054D-4882-8D6A-B956684CFAAE}"
EndProject
Project("{FAE04EC0-301F-11D3-BF4B-00C04F79EFBC}") = "Roboter.Wpf", "Roboter.Wpf\Roboter.Wpf.csproj", "{60555245-D32E-4A94-AB0E-CB2A6693A9BA}"
EndProject
Global
	GlobalSection(SolutionConfigurationPlatforms) = preSolution
		Debug|Any CPU = Debug|Any CPU
		Debug|Mixed Platforms = Debug|Mixed Platforms
		Debug|x86 = Debug|x86
		Release|Any CPU = Release|Any CPU
		Release|Mixed Platforms = Release|Mixed Platforms
		Release|x86 = Release|x86
	EndGlobalSection
	GlobalSection(ProjectConfigurationPlatforms) = postSolution
		{36B9838B-493F-4BAC-A8D3-35298C4FFDC7}.Debug|Any CPU.ActiveCfg = Debug|Any CPU
		{36B9838B-493F-4BAC-A8D3-35298C4FFDC7}.Debug|Any CPU.Build.0 = Debug|Any CPU
		{36B9838B-493F-4BAC-A8D3-35298C4FFDC7}.Debug|Mixed Platforms.ActiveCfg = Debug|Any CPU
		{36B9838B-493F-4BAC-A8D3-35298C4FFDC7}.Debug|Mixed Platforms.Build.0 = Debug|Any CPU
		{36B9838B-493F-4BAC-A8D3-35298C4FFDC7}.Debug|x86.ActiveCfg = Debug|Any CPU
		{36B9838B-493F-4BAC-A8D3-35298C4FFDC7}.Release|Any CPU.ActiveCfg = Release|Any CPU
		{36B9838B-493F-4BAC-A8D3-35298C4FFDC7}.Release|Any CPU.Build.0 = Release|Any CPU
		{36B9838B-493F-4BAC-A8D3-35298C4FFDC7}.Release|Mixed Platforms.ActiveCfg = Release|Any CPU
		{36B9838B-493F-4BAC-A8D3-35298C4FFDC7}.Release|Mixed Platforms.Build.0 = Release|Any CPU
		{36B9838B-493F-4BAC-A8D3-35298C4FFDC7}.Release|x86.ActiveCfg = Release|Any CPU
		{081814DA-ADC7-4B65-AE16-856C1B3D3CE8}.Debug|Any CPU.ActiveCfg = Debug|Any CPU
		{081814DA-ADC7-4B65-AE16-856C1B3D3CE8}.Debug|Any CPU.Build.0 = Debug|Any CPU
		{081814DA-ADC7-4B65-AE16-856C1B3D3CE8}.Debug|Mixed Platforms.ActiveCfg = Debug|Any CPU
		{081814DA-ADC7-4B65-AE16-856C1B3D3CE8}.Debug|Mixed Platforms.Build.0 = Debug|Any CPU
		{081814DA-ADC7-4B65-AE16-856C1B3D3CE8}.Debug|x86.ActiveCfg = Debug|Any CPU
		{081814DA-ADC7-4B65-AE16-856C1B3D3CE8}.Release|Any CPU.ActiveCfg = Release|Any CPU
		{081814DA-ADC7-4B65-AE16-856C1B3D3CE8}.Release|Any CPU.Build.0 = Release|Any CPU
		{081814DA-ADC7-4B65-AE16-856C1B3D3CE8}.Release|Mixed Platforms.ActiveCfg = Release|Any CPU
		{081814DA-ADC7-4B65-AE16-856C1B3D3CE8}.Release|Mixed Platforms.Build.0 = Release|Any CPU
		{081814DA-ADC7-4B65-AE16-856C1B3D3CE8}.Release|x86.ActiveCfg = Release|Any CPU
		{580E882D-3267-43F2-8A73-6737CAC731C2}.Debug|Any CPU.ActiveCfg = Debug|Any CPU
		{580E882D-3267-43F2-8A73-6737CAC731C2}.Debug|Any CPU.Build.0 = Debug|Any CPU
		{580E882D-3267-43F2-8A73-6737CAC731C2}.Debug|Mixed Platforms.ActiveCfg = Debug|Any CPU
		{580E882D-3267-43F2-8A73-6737CAC731C2}.Debug|Mixed Platforms.Build.0 = Debug|Any CPU
		{580E882D-3267-43F2-8A73-6737CAC731C2}.Debug|x86.ActiveCfg = Debug|Any CPU
		{580E882D-3267-43F2-8A73-6737CAC731C2}.Release|Any CPU.ActiveCfg = Release|Any CPU
		{580E882D-3267-43F2-8A73-6737CAC731C2}.Release|Any CPU.Build.0 = Release|Any CPU
		{580E882D-3267-43F2-8A73-6737CAC731C2}.Release|Mixed Platforms.ActiveCfg = Release|Any CPU
		{580E882D-3267-43F2-8A73-6737CAC731C2}.Release|Mixed Platforms.Build.0 = Release|Any CPU
		{580E882D-3267-43F2-8A73-6737CAC731C2}.Release|x86.ActiveCfg = Release|Any CPU
		{8568383E-054D-4882-8D6A-B956684CFAAE}.Debug|Any CPU.ActiveCfg = Debug|Any CPU
		{8568383E-054D-4882-8D6A-B956684CFAAE}.Debug|Any CPU.Build.0 = Debug|Any CPU
		{8568383E-054D-4882-8D6A-B956684CFAAE}.Debug|Mixed Platforms.ActiveCfg = Debug|Any CPU
		{8568383E-054D-4882-8D6A-B956684CFAAE}.Debug|Mixed Platforms.Build.0 = Debug|Any CPU
		{8568383E-054D-4882-8D6A-B956684CFAAE}.Debug|x86.ActiveCfg = Debug|Any CPU
		{8568383E-054D-4882-8D6A-B956684CFAAE}.Release|Any CPU.ActiveCfg = Release|Any CPU
		{8568383E-054D-4882-8D6A-B956684CFAAE}.Release|Any CPU.Build.0 = Release|Any CPU
		{8568383E-054D-4882-8D6A-B956684CFAAE}.Release|Mixed Platforms.ActiveCfg = Release|Any CPU
		{8568383E-054D-4882-8D6A-B956684CFAAE}.Release|Mixed Platforms.Build.0 = Release|Any CPU
		{8568383E-054D-4882-8D6A-B956684CFAAE}.Release|x86.ActiveCfg = Release|Any CPU
		{60555245-D32E-4A94-AB0E-CB2A6693A9BA}.Debug|Any CPU.ActiveCfg = Debug|x86
		{60555245-D32E-4A94-AB0E-CB2A6693A9BA}.Debug|Mixed Platforms.ActiveCfg = Debug|x86
		{60555245-D32E-4A94-AB0E-CB2A6693A9BA}.Debug|Mixed Platforms.Build.0 = Debug|x86
		{60555245-D32E-4A94-AB0E-CB2A6693A9BA}.Debug|x86.ActiveCfg = Debug|x86
		{60555245-D32E-4A94-AB0E-CB2A6693A9BA}.Debug|x86.Build.0 = Debug|x86
		{60555245-D32E-4A94-AB0E-CB2A6693A9BA}.Release|Any CPU.ActiveCfg = Release|x86
		{60555245-D32E-4A94-AB0E-CB2A6693A9BA}.Release|Mixed Platforms.ActiveCfg = Release|x86
		{60555245-D32E-4A94-AB0E-CB2A6693A9BA}.Release|Mixed Platforms.Build.0 = Release|x86
		{60555245-D32E-4A94-AB0E-CB2A6693A9BA}.Release|x86.ActiveCfg = Release|x86
		{60555245-D32E-4A94-AB0E-CB2A6693A9BA}.Release|x86.Build.0 = Release|x86
	EndGlobalSection
	GlobalSection(SolutionProperties) = preSolution
		HideSolutionNode = FALSE
	EndGlobalSection
EndGlobal
